2020-08-10T04:26:22.1264499Z ##[section]Starting: Request a runner to run this job
2020-08-10T04:26:22.3924406Z Can't find any online and idle self-hosted runner in current repository that matches the required labels: 'ubuntu-latest'
2020-08-10T04:26:22.3924513Z Can't find any online and idle self-hosted runner in current repository's account/organization that matches the required labels: 'ubuntu-latest'
2020-08-10T04:26:22.3924557Z Found online and idle hosted runner in current repository's account/organization that matches the required labels: 'ubuntu-latest'
2020-08-10T04:26:22.5585318Z ##[section]Finishing: Request a runner to run this job
2020-08-10T04:26:28.7458640Z Current runner version: '2.272.0'
2020-08-10T04:26:28.7484399Z ##[group]Operating System
2020-08-10T04:26:28.7485321Z Ubuntu
2020-08-10T04:26:28.7485888Z 18.04.4
2020-08-10T04:26:28.7486615Z LTS
2020-08-10T04:26:28.7487227Z ##[endgroup]
2020-08-10T04:26:28.7487863Z ##[group]Virtual Environment
2020-08-10T04:26:28.7488515Z Environment: ubuntu-18.04
2020-08-10T04:26:28.7489353Z Version: 20200802.1
2020-08-10T04:26:28.7490304Z Included Software: https://github.com/actions/virtual-environments/blob/ubuntu18/20200802.1/images/linux/Ubuntu1804-README.md
2020-08-10T04:26:28.7491140Z ##[endgroup]
2020-08-10T04:26:28.7492609Z Prepare workflow directory
2020-08-10T04:26:28.7684892Z Prepare all required actions
2020-08-10T04:26:28.7697813Z Download action repository 'actions/checkout@v2'
2020-08-10T04:26:30.8679177Z ##[group]Run actions/checkout@v2
2020-08-10T04:26:30.8679776Z with:
2020-08-10T04:26:30.8680260Z   repository: emvaldes/terraform-awscloud
2020-08-10T04:26:30.8680880Z   token: ***
2020-08-10T04:26:30.8681396Z   ssh-strict: ***
2020-08-10T04:26:30.8681868Z   persist-credentials: ***
2020-08-10T04:26:30.8682339Z   clean: ***
2020-08-10T04:26:30.8682790Z   fetch-depth: 1
2020-08-10T04:26:30.8683238Z   lfs: false
2020-08-10T04:26:30.8683687Z   submodules: false
2020-08-10T04:26:30.8684131Z env:
2020-08-10T04:26:30.8684603Z   terraform_deploy: ***
2020-08-10T04:26:30.8685067Z   terraform_destroy: ***
2020-08-10T04:26:30.8685541Z   terraform_tfstate: ${GITHUB_WORKSPACE}/terraform.tfstate.d
2020-08-10T04:26:30.8686035Z   terraform_planfile: terraform
2020-08-10T04:26:30.8686509Z   inspect_deployment: ***
2020-08-10T04:26:30.8687007Z   AWS_SHARED_CREDENTIALS_FILE: ${GITHUB_WORKSPACE}/access/credentials
2020-08-10T04:26:30.8687526Z   AWS_DEFAULT_PROFILE: ***
2020-08-10T04:26:30.8688020Z   AWS_DEFAULT_REGION: ***
2020-08-10T04:26:30.8688494Z   AWS_ACCESS_KEY_ID: ***
2020-08-10T04:26:30.8688983Z   AWS_SECRET_ACCESS_KEY: ***
2020-08-10T04:26:30.8689437Z ##[endgroup]
2020-08-10T04:26:31.8193253Z Syncing repository: emvaldes/terraform-awscloud
2020-08-10T04:26:31.8197667Z ##[group]Getting Git version info
2020-08-10T04:26:31.8198968Z Working directory is '/home/runner/work/terraform-awscloud/terraform-awscloud'
2020-08-10T04:26:31.8199772Z [command]/usr/bin/git version
2020-08-10T04:26:31.8200359Z git version 2.28.0
2020-08-10T04:26:31.8201409Z ##[endgroup]
2020-08-10T04:26:31.8202788Z Deleting the contents of '/home/runner/work/terraform-awscloud/terraform-awscloud'
2020-08-10T04:26:31.8204267Z ##[group]Initializing the repository
2020-08-10T04:26:31.8205258Z [command]/usr/bin/git init /home/runner/work/terraform-awscloud/terraform-awscloud
2020-08-10T04:26:31.8206334Z Initialized empty Git repository in /home/runner/work/terraform-awscloud/terraform-awscloud/.git/
2020-08-10T04:26:31.8207453Z [command]/usr/bin/git remote add origin https://github.com/emvaldes/terraform-awscloud
2020-08-10T04:26:31.8208278Z ##[endgroup]
2020-08-10T04:26:31.8209027Z ##[group]Disabling automatic garbage collection
2020-08-10T04:26:31.8209952Z [command]/usr/bin/git config --local gc.auto 0
2020-08-10T04:26:31.8210711Z ##[endgroup]
2020-08-10T04:26:31.8212707Z ##[group]Setting up auth
2020-08-10T04:26:31.8213714Z [command]/usr/bin/git config --local --name-only --get-regexp core\.sshCommand
2020-08-10T04:26:31.8214938Z [command]/usr/bin/git submodule foreach --recursive git config --local --name-only --get-regexp 'core\.sshCommand' && git config --local --unset-all 'core.sshCommand' || :
2020-08-10T04:26:31.8216150Z [command]/usr/bin/git config --local --name-only --get-regexp http\.https\:\/\/github\.com\/\.extraheader
2020-08-10T04:26:31.8217563Z [command]/usr/bin/git submodule foreach --recursive git config --local --name-only --get-regexp 'http\.https\:\/\/github\.com\/\.extraheader' && git config --local --unset-all 'http.https://github.com/.extraheader' || :
2020-08-10T04:26:31.8218800Z [command]/usr/bin/git config --local http.https://github.com/.extraheader AUTHORIZATION: basic ***
2020-08-10T04:26:31.8219713Z ##[endgroup]
2020-08-10T04:26:31.8220547Z ##[group]Fetching the repository
2020-08-10T04:26:31.8222022Z [command]/usr/bin/git -c protocol.version=2 fetch --no-tags --prune --progress --no-recurse-submodules --depth=1 origin +c0252cfb532df953fc8c128e52bcffe758498899:refs/remotes/origin/master
2020-08-10T04:26:31.8250418Z remote: Enumerating objects: 70, done.        
2020-08-10T04:26:31.8251157Z remote: Counting objects:   1% (1/70)        
2020-08-10T04:26:31.8251806Z remote: Counting objects:   2% (2/70)        
2020-08-10T04:26:31.8252574Z remote: Counting objects:   4% (3/70)        
2020-08-10T04:26:31.8253140Z remote: Counting objects:   5% (4/70)        
2020-08-10T04:26:31.8253883Z remote: Counting objects:   7% (5/70)        
2020-08-10T04:26:31.8254524Z remote: Counting objects:   8% (6/70)        
2020-08-10T04:26:31.8255319Z remote: Counting objects:  10% (7/70)        
2020-08-10T04:26:31.8256039Z remote: Counting objects:  11% (8/70)        
2020-08-10T04:26:31.8257011Z remote: Counting objects:  12% (9/70)        
2020-08-10T04:26:31.8257892Z remote: Counting objects:  14% (10/70)        
2020-08-10T04:26:31.8258781Z remote: Counting objects:  15% (11/70)        
2020-08-10T04:26:31.8259503Z remote: Counting objects:  17% (12/70)        
2020-08-10T04:26:31.8260233Z remote: Counting objects:  18% (13/70)        
2020-08-10T04:26:31.8261027Z remote: Counting objects:  20% (14/70)        
2020-08-10T04:26:31.8261630Z remote: Counting objects:  21% (15/70)        
2020-08-10T04:26:31.8262236Z remote: Counting objects:  22% (16/70)        
2020-08-10T04:26:31.8262828Z remote: Counting objects:  24% (17/70)        
2020-08-10T04:26:31.8263419Z remote: Counting objects:  25% (18/70)        
2020-08-10T04:26:31.8264020Z remote: Counting objects:  27% (19/70)        
2020-08-10T04:26:31.8264643Z remote: Counting objects:  28% (20/70)        
2020-08-10T04:26:31.8265395Z remote: Counting objects:  30% (21/70)        
2020-08-10T04:26:31.8266103Z remote: Counting objects:  31% (22/70)        
2020-08-10T04:26:31.8266730Z remote: Counting objects:  32% (23/70)        
2020-08-10T04:26:31.8267377Z remote: Counting objects:  34% (24/70)        
2020-08-10T04:26:31.8268008Z remote: Counting objects:  35% (25/70)        
2020-08-10T04:26:31.8268658Z remote: Counting objects:  37% (26/70)        
2020-08-10T04:26:31.8269287Z remote: Counting objects:  38% (27/70)        
2020-08-10T04:26:31.8269915Z remote: Counting objects:  40% (28/70)        
2020-08-10T04:26:31.8270543Z remote: Counting objects:  41% (29/70)        
2020-08-10T04:26:31.8271427Z remote: Counting objects:  42% (30/70)        
2020-08-10T04:26:31.8272106Z remote: Counting objects:  44% (31/70)        
2020-08-10T04:26:31.8282324Z remote: Counting objects:  45% (32/70)        
2020-08-10T04:26:31.8283192Z remote: Counting objects:  47% (33/70)        
2020-08-10T04:26:31.8283982Z remote: Counting objects:  48% (34/70)        
2020-08-10T04:26:31.8284719Z remote: Counting objects:  50% (35/70)        
2020-08-10T04:26:31.8285446Z remote: Counting objects:  51% (36/70)        
2020-08-10T04:26:31.8286313Z remote: Counting objects:  52% (37/70)        
2020-08-10T04:26:31.8287053Z remote: Counting objects:  54% (38/70)        
2020-08-10T04:26:31.8287783Z remote: Counting objects:  55% (39/70)        
2020-08-10T04:26:31.8288497Z remote: Counting objects:  57% (40/70)        
2020-08-10T04:26:31.8289219Z remote: Counting objects:  58% (41/70)        
2020-08-10T04:26:31.8289931Z remote: Counting objects:  60% (42/70)        
2020-08-10T04:26:31.8290647Z remote: Counting objects:  61% (43/70)        
2020-08-10T04:26:31.8291371Z remote: Counting objects:  62% (44/70)        
2020-08-10T04:26:31.8292074Z remote: Counting objects:  64% (45/70)        
2020-08-10T04:26:31.8292793Z remote: Counting objects:  65% (46/70)        
2020-08-10T04:26:31.8293512Z remote: Counting objects:  67% (47/70)        
2020-08-10T04:26:31.8294219Z remote: Counting objects:  68% (48/70)        
2020-08-10T04:26:31.8294948Z remote: Counting objects:  70% (49/70)        
2020-08-10T04:26:31.8295769Z remote: Counting objects:  71% (50/70)        
2020-08-10T04:26:31.8296566Z remote: Counting objects:  72% (51/70)        
2020-08-10T04:26:31.8297200Z remote: Counting objects:  74% (52/70)        
2020-08-10T04:26:31.8297830Z remote: Counting objects:  75% (53/70)        
2020-08-10T04:26:31.8298459Z remote: Counting objects:  77% (54/70)        
2020-08-10T04:26:31.8299101Z remote: Counting objects:  78% (55/70)        
2020-08-10T04:26:31.8299739Z remote: Counting objects:  80% (56/70)        
2020-08-10T04:26:31.8300364Z remote: Counting objects:  81% (57/70)        
2020-08-10T04:26:31.8300998Z remote: Counting objects:  82% (58/70)        
2020-08-10T04:26:31.8301624Z remote: Counting objects:  84% (59/70)        
2020-08-10T04:26:31.8302348Z remote: Counting objects:  85% (60/70)        
2020-08-10T04:26:31.8303370Z remote: Counting objects:  87% (61/70)        
2020-08-10T04:26:31.8354448Z remote: Counting objects:  88% (62/70)        
2020-08-10T04:26:31.8355288Z remote: Counting objects:  90% (63/70)        
2020-08-10T04:26:31.8355984Z remote: Counting objects:  91% (64/70)        
2020-08-10T04:26:31.8356624Z remote: Counting objects:  92% (65/70)        
2020-08-10T04:26:31.8357670Z remote: Counting objects:  94% (66/70)        
2020-08-10T04:26:31.8358396Z remote: Counting objects:  95% (67/70)        
2020-08-10T04:26:31.8359125Z remote: Counting objects:  97% (68/70)        
2020-08-10T04:26:31.8360027Z remote: Counting objects:  98% (69/70)        
2020-08-10T04:26:31.8360750Z remote: Counting objects: 100% (70/70)        
2020-08-10T04:26:31.8361490Z remote: Counting objects: 100% (70/70), done.        
2020-08-10T04:26:31.8362225Z remote: Compressing objects:   1% (1/57)        
2020-08-10T04:26:31.8363140Z remote: Compressing objects:   3% (2/57)        
2020-08-10T04:26:31.8363880Z remote: Compressing objects:   5% (3/57)        
2020-08-10T04:26:31.8364614Z remote: Compressing objects:   7% (4/57)        
2020-08-10T04:26:31.8365346Z remote: Compressing objects:   8% (5/57)        
2020-08-10T04:26:31.8366083Z remote: Compressing objects:  10% (6/57)        
2020-08-10T04:26:31.8366828Z remote: Compressing objects:  12% (7/57)        
2020-08-10T04:26:31.8367550Z remote: Compressing objects:  14% (8/57)        
2020-08-10T04:26:31.8368304Z remote: Compressing objects:  15% (9/57)        
2020-08-10T04:26:31.8368940Z remote: Compressing objects:  17% (10/57)        
2020-08-10T04:26:31.8369573Z remote: Compressing objects:  19% (11/57)        
2020-08-10T04:26:31.8370208Z remote: Compressing objects:  21% (12/57)        
2020-08-10T04:26:31.8370862Z remote: Compressing objects:  22% (13/57)        
2020-08-10T04:26:31.8371496Z remote: Compressing objects:  24% (14/57)        
2020-08-10T04:26:31.8372127Z remote: Compressing objects:  26% (15/57)        
2020-08-10T04:26:31.8372847Z remote: Compressing objects:  28% (16/57)        
2020-08-10T04:26:31.8373409Z remote: Compressing objects:  29% (17/57)        
2020-08-10T04:26:31.8373977Z remote: Compressing objects:  31% (18/57)        
2020-08-10T04:26:31.8374541Z remote: Compressing objects:  33% (19/57)        
2020-08-10T04:26:31.8375094Z remote: Compressing objects:  35% (20/57)        
2020-08-10T04:26:31.8375648Z remote: Compressing objects:  36% (21/57)        
2020-08-10T04:26:31.8376204Z remote: Compressing objects:  38% (22/57)        
2020-08-10T04:26:31.8376766Z remote: Compressing objects:  40% (23/57)        
2020-08-10T04:26:31.8377316Z remote: Compressing objects:  42% (24/57)        
2020-08-10T04:26:31.8377868Z remote: Compressing objects:  43% (25/57)        
2020-08-10T04:26:31.8378415Z remote: Compressing objects:  45% (26/57)        
2020-08-10T04:26:31.8378980Z remote: Compressing objects:  47% (27/57)        
2020-08-10T04:26:31.8379542Z remote: Compressing objects:  49% (28/57)        
2020-08-10T04:26:31.8380100Z remote: Compressing objects:  50% (29/57)        
2020-08-10T04:26:31.8380654Z remote: Compressing objects:  52% (30/57)        
2020-08-10T04:26:31.8381203Z remote: Compressing objects:  54% (31/57)        
2020-08-10T04:26:31.8381920Z remote: Compressing objects:  56% (32/57)        
2020-08-10T04:26:31.8382491Z remote: Compressing objects:  57% (33/57)        
2020-08-10T04:26:31.8383049Z remote: Compressing objects:  59% (34/57)        
2020-08-10T04:26:31.8383608Z remote: Compressing objects:  61% (35/57)        
2020-08-10T04:26:31.8384158Z remote: Compressing objects:  63% (36/57)        
2020-08-10T04:26:31.8384717Z remote: Compressing objects:  64% (37/57)        
2020-08-10T04:26:31.8385273Z remote: Compressing objects:  66% (38/57)        
2020-08-10T04:26:31.8385842Z remote: Compressing objects:  68% (39/57)        
2020-08-10T04:26:31.8386549Z remote: Compressing objects:  70% (40/57)        
2020-08-10T04:26:31.8388950Z remote: Compressing objects:  71% (41/57)        
2020-08-10T04:26:31.8389571Z remote: Compressing objects:  73% (42/57)        
2020-08-10T04:26:31.8390046Z remote: Compressing objects:  75% (43/57)        
2020-08-10T04:26:31.8390513Z remote: Compressing objects:  77% (44/57)        
2020-08-10T04:26:31.8391608Z remote: Compressing objects:  78% (45/57)        
2020-08-10T04:26:31.8392794Z remote: Compressing objects:  80% (46/57)        
2020-08-10T04:26:31.8393472Z remote: Compressing objects:  82% (47/57)        
2020-08-10T04:26:31.8394133Z remote: Compressing objects:  84% (48/57)        
2020-08-10T04:26:31.8395075Z remote: Compressing objects:  85% (49/57)        
2020-08-10T04:26:31.8395864Z remote: Compressing objects:  87% (50/57)        
2020-08-10T04:26:31.8396670Z remote: Compressing objects:  89% (51/57)        
2020-08-10T04:26:31.8397611Z remote: Compressing objects:  91% (52/57)        
2020-08-10T04:26:31.8398394Z remote: Compressing objects:  92% (53/57)        
2020-08-10T04:26:31.8399182Z remote: Compressing objects:  94% (54/57)        
2020-08-10T04:26:31.8399981Z remote: Compressing objects:  96% (55/57)        
2020-08-10T04:26:31.8400767Z remote: Compressing objects:  98% (56/57)        
2020-08-10T04:26:31.8401554Z remote: Compressing objects: 100% (57/57)        
2020-08-10T04:26:31.8402365Z remote: Compressing objects: 100% (57/57), done.        
2020-08-10T04:26:31.8403607Z remote: Total 70 (delta 7), reused 58 (delta 7), pack-reused 0        
2020-08-10T04:26:31.8524863Z From https://github.com/emvaldes/terraform-awscloud
2020-08-10T04:26:31.8525703Z  * [new ref]         c0252cfb532df953fc8c128e52bcffe758498899 -> origin/master
2020-08-10T04:26:31.8542898Z ##[endgroup]
2020-08-10T04:26:31.8543398Z ##[group]Determining the checkout info
2020-08-10T04:26:31.8544814Z ##[endgroup]
2020-08-10T04:26:31.8545278Z ##[group]Checking out the ref
2020-08-10T04:26:31.8549922Z [command]/usr/bin/git checkout --progress --force -B master refs/remotes/origin/master
2020-08-10T04:26:31.8782561Z Reset branch 'master'
2020-08-10T04:26:31.8784950Z Branch 'master' set up to track remote branch 'master' from 'origin'.
2020-08-10T04:26:31.8786054Z ##[endgroup]
2020-08-10T04:26:31.8786989Z [command]/usr/bin/git log -1
2020-08-10T04:26:31.8816476Z commit c0252cfb532df953fc8c128e52bcffe758498899
2020-08-10T04:26:31.8817211Z Author: Eduardo Valdes Jr <1084551+emvaldes@users.noreply.github.com>
2020-08-10T04:26:31.8818274Z Date:   Sun Aug 9 21:25:09 2020 -0700
2020-08-10T04:26:31.8818600Z 
2020-08-10T04:26:31.8819211Z     Update deploy.yml
2020-08-10T04:26:31.8954569Z ##[group]Run ## echo "GitHub Workspace: ${GITHUB_WORKSPACE}";
2020-08-10T04:26:31.8955409Z [36;1m## echo "GitHub Workspace: ${GITHUB_WORKSPACE}";[0m
2020-08-10T04:26:31.8956087Z [36;1mtarget_workspace="dev";[0m
2020-08-10T04:26:31.8956872Z [36;1mif [[ ${#target_workspace} -gt 0 ]]; then[0m
2020-08-10T04:26:31.8957580Z [36;1m        echo "${target_workspace}" > ${GITHUB_WORKSPACE}/workspace;[0m
2020-08-10T04:26:31.8958275Z [36;1m        workspace='event-input';[0m
2020-08-10T04:26:31.8958920Z [36;1m  else  workspace='file-based';[0m
2020-08-10T04:26:31.8959751Z [36;1mfi;[0m
2020-08-10T04:26:31.8960521Z [36;1mecho "Terraform Workspace: ${workspace}! ";[0m
2020-08-10T04:26:31.8999479Z shell: /bin/bash -e {0}
2020-08-10T04:26:31.9000152Z env:
2020-08-10T04:26:31.9000958Z   terraform_deploy: ***
2020-08-10T04:26:31.9001695Z   terraform_destroy: ***
2020-08-10T04:26:31.9002254Z   terraform_tfstate: ${GITHUB_WORKSPACE}/terraform.tfstate.d
2020-08-10T04:26:31.9002892Z   terraform_planfile: terraform
2020-08-10T04:26:31.9003465Z   inspect_deployment: ***
2020-08-10T04:26:31.9004084Z   AWS_SHARED_CREDENTIALS_FILE: ${GITHUB_WORKSPACE}/access/credentials
2020-08-10T04:26:31.9004702Z   AWS_DEFAULT_PROFILE: ***
2020-08-10T04:26:31.9005267Z   AWS_DEFAULT_REGION: ***
2020-08-10T04:26:31.9005823Z   AWS_ACCESS_KEY_ID: ***
2020-08-10T04:26:31.9006408Z   AWS_SECRET_ACCESS_KEY: ***
2020-08-10T04:26:31.9006996Z ##[endgroup]
2020-08-10T04:26:31.9083499Z Terraform Workspace: event-input! 
2020-08-10T04:26:31.9114876Z ##[group]Run aws --version >/dev/null 2>&1 && {
2020-08-10T04:26:31.9115704Z [36;1maws --version >/dev/null 2>&1 && {[0m
2020-08-10T04:26:31.9116508Z [36;1m    echo -e >&2 "AWS CLI is Installed ... Ok! ";[0m
2020-08-10T04:26:31.9117587Z [36;1m    which aws;[0m
2020-08-10T04:26:31.9118318Z [36;1m  } || {[0m
2020-08-10T04:26:31.9119054Z [36;1m    echo -e >&2 "Installing AWS CLI (required): ...";[0m
2020-08-10T04:26:31.9119902Z [36;1m    curl --silent "https://awscli.amazonaws.com/awscli-exe-.zip" -o "awscliv2.zip";[0m
2020-08-10T04:26:31.9120754Z [36;1m    unzip awscliv2.zip 1>/dev/null;[0m
2020-08-10T04:26:31.9121469Z [36;1m    sudo ./aws/install -i /usr/local/aws-cli -b /usr/local/bin;[0m
2020-08-10T04:26:31.9122411Z [36;1m  };[0m
2020-08-10T04:26:31.9151224Z shell: /bin/bash -e {0}
2020-08-10T04:26:31.9151815Z env:
2020-08-10T04:26:31.9152412Z   terraform_deploy: ***
2020-08-10T04:26:31.9152992Z   terraform_destroy: ***
2020-08-10T04:26:31.9153603Z   terraform_tfstate: ${GITHUB_WORKSPACE}/terraform.tfstate.d
2020-08-10T04:26:31.9154179Z   terraform_planfile: terraform
2020-08-10T04:26:31.9154761Z   inspect_deployment: ***
2020-08-10T04:26:31.9155326Z   AWS_SHARED_CREDENTIALS_FILE: ${GITHUB_WORKSPACE}/access/credentials
2020-08-10T04:26:31.9155995Z   AWS_DEFAULT_PROFILE: ***
2020-08-10T04:26:31.9156562Z   AWS_DEFAULT_REGION: ***
2020-08-10T04:26:31.9157373Z   AWS_ACCESS_KEY_ID: ***
2020-08-10T04:26:31.9157964Z   AWS_SECRET_ACCESS_KEY: ***
2020-08-10T04:26:31.9158517Z   awscli_download: awscli.amazonaws.com
2020-08-10T04:26:31.9159158Z   awscli_platform: linux-x86_64
2020-08-10T04:26:31.9159710Z   awscli_package: awscli-exe-.zip
2020-08-10T04:26:31.9160257Z ##[endgroup]
2020-08-10T04:26:36.3338575Z AWS CLI is Installed ... Ok! 
2020-08-10T04:26:36.3347206Z /usr/local/bin/aws
2020-08-10T04:26:36.3412429Z ##[group]Run aws --version;
2020-08-10T04:26:36.3413119Z [36;1maws --version;[0m
2020-08-10T04:26:36.3470296Z shell: /bin/bash -e {0}
2020-08-10T04:26:36.3470814Z env:
2020-08-10T04:26:36.3472089Z   terraform_deploy: ***
2020-08-10T04:26:36.3473037Z   terraform_destroy: ***
2020-08-10T04:26:36.3473587Z   terraform_tfstate: ${GITHUB_WORKSPACE}/terraform.tfstate.d
2020-08-10T04:26:36.3474171Z   terraform_planfile: terraform
2020-08-10T04:26:36.3474819Z   inspect_deployment: ***
2020-08-10T04:26:36.3475371Z   AWS_SHARED_CREDENTIALS_FILE: ${GITHUB_WORKSPACE}/access/credentials
2020-08-10T04:26:36.3476095Z   AWS_DEFAULT_PROFILE: ***
2020-08-10T04:26:36.3477003Z   AWS_DEFAULT_REGION: ***
2020-08-10T04:26:36.3477691Z   AWS_ACCESS_KEY_ID: ***
2020-08-10T04:26:36.3478288Z   AWS_SECRET_ACCESS_KEY: ***
2020-08-10T04:26:36.3478763Z ##[endgroup]
2020-08-10T04:26:36.6203577Z aws-cli/1.18.110 Python/2.7.17 Linux/5.3.0-1034-azure botocore/1.17.33
2020-08-10T04:26:36.6547912Z ##[group]Run aws configure list;
2020-08-10T04:26:36.6548422Z [36;1maws configure list;[0m
2020-08-10T04:26:36.6548820Z [36;1maws iam list-users;[0m
2020-08-10T04:26:36.6580670Z shell: /bin/bash -e {0}
2020-08-10T04:26:36.6580997Z env:
2020-08-10T04:26:36.6581360Z   terraform_deploy: ***
2020-08-10T04:26:36.6581681Z   terraform_destroy: ***
2020-08-10T04:26:36.6582011Z   terraform_tfstate: ${GITHUB_WORKSPACE}/terraform.tfstate.d
2020-08-10T04:26:36.6582348Z   terraform_planfile: terraform
2020-08-10T04:26:36.6582766Z   inspect_deployment: ***
2020-08-10T04:26:36.6583117Z   AWS_SHARED_CREDENTIALS_FILE: ${GITHUB_WORKSPACE}/access/credentials
2020-08-10T04:26:36.6583480Z   AWS_DEFAULT_PROFILE: ***
2020-08-10T04:26:36.6583795Z   AWS_DEFAULT_REGION: ***
2020-08-10T04:26:36.6584114Z   AWS_ACCESS_KEY_ID: ***
2020-08-10T04:26:36.6584458Z   AWS_SECRET_ACCESS_KEY: ***
2020-08-10T04:26:36.6584761Z ##[endgroup]
2020-08-10T04:26:36.9456515Z       Name                    Value             Type    Location
2020-08-10T04:26:36.9474899Z       ----                    -----             ----    --------
2020-08-10T04:26:36.9480131Z    profile                  ***           manual    --profile
2020-08-10T04:26:36.9481425Z access_key     ****************V4LM              env    
2020-08-10T04:26:36.9482446Z secret_key     ****************RSER              env    
2020-08-10T04:26:36.9483587Z     region                ***              env    AWS_DEFAULT_REGION
2020-08-10T04:26:37.6274737Z {
2020-08-10T04:26:37.6300346Z     "Users": [
2020-08-10T04:26:37.6302124Z         {
2020-08-10T04:26:37.6303702Z             "UserName": "eduardo.valdes", 
2020-08-10T04:26:37.6306594Z             "PasswordLastUsed": "2019-11-09T18:40:53Z", 
2020-08-10T04:26:37.6308752Z             "CreateDate": "2019-02-15T06:34:10Z", 
2020-08-10T04:26:37.6310306Z             "UserId": "AIDAJ465PRJTNHYBY4JVY", 
2020-08-10T04:26:37.6311819Z             "Path": "/", 
2020-08-10T04:26:37.6314900Z             "Arn": "arn:aws:iam::***:user/eduardo.valdes"
2020-08-10T04:26:37.6317848Z         }, 
2020-08-10T04:26:37.6318930Z         {
2020-08-10T04:26:37.6319875Z             "UserName": "kubernetes", 
2020-08-10T04:26:37.6320812Z             "Path": "/", 
2020-08-10T04:26:37.6322346Z             "CreateDate": "2020-04-03T03:29:23Z", 
2020-08-10T04:26:37.6323429Z             "UserId": "AIDA2XV4BKOYCPXHQKTVU", 
2020-08-10T04:26:37.6324701Z             "Arn": "arn:aws:iam::***:user/kubernetes"
2020-08-10T04:26:37.6325695Z         }, 
2020-08-10T04:26:37.6326614Z         {
2020-08-10T04:26:37.6327533Z             "UserName": "terraform", 
2020-08-10T04:26:37.6328622Z             "Path": "/", 
2020-08-10T04:26:37.6329998Z             "CreateDate": "2020-07-29T10:47:11Z", 
2020-08-10T04:26:37.6331047Z             "UserId": "AIDA2XV4BKOYD575XGMFC", 
2020-08-10T04:26:37.6332123Z             "Arn": "arn:aws:iam::***:user/terraform"
2020-08-10T04:26:37.6333097Z         }
2020-08-10T04:26:37.6334010Z     ]
2020-08-10T04:26:37.6334884Z }
2020-08-10T04:26:37.6721047Z ##[group]Run terraform --version >/dev/null 2>&1 && {
2020-08-10T04:26:37.6721606Z [36;1mterraform --version >/dev/null 2>&1 && {[0m
2020-08-10T04:26:37.6722044Z [36;1m    echo -e >&2 "HashiCorp Terraform is Installed ... Ok! ";[0m
2020-08-10T04:26:37.6722673Z [36;1m    which terraform;[0m
2020-08-10T04:26:37.6723083Z [36;1m  } || {[0m
2020-08-10T04:26:37.6723625Z [36;1m    wget --quiet https://releases.hashicorp.com/terraform/0.12.29/terraform__.zip -P /tmp/;[0m
2020-08-10T04:26:37.6724165Z [36;1m    unzip /tmp/terraform__.zip;[0m
2020-08-10T04:26:37.6724620Z [36;1m    chmod 0754 ./terraform;[0m
2020-08-10T04:26:37.6725055Z [36;1m    sudo mv ./terraform /usr/local/bin/;[0m
2020-08-10T04:26:37.6725486Z [36;1m  };[0m
2020-08-10T04:26:37.6758382Z shell: /bin/bash -e {0}
2020-08-10T04:26:37.6758718Z env:
2020-08-10T04:26:37.6759100Z   terraform_deploy: ***
2020-08-10T04:26:37.6759449Z   terraform_destroy: ***
2020-08-10T04:26:37.6759879Z   terraform_tfstate: ${GITHUB_WORKSPACE}/terraform.tfstate.d
2020-08-10T04:26:37.6760257Z   terraform_planfile: terraform
2020-08-10T04:26:37.6760613Z   inspect_deployment: ***
2020-08-10T04:26:37.6760998Z   AWS_SHARED_CREDENTIALS_FILE: ${GITHUB_WORKSPACE}/access/credentials
2020-08-10T04:26:37.6761405Z   AWS_DEFAULT_PROFILE: ***
2020-08-10T04:26:37.6761757Z   AWS_DEFAULT_REGION: ***
2020-08-10T04:26:37.6762113Z   AWS_ACCESS_KEY_ID: ***
2020-08-10T04:26:37.6762480Z   AWS_SECRET_ACCESS_KEY: ***
2020-08-10T04:26:37.6762835Z   terraform_version: 0.12.29
2020-08-10T04:26:37.6763283Z   terraform_download: releases.hashicorp.com/terraform
2020-08-10T04:26:37.6763654Z   terraform_platform: linux_amd64
2020-08-10T04:26:37.6763997Z   terraform_package: terraform__.zip
2020-08-10T04:26:37.6764336Z ##[endgroup]
2020-08-10T04:26:40.7852574Z HashiCorp Terraform is Installed ... Ok! 
2020-08-10T04:26:40.7864802Z /usr/local/bin/terraform
2020-08-10T04:26:40.7896750Z ##[group]Run terraform --version;
2020-08-10T04:26:40.7897239Z [36;1mterraform --version;[0m
2020-08-10T04:26:40.7933037Z shell: /bin/bash -e {0}
2020-08-10T04:26:40.7933425Z env:
2020-08-10T04:26:40.7934525Z   terraform_deploy: ***
2020-08-10T04:26:40.7935249Z   terraform_destroy: ***
2020-08-10T04:26:40.7935699Z   terraform_tfstate: ${GITHUB_WORKSPACE}/terraform.tfstate.d
2020-08-10T04:26:40.7936177Z   terraform_planfile: terraform
2020-08-10T04:26:40.7936755Z   inspect_deployment: ***
2020-08-10T04:26:40.7937217Z   AWS_SHARED_CREDENTIALS_FILE: ${GITHUB_WORKSPACE}/access/credentials
2020-08-10T04:26:40.7937809Z   AWS_DEFAULT_PROFILE: ***
2020-08-10T04:26:40.7938362Z   AWS_DEFAULT_REGION: ***
2020-08-10T04:26:40.7938902Z   AWS_ACCESS_KEY_ID: ***
2020-08-10T04:26:40.7939442Z   AWS_SECRET_ACCESS_KEY: ***
2020-08-10T04:26:40.7939851Z ##[endgroup]
2020-08-10T04:26:40.9067885Z Terraform v0.12.29
2020-08-10T04:26:40.9114420Z ##[group]Run terraform init;
2020-08-10T04:26:40.9114897Z [36;1mterraform init;[0m
2020-08-10T04:26:40.9147928Z shell: /bin/bash -e {0}
2020-08-10T04:26:40.9148223Z env:
2020-08-10T04:26:40.9149113Z   terraform_deploy: ***
2020-08-10T04:26:40.9149428Z   terraform_destroy: ***
2020-08-10T04:26:40.9149738Z   terraform_tfstate: ${GITHUB_WORKSPACE}/terraform.tfstate.d
2020-08-10T04:26:40.9150065Z   terraform_planfile: terraform
2020-08-10T04:26:40.9150383Z   inspect_deployment: ***
2020-08-10T04:26:40.9150702Z   AWS_SHARED_CREDENTIALS_FILE: ${GITHUB_WORKSPACE}/access/credentials
2020-08-10T04:26:40.9151048Z   AWS_DEFAULT_PROFILE: ***
2020-08-10T04:26:40.9151348Z   AWS_DEFAULT_REGION: ***
2020-08-10T04:26:40.9151680Z   AWS_ACCESS_KEY_ID: ***
2020-08-10T04:26:40.9151997Z   AWS_SECRET_ACCESS_KEY: ***
2020-08-10T04:26:40.9152288Z ##[endgroup]
2020-08-10T04:26:41.0029753Z [0m[1mInitializing modules...[0m
2020-08-10T04:26:41.0509182Z - bucket in Modules/s3
2020-08-10T04:26:41.3720415Z Downloading terraform-aws-modules/vpc/aws 2.15.0 for vpc...
2020-08-10T04:26:41.6813469Z - vpc in .terraform/modules/vpc/terraform-aws-vpc-2.15.0
2020-08-10T04:26:41.8036061Z 
2020-08-10T04:26:41.8037842Z [0m[1mInitializing the backend...[0m
2020-08-10T04:26:41.8255238Z 
2020-08-10T04:26:41.8257099Z [0m[1mInitializing provider plugins...[0m
2020-08-10T04:26:41.8258536Z - Checking for available provider plugins...
2020-08-10T04:26:41.9911096Z - Downloading plugin for provider "random" (hashicorp/random) 2.3.0...
2020-08-10T04:26:42.6981429Z - Downloading plugin for provider "template" (hashicorp/template) 2.1.2...
2020-08-10T04:26:43.2365458Z - Downloading plugin for provider "aws" (hashicorp/aws) 3.1.0...
2020-08-10T04:26:45.3667390Z 
2020-08-10T04:26:45.3673360Z The following providers do not have any version constraints in configuration,
2020-08-10T04:26:45.3674288Z so the latest version was installed.
2020-08-10T04:26:45.3674670Z 
2020-08-10T04:26:45.3675462Z To prevent automatic upgrades to new major versions that may contain breaking
2020-08-10T04:26:45.3676351Z changes, it is recommended to add version = "..." constraints to the
2020-08-10T04:26:45.3678241Z corresponding provider blocks in configuration, with the constraint strings
2020-08-10T04:26:45.3679179Z suggested below.
2020-08-10T04:26:45.3679554Z 
2020-08-10T04:26:45.3680233Z * provider.aws: version = "~> 3.1"
2020-08-10T04:26:45.3681124Z * provider.random: version = "~> 2.3"
2020-08-10T04:26:45.3681850Z * provider.template: version = "~> 2.1"
2020-08-10T04:26:45.3682237Z 
2020-08-10T04:26:45.3683944Z [0m[1m[32mTerraform has been successfully initialized![0m[32m[0m
2020-08-10T04:26:45.3684952Z [0m[32m
2020-08-10T04:26:45.3685701Z You may now begin working with Terraform. Try running "terraform plan" to see
2020-08-10T04:26:45.3686899Z any changes that are required for your infrastructure. All Terraform commands
2020-08-10T04:26:45.3687723Z should now work.
2020-08-10T04:26:45.3689632Z 
2020-08-10T04:26:45.3690399Z If you ever set or change modules or backend configuration for Terraform,
2020-08-10T04:26:45.3691293Z rerun this command to reinitialize your working directory. If you forget, other
2020-08-10T04:26:45.3692645Z commands will detect it and remind you to do so if necessary.[0m
2020-08-10T04:26:45.3725774Z ##[group]Run target_workspace="$(cat ${GITHUB_WORKSPACE}/workspace | grep -vxE '[[:blank:]]*([#;].*)?' | tr -d "[:space:]")";
2020-08-10T04:26:45.3726605Z [36;1mtarget_workspace="$(cat ${GITHUB_WORKSPACE}/workspace | grep -vxE '[[:blank:]]*([#;].*)?' | tr -d "[:space:]")";[0m
2020-08-10T04:26:45.3727108Z [36;1mterraform workspace new ${target_workspace};[0m
2020-08-10T04:26:45.3761110Z shell: /bin/bash -e {0}
2020-08-10T04:26:45.3761400Z env:
2020-08-10T04:26:45.3761744Z   terraform_deploy: ***
2020-08-10T04:26:45.3762057Z   terraform_destroy: ***
2020-08-10T04:26:45.3762366Z   terraform_tfstate: ${GITHUB_WORKSPACE}/terraform.tfstate.d
2020-08-10T04:26:45.3762688Z   terraform_planfile: terraform
2020-08-10T04:26:45.3762990Z   inspect_deployment: ***
2020-08-10T04:26:45.3763309Z   AWS_SHARED_CREDENTIALS_FILE: ${GITHUB_WORKSPACE}/access/credentials
2020-08-10T04:26:45.3763670Z   AWS_DEFAULT_PROFILE: ***
2020-08-10T04:26:45.3763966Z   AWS_DEFAULT_REGION: ***
2020-08-10T04:26:45.3764322Z   AWS_ACCESS_KEY_ID: ***
2020-08-10T04:26:45.3764643Z   AWS_SECRET_ACCESS_KEY: ***
2020-08-10T04:26:45.3764936Z ##[endgroup]
2020-08-10T04:26:45.4363449Z [0m[32m[1mCreated and switched to workspace "dev"![0m[32m
2020-08-10T04:26:45.4365074Z 
2020-08-10T04:26:45.4365890Z You're now on a new, empty workspace. Workspaces isolate their state,
2020-08-10T04:26:45.4366349Z so if you run "terraform plan" Terraform will not see any existing state
2020-08-10T04:26:45.4367472Z for this configuration.[0m
2020-08-10T04:26:45.4407033Z ##[group]Run TF_LOG=TRACE terraform fmt -check;
2020-08-10T04:26:45.4407565Z [36;1mTF_LOG=TRACE terraform fmt -check;[0m
2020-08-10T04:26:45.4441028Z shell: /bin/bash -e {0}
2020-08-10T04:26:45.4441479Z env:
2020-08-10T04:26:45.4442015Z   terraform_deploy: ***
2020-08-10T04:26:45.4442465Z   terraform_destroy: ***
2020-08-10T04:26:45.4443026Z   terraform_tfstate: ${GITHUB_WORKSPACE}/terraform.tfstate.d
2020-08-10T04:26:45.4443495Z   terraform_planfile: terraform
2020-08-10T04:26:45.4443954Z   inspect_deployment: ***
2020-08-10T04:26:45.4444433Z   AWS_SHARED_CREDENTIALS_FILE: ${GITHUB_WORKSPACE}/access/credentials
2020-08-10T04:26:45.4445142Z   AWS_DEFAULT_PROFILE: ***
2020-08-10T04:26:45.4445689Z   AWS_DEFAULT_REGION: ***
2020-08-10T04:26:45.4446207Z   AWS_ACCESS_KEY_ID: ***
2020-08-10T04:26:45.4446725Z   AWS_SECRET_ACCESS_KEY: ***
2020-08-10T04:26:45.4447220Z ##[endgroup]
2020-08-10T04:26:45.5006124Z 2020/08/10 04:26:45 [INFO] Terraform version: 0.12.29  
2020-08-10T04:26:45.5007414Z 2020/08/10 04:26:45 [INFO] Go runtime version: go1.12.13
2020-08-10T04:26:45.5009324Z 2020/08/10 04:26:45 [INFO] CLI args: []string{"/usr/local/bin/terraform", "fmt", "-check"}
2020-08-10T04:26:45.5010291Z 2020/08/10 04:26:45 [DEBUG] Attempting to open CLI config file: /home/runner/.terraformrc
2020-08-10T04:26:45.5011783Z 2020/08/10 04:26:45 [DEBUG] File doesn't exist, but doesn't need to. Ignoring.
2020-08-10T04:26:45.5022186Z 2020/08/10 04:26:45 [INFO] CLI command args: []string{"fmt", "-check"}
2020-08-10T04:26:45.5022656Z 2020/08/10 04:26:45 [TRACE] terraform fmt: looking for files in .
2020-08-10T04:26:45.5023493Z 2020/08/10 04:26:45 [TRACE] terraform fmt: Formatting outputs.tf
2020-08-10T04:26:45.5026182Z 2020/08/10 04:26:45 [TRACE] terraform fmt: Formatting resources.tf
2020-08-10T04:26:45.5168838Z 2020/08/10 04:26:45 [TRACE] terraform fmt: Formatting terraform.tfvars
2020-08-10T04:26:45.5169731Z 2020/08/10 04:26:45 [TRACE] terraform fmt: Formatting variables.tf
2020-08-10T04:26:45.5232940Z ##[group]Run terraform validate;
2020-08-10T04:26:45.5233352Z [36;1mterraform validate;[0m
2020-08-10T04:26:45.5264340Z shell: /bin/bash -e {0}
2020-08-10T04:26:45.5264628Z env:
2020-08-10T04:26:45.5264965Z   terraform_deploy: ***
2020-08-10T04:26:45.5265280Z   terraform_destroy: ***
2020-08-10T04:26:45.5265590Z   terraform_tfstate: ${GITHUB_WORKSPACE}/terraform.tfstate.d
2020-08-10T04:26:45.5265913Z   terraform_planfile: terraform
2020-08-10T04:26:45.5266214Z   inspect_deployment: ***
2020-08-10T04:26:45.5266528Z   AWS_SHARED_CREDENTIALS_FILE: ${GITHUB_WORKSPACE}/access/credentials
2020-08-10T04:26:45.5266891Z   AWS_DEFAULT_PROFILE: ***
2020-08-10T04:26:45.5267194Z   AWS_DEFAULT_REGION: ***
2020-08-10T04:26:45.5267500Z   AWS_ACCESS_KEY_ID: ***
2020-08-10T04:26:45.5267825Z   AWS_SECRET_ACCESS_KEY: ***
2020-08-10T04:26:45.5268768Z ##[endgroup]
2020-08-10T04:26:48.1920769Z [32m[1mSuccess![0m The configuration is valid.
2020-08-10T04:26:48.1921627Z [0m
2020-08-10T04:26:48.1976955Z ##[group]Run target_workspace="$(cat ${GITHUB_WORKSPACE}/workspace | grep -vxE '[[:blank:]]*([#;].*)?' | tr -d "[:space:]")";
2020-08-10T04:26:48.1977554Z [36;1mtarget_workspace="$(cat ${GITHUB_WORKSPACE}/workspace | grep -vxE '[[:blank:]]*([#;].*)?' | tr -d "[:space:]")";[0m
2020-08-10T04:26:48.1978047Z [36;1mterraform_tfplan="${GITHUB_WORKSPACE}/terraform.tfstate.d/${target_workspace}/terraform.tfplan";[0m
2020-08-10T04:26:48.1978470Z [36;1mecho "Terraform Output Plan: ${terraform_tfplan}";[0m
2020-08-10T04:26:48.1978855Z [36;1mterraform plan -out "${terraform_tfplan}";[0m
2020-08-10T04:26:48.2015940Z shell: /bin/bash -e {0}
2020-08-10T04:26:48.2016331Z env:
2020-08-10T04:26:48.2016813Z   terraform_deploy: ***
2020-08-10T04:26:48.2017247Z   terraform_destroy: ***
2020-08-10T04:26:48.2017652Z   terraform_tfstate: ${GITHUB_WORKSPACE}/terraform.tfstate.d
2020-08-10T04:26:48.2018078Z   terraform_planfile: terraform
2020-08-10T04:26:48.2018464Z   inspect_deployment: ***
2020-08-10T04:26:48.2018929Z   AWS_SHARED_CREDENTIALS_FILE: ${GITHUB_WORKSPACE}/access/credentials
2020-08-10T04:26:48.2019395Z   AWS_DEFAULT_PROFILE: ***
2020-08-10T04:26:48.2019797Z   AWS_DEFAULT_REGION: ***
2020-08-10T04:26:48.2020191Z   AWS_ACCESS_KEY_ID: ***
2020-08-10T04:26:48.2020607Z   AWS_SECRET_ACCESS_KEY: ***
2020-08-10T04:26:48.2020983Z ##[endgroup]
2020-08-10T04:26:48.2119645Z Terraform Output Plan: /home/runner/work/terraform-awscloud/terraform-awscloud/terraform.tfstate.d/dev/terraform.tfplan
2020-08-10T04:26:50.5175124Z [0m[1mRefreshing Terraform state in-memory prior to plan...[0m
2020-08-10T04:26:50.5176262Z The refreshed state will be used to calculate this plan, but will not be
2020-08-10T04:26:50.5177208Z persisted to local or remote state storage.
2020-08-10T04:26:50.5178118Z [0m
2020-08-10T04:26:50.9278265Z [0m[1mdata.template_file.public_cidrsubnet[1]: Refreshing state...[0m
2020-08-10T04:26:50.9282324Z [0m[1mdata.template_file.public_cidrsubnet[0]: Refreshing state...[0m
2020-08-10T04:26:51.4313359Z [0m[1mdata.aws_availability_zones.available: Refreshing state...[0m
2020-08-10T04:26:51.4320645Z [0m[1mdata.aws_ami.aws-linux: Refreshing state...[0m
2020-08-10T04:26:52.2640198Z 
2020-08-10T04:26:52.2641650Z ------------------------------------------------------------------------
2020-08-10T04:26:53.3597538Z 
2020-08-10T04:26:53.3600498Z An execution plan has been generated and is shown below.
2020-08-10T04:26:53.3601289Z Resource actions are indicated with the following symbols:
2020-08-10T04:26:53.3602449Z   [32m+[0m create
2020-08-10T04:26:53.3617579Z [0m
2020-08-10T04:26:53.3619314Z Terraform will perform the following actions:
2020-08-10T04:26:53.3619983Z 
2020-08-10T04:26:53.3623334Z [1m  # aws_elb.web[0m will be created[0m[0m
2020-08-10T04:26:53.3624302Z [0m  [32m+[0m[0m resource "aws_elb" "web" {
2020-08-10T04:26:53.3625380Z       [32m+[0m [0m[1m[0marn[0m[0m                         = (known after apply)
2020-08-10T04:26:53.3626640Z       [32m+[0m [0m[1m[0mavailability_zones[0m[0m          = (known after apply)
2020-08-10T04:26:53.3627982Z       [32m+[0m [0m[1m[0mconnection_draining[0m[0m         = false
2020-08-10T04:26:53.3628959Z       [32m+[0m [0m[1m[0mconnection_draining_timeout[0m[0m = 300
2020-08-10T04:26:53.3630379Z       [32m+[0m [0m[1m[0mcross_zone_load_balancing[0m[0m   = ***
2020-08-10T04:26:53.3634435Z       [32m+[0m [0m[1m[0mdns_name[0m[0m                    = (known after apply)
2020-08-10T04:26:53.3635623Z       [32m+[0m [0m[1m[0mid[0m[0m                          = (known after apply)
2020-08-10T04:26:53.3638621Z       [32m+[0m [0m[1m[0midle_timeout[0m[0m                = 60
2020-08-10T04:26:53.3639798Z       [32m+[0m [0m[1m[0minstances[0m[0m                   = (known after apply)
2020-08-10T04:26:53.3640962Z       [32m+[0m [0m[1m[0minternal[0m[0m                    = (known after apply)
2020-08-10T04:26:53.3642144Z       [32m+[0m [0m[1m[0mname[0m[0m                        = (known after apply)
2020-08-10T04:26:53.3644124Z       [32m+[0m [0m[1m[0msecurity_groups[0m[0m             = (known after apply)
2020-08-10T04:26:53.3645429Z       [32m+[0m [0m[1m[0msource_security_group[0m[0m       = (known after apply)
2020-08-10T04:26:53.3667172Z       [32m+[0m [0m[1m[0msource_security_group_id[0m[0m    = (known after apply)
2020-08-10T04:26:53.3669525Z       [32m+[0m [0m[1m[0msubnets[0m[0m                     = (known after apply)
2020-08-10T04:26:53.3673273Z       [32m+[0m [0m[1m[0mtags[0m[0m                        = (known after apply)
2020-08-10T04:26:53.3674013Z       [32m+[0m [0m[1m[0mzone_id[0m[0m                     = (known after apply)
2020-08-10T04:26:53.3674262Z 
2020-08-10T04:26:53.3674865Z       [32m+[0m [0mhealth_check {
2020-08-10T04:26:53.3675546Z           [32m+[0m [0m[1m[0mhealthy_threshold[0m[0m   = (known after apply)
2020-08-10T04:26:53.3676282Z           [32m+[0m [0m[1m[0minterval[0m[0m            = (known after apply)
2020-08-10T04:26:53.3677072Z           [32m+[0m [0m[1m[0mtarget[0m[0m              = (known after apply)
2020-08-10T04:26:53.3677798Z           [32m+[0m [0m[1m[0mtimeout[0m[0m             = (known after apply)
2020-08-10T04:26:53.3678521Z           [32m+[0m [0m[1m[0munhealthy_threshold[0m[0m = (known after apply)
2020-08-10T04:26:53.3679039Z         }
2020-08-10T04:26:53.3679223Z 
2020-08-10T04:26:53.3680572Z       [32m+[0m [0mlistener {
2020-08-10T04:26:53.3681133Z           [32m+[0m [0m[1m[0minstance_port[0m[0m     = 80
2020-08-10T04:26:53.3701059Z           [32m+[0m [0m[1m[0minstance_protocol[0m[0m = "http"
2020-08-10T04:26:53.3709027Z           [32m+[0m [0m[1m[0mlb_port[0m[0m           = 80
2020-08-10T04:26:53.3741901Z           [32m+[0m [0m[1m[0mlb_protocol[0m[0m       = "http"
2020-08-10T04:26:53.3742322Z         }
2020-08-10T04:26:53.3742668Z     }
2020-08-10T04:26:53.3742857Z 
2020-08-10T04:26:53.3743465Z [1m  # aws_instance.nginx[0][0m will be created[0m[0m
2020-08-10T04:26:53.3743998Z [0m  [32m+[0m[0m resource "aws_instance" "nginx" {
2020-08-10T04:26:53.3744571Z       [32m+[0m [0m[1m[0mami[0m[0m                          = "ami-09d8b5222f2b93bf0"
2020-08-10T04:26:53.3745171Z       [32m+[0m [0m[1m[0marn[0m[0m                          = (known after apply)
2020-08-10T04:26:53.3745769Z       [32m+[0m [0m[1m[0massociate_public_ip_address[0m[0m  = (known after apply)
2020-08-10T04:26:53.3746356Z       [32m+[0m [0m[1m[0mavailability_zone[0m[0m            = (known after apply)
2020-08-10T04:26:53.3746966Z       [32m+[0m [0m[1m[0mcpu_core_count[0m[0m               = (known after apply)
2020-08-10T04:26:53.3747561Z       [32m+[0m [0m[1m[0mcpu_threads_per_core[0m[0m         = (known after apply)
2020-08-10T04:26:53.3748134Z       [32m+[0m [0m[1m[0mget_password_data[0m[0m            = false
2020-08-10T04:26:53.3748719Z       [32m+[0m [0m[1m[0mhost_id[0m[0m                      = (known after apply)
2020-08-10T04:26:53.3749446Z       [32m+[0m [0m[1m[0miam_instance_profile[0m[0m         = (known after apply)
2020-08-10T04:26:53.3750039Z       [32m+[0m [0m[1m[0mid[0m[0m                           = (known after apply)
2020-08-10T04:26:53.3750640Z       [32m+[0m [0m[1m[0minstance_state[0m[0m               = (known after apply)
2020-08-10T04:26:53.3751218Z       [32m+[0m [0m[1m[0minstance_type[0m[0m                = "t2.micro"
2020-08-10T04:26:53.3751806Z       [32m+[0m [0m[1m[0mipv6_address_count[0m[0m           = (known after apply)
2020-08-10T04:26:53.3752391Z       [32m+[0m [0m[1m[0mipv6_addresses[0m[0m               = (known after apply)
2020-08-10T04:26:53.3752963Z       [32m+[0m [0m[1m[0mkey_name[0m[0m                     = "terraform"
2020-08-10T04:26:53.3753536Z       [32m+[0m [0m[1m[0moutpost_arn[0m[0m                  = (known after apply)
2020-08-10T04:26:53.3754191Z       [32m+[0m [0m[1m[0mpassword_data[0m[0m                = (known after apply)
2020-08-10T04:26:53.3754812Z       [32m+[0m [0m[1m[0mplacement_group[0m[0m              = (known after apply)
2020-08-10T04:26:53.3755609Z       [32m+[0m [0m[1m[0mprimary_network_interface_id[0m[0m = (known after apply)
2020-08-10T04:26:53.3756286Z       [32m+[0m [0m[1m[0mprivate_dns[0m[0m                  = (known after apply)
2020-08-10T04:26:53.3757139Z       [32m+[0m [0m[1m[0mprivate_ip[0m[0m                   = (known after apply)
2020-08-10T04:26:53.3757814Z       [32m+[0m [0m[1m[0mpublic_dns[0m[0m                   = (known after apply)
2020-08-10T04:26:53.3758488Z       [32m+[0m [0m[1m[0mpublic_ip[0m[0m                    = (known after apply)
2020-08-10T04:26:53.3759173Z       [32m+[0m [0m[1m[0msecondary_private_ips[0m[0m        = (known after apply)
2020-08-10T04:26:53.3759849Z       [32m+[0m [0m[1m[0msecurity_groups[0m[0m              = (known after apply)
2020-08-10T04:26:53.3760547Z       [32m+[0m [0m[1m[0msource_dest_check[0m[0m            = ***
2020-08-10T04:26:53.3761221Z       [32m+[0m [0m[1m[0msubnet_id[0m[0m                    = (known after apply)
2020-08-10T04:26:53.3761888Z       [32m+[0m [0m[1m[0mtags[0m[0m                         = (known after apply)
2020-08-10T04:26:53.3762685Z       [32m+[0m [0m[1m[0mtenancy[0m[0m                      = (known after apply)
2020-08-10T04:26:53.3763369Z       [32m+[0m [0m[1m[0mvolume_tags[0m[0m                  = (known after apply)
2020-08-10T04:26:53.3764047Z       [32m+[0m [0m[1m[0mvpc_security_group_ids[0m[0m       = (known after apply)
2020-08-10T04:26:53.3764312Z 
2020-08-10T04:26:53.3764871Z       [32m+[0m [0mebs_block_device {
2020-08-10T04:26:53.3765581Z           [32m+[0m [0m[1m[0mdelete_on_termination[0m[0m = (known after apply)
2020-08-10T04:26:53.3766215Z           [32m+[0m [0m[1m[0mdevice_name[0m[0m           = (known after apply)
2020-08-10T04:26:53.3766809Z           [32m+[0m [0m[1m[0mencrypted[0m[0m             = (known after apply)
2020-08-10T04:26:53.3767400Z           [32m+[0m [0m[1m[0miops[0m[0m                  = (known after apply)
2020-08-10T04:26:53.3767985Z           [32m+[0m [0m[1m[0mkms_key_id[0m[0m            = (known after apply)
2020-08-10T04:26:53.3768587Z           [32m+[0m [0m[1m[0msnapshot_id[0m[0m           = (known after apply)
2020-08-10T04:26:53.3769166Z           [32m+[0m [0m[1m[0mvolume_id[0m[0m             = (known after apply)
2020-08-10T04:26:53.3769747Z           [32m+[0m [0m[1m[0mvolume_size[0m[0m           = (known after apply)
2020-08-10T04:26:53.3770321Z           [32m+[0m [0m[1m[0mvolume_type[0m[0m           = (known after apply)
2020-08-10T04:26:53.3770719Z         }
2020-08-10T04:26:53.3770910Z 
2020-08-10T04:26:53.3771383Z       [32m+[0m [0mephemeral_block_device {
2020-08-10T04:26:53.3772084Z           [32m+[0m [0m[1m[0mdevice_name[0m[0m  = (known after apply)
2020-08-10T04:26:53.3772804Z           [32m+[0m [0m[1m[0mno_device[0m[0m    = (known after apply)
2020-08-10T04:26:53.3773566Z           [32m+[0m [0m[1m[0mvirtual_name[0m[0m = (known after apply)
2020-08-10T04:26:53.3774011Z         }
2020-08-10T04:26:53.3774206Z 
2020-08-10T04:26:53.3774732Z       [32m+[0m [0mmetadata_options {
2020-08-10T04:26:53.3775378Z           [32m+[0m [0m[1m[0mhttp_endpoint[0m[0m               = (known after apply)
2020-08-10T04:26:53.3776078Z           [32m+[0m [0m[1m[0mhttp_put_response_hop_limit[0m[0m = (known after apply)
2020-08-10T04:26:53.3776765Z           [32m+[0m [0m[1m[0mhttp_tokens[0m[0m                 = (known after apply)
2020-08-10T04:26:53.3777215Z         }
2020-08-10T04:26:53.3777423Z 
2020-08-10T04:26:53.3777948Z       [32m+[0m [0mnetwork_interface {
2020-08-10T04:26:53.3778556Z           [32m+[0m [0m[1m[0mdelete_on_termination[0m[0m = (known after apply)
2020-08-10T04:26:53.3779229Z           [32m+[0m [0m[1m[0mdevice_index[0m[0m          = (known after apply)
2020-08-10T04:26:53.3779970Z           [32m+[0m [0m[1m[0mnetwork_interface_id[0m[0m  = (known after apply)
2020-08-10T04:26:53.3780433Z         }
2020-08-10T04:26:53.3780641Z 
2020-08-10T04:26:53.3781182Z       [32m+[0m [0mroot_block_device {
2020-08-10T04:26:53.3781795Z           [32m+[0m [0m[1m[0mdelete_on_termination[0m[0m = (known after apply)
2020-08-10T04:26:53.3782457Z           [32m+[0m [0m[1m[0mdevice_name[0m[0m           = (known after apply)
2020-08-10T04:26:53.3783129Z           [32m+[0m [0m[1m[0mencrypted[0m[0m             = (known after apply)
2020-08-10T04:26:53.3783800Z           [32m+[0m [0m[1m[0miops[0m[0m                  = (known after apply)
2020-08-10T04:26:53.3784539Z           [32m+[0m [0m[1m[0mkms_key_id[0m[0m            = (known after apply)
2020-08-10T04:26:53.3785614Z           [32m+[0m [0m[1m[0mvolume_id[0m[0m             = (known after apply)
2020-08-10T04:26:53.3788582Z           [32m+[0m [0m[1m[0mvolume_size[0m[0m           = (known after apply)
2020-08-10T04:26:53.3791316Z           [32m+[0m [0m[1m[0mvolume_type[0m[0m           = (known after apply)
2020-08-10T04:26:53.3792599Z         }
2020-08-10T04:26:53.3793876Z     }
2020-08-10T04:26:53.3794092Z 
2020-08-10T04:26:53.3794669Z [1m  # aws_instance.nginx[1][0m will be created[0m[0m
2020-08-10T04:26:53.3795271Z [0m  [32m+[0m[0m resource "aws_instance" "nginx" {
2020-08-10T04:26:53.3795926Z       [32m+[0m [0m[1m[0mami[0m[0m                          = "ami-09d8b5222f2b93bf0"
2020-08-10T04:26:53.3796616Z       [32m+[0m [0m[1m[0marn[0m[0m                          = (known after apply)
2020-08-10T04:26:53.3797432Z       [32m+[0m [0m[1m[0massociate_public_ip_address[0m[0m  = (known after apply)
2020-08-10T04:26:53.3798276Z       [32m+[0m [0m[1m[0mavailability_zone[0m[0m            = (known after apply)
2020-08-10T04:26:53.3799074Z       [32m+[0m [0m[1m[0mcpu_core_count[0m[0m               = (known after apply)
2020-08-10T04:26:53.3799681Z       [32m+[0m [0m[1m[0mcpu_threads_per_core[0m[0m         = (known after apply)
2020-08-10T04:26:53.3800460Z       [32m+[0m [0m[1m[0mget_password_data[0m[0m            = false
2020-08-10T04:26:53.3801126Z       [32m+[0m [0m[1m[0mhost_id[0m[0m                      = (known after apply)
2020-08-10T04:26:53.3801883Z       [32m+[0m [0m[1m[0miam_instance_profile[0m[0m         = (known after apply)
2020-08-10T04:26:53.3802561Z       [32m+[0m [0m[1m[0mid[0m[0m                           = (known after apply)
2020-08-10T04:26:53.3803223Z       [32m+[0m [0m[1m[0minstance_state[0m[0m               = (known after apply)
2020-08-10T04:26:53.3803897Z       [32m+[0m [0m[1m[0minstance_type[0m[0m                = "t2.micro"
2020-08-10T04:26:53.3813816Z       [32m+[0m [0m[1m[0mipv6_address_count[0m[0m           = (known after apply)
2020-08-10T04:26:53.3814854Z       [32m+[0m [0m[1m[0mipv6_addresses[0m[0m               = (known after apply)
2020-08-10T04:26:53.3815650Z       [32m+[0m [0m[1m[0mkey_name[0m[0m                     = "terraform"
2020-08-10T04:26:53.3816500Z       [32m+[0m [0m[1m[0moutpost_arn[0m[0m                  = (known after apply)
2020-08-10T04:26:53.3819990Z       [32m+[0m [0m[1m[0mpassword_data[0m[0m                = (known after apply)
2020-08-10T04:26:53.3820701Z       [32m+[0m [0m[1m[0mplacement_group[0m[0m              = (known after apply)
2020-08-10T04:26:53.3821393Z       [32m+[0m [0m[1m[0mprimary_network_interface_id[0m[0m = (known after apply)
2020-08-10T04:26:53.3822079Z       [32m+[0m [0m[1m[0mprivate_dns[0m[0m                  = (known after apply)
2020-08-10T04:26:53.3822753Z       [32m+[0m [0m[1m[0mprivate_ip[0m[0m                   = (known after apply)
2020-08-10T04:26:53.3823428Z       [32m+[0m [0m[1m[0mpublic_dns[0m[0m                   = (known after apply)
2020-08-10T04:26:53.3824194Z       [32m+[0m [0m[1m[0mpublic_ip[0m[0m                    = (known after apply)
2020-08-10T04:26:53.3824895Z       [32m+[0m [0m[1m[0msecondary_private_ips[0m[0m        = (known after apply)
2020-08-10T04:26:53.3825585Z       [32m+[0m [0m[1m[0msecurity_groups[0m[0m              = (known after apply)
2020-08-10T04:26:53.3826407Z       [32m+[0m [0m[1m[0msource_dest_check[0m[0m            = ***
2020-08-10T04:26:53.3827081Z       [32m+[0m [0m[1m[0msubnet_id[0m[0m                    = (known after apply)
2020-08-10T04:26:53.3827924Z       [32m+[0m [0m[1m[0mtags[0m[0m                         = (known after apply)
2020-08-10T04:26:53.3828606Z       [32m+[0m [0m[1m[0mtenancy[0m[0m                      = (known after apply)
2020-08-10T04:26:53.3830114Z       [32m+[0m [0m[1m[0mvolume_tags[0m[0m                  = (known after apply)
2020-08-10T04:26:53.3830905Z       [32m+[0m [0m[1m[0mvpc_security_group_ids[0m[0m       = (known after apply)
2020-08-10T04:26:53.3831175Z 
2020-08-10T04:26:53.3835032Z       [32m+[0m [0mebs_block_device {
2020-08-10T04:26:53.3837725Z           [32m+[0m [0m[1m[0mdelete_on_termination[0m[0m = (known after apply)
2020-08-10T04:26:53.3840056Z           [32m+[0m [0m[1m[0mdevice_name[0m[0m           = (known after apply)
2020-08-10T04:26:53.3840674Z           [32m+[0m [0m[1m[0mencrypted[0m[0m             = (known after apply)
2020-08-10T04:26:53.3841271Z           [32m+[0m [0m[1m[0miops[0m[0m                  = (known after apply)
2020-08-10T04:26:53.3841861Z           [32m+[0m [0m[1m[0mkms_key_id[0m[0m            = (known after apply)
2020-08-10T04:26:53.3842452Z           [32m+[0m [0m[1m[0msnapshot_id[0m[0m           = (known after apply)
2020-08-10T04:26:53.3843051Z           [32m+[0m [0m[1m[0mvolume_id[0m[0m             = (known after apply)
2020-08-10T04:26:53.3843638Z           [32m+[0m [0m[1m[0mvolume_size[0m[0m           = (known after apply)
2020-08-10T04:26:53.3844228Z           [32m+[0m [0m[1m[0mvolume_type[0m[0m           = (known after apply)
2020-08-10T04:26:53.3844631Z         }
2020-08-10T04:26:53.3844820Z 
2020-08-10T04:26:53.3845296Z       [32m+[0m [0mephemeral_block_device {
2020-08-10T04:26:53.3845822Z           [32m+[0m [0m[1m[0mdevice_name[0m[0m  = (known after apply)
2020-08-10T04:26:53.3847261Z           [32m+[0m [0m[1m[0mno_device[0m[0m    = (known after apply)
2020-08-10T04:26:53.3847842Z           [32m+[0m [0m[1m[0mvirtual_name[0m[0m = (known after apply)
2020-08-10T04:26:53.3848241Z         }
2020-08-10T04:26:53.3848433Z 
2020-08-10T04:26:53.3848904Z       [32m+[0m [0mmetadata_options {
2020-08-10T04:26:53.3849487Z           [32m+[0m [0m[1m[0mhttp_endpoint[0m[0m               = (known after apply)
2020-08-10T04:26:53.3850087Z           [32m+[0m [0m[1m[0mhttp_put_response_hop_limit[0m[0m = (known after apply)
2020-08-10T04:26:53.3850691Z           [32m+[0m [0m[1m[0mhttp_tokens[0m[0m                 = (known after apply)
2020-08-10T04:26:53.3851098Z         }
2020-08-10T04:26:53.3851280Z 
2020-08-10T04:26:53.3851888Z       [32m+[0m [0mnetwork_interface {
2020-08-10T04:26:53.3852441Z           [32m+[0m [0m[1m[0mdelete_on_termination[0m[0m = (known after apply)
2020-08-10T04:26:53.3853050Z           [32m+[0m [0m[1m[0mdevice_index[0m[0m          = (known after apply)
2020-08-10T04:26:53.3853649Z           [32m+[0m [0m[1m[0mnetwork_interface_id[0m[0m  = (known after apply)
2020-08-10T04:26:53.3854055Z         }
2020-08-10T04:26:53.3854231Z 
2020-08-10T04:26:53.3854710Z       [32m+[0m [0mroot_block_device {
2020-08-10T04:26:53.3855249Z           [32m+[0m [0m[1m[0mdelete_on_termination[0m[0m = (known after apply)
2020-08-10T04:26:53.3855837Z           [32m+[0m [0m[1m[0mdevice_name[0m[0m           = (known after apply)
2020-08-10T04:26:53.3856424Z           [32m+[0m [0m[1m[0mencrypted[0m[0m             = (known after apply)
2020-08-10T04:26:53.3857005Z           [32m+[0m [0m[1m[0miops[0m[0m                  = (known after apply)
2020-08-10T04:26:53.3857698Z           [32m+[0m [0m[1m[0mkms_key_id[0m[0m            = (known after apply)
2020-08-10T04:26:53.3858302Z           [32m+[0m [0m[1m[0mvolume_id[0m[0m             = (known after apply)
2020-08-10T04:26:53.3858901Z           [32m+[0m [0m[1m[0mvolume_size[0m[0m           = (known after apply)
2020-08-10T04:26:53.3859483Z           [32m+[0m [0m[1m[0mvolume_type[0m[0m           = (known after apply)
2020-08-10T04:26:53.3859876Z         }
2020-08-10T04:26:53.3860214Z     }
2020-08-10T04:26:53.3860400Z 
2020-08-10T04:26:53.3860900Z [1m  # aws_s3_bucket_object.graphic[0m will be created[0m[0m
2020-08-10T04:26:53.3863038Z [0m  [32m+[0m[0m resource "aws_s3_bucket_object" "graphic" {
2020-08-10T04:26:53.3863797Z       [32m+[0m [0m[1m[0macl[0m[0m                    = "private"
2020-08-10T04:26:53.3864507Z       [32m+[0m [0m[1m[0mbucket[0m[0m                 = (known after apply)
2020-08-10T04:26:53.3865265Z       [32m+[0m [0m[1m[0mcontent_type[0m[0m           = (known after apply)
2020-08-10T04:26:53.3865974Z       [32m+[0m [0m[1m[0metag[0m[0m                   = (known after apply)
2020-08-10T04:26:53.3866701Z       [32m+[0m [0m[1m[0mforce_destroy[0m[0m          = false
2020-08-10T04:26:53.3867383Z       [32m+[0m [0m[1m[0mid[0m[0m                     = (known after apply)
2020-08-10T04:26:53.3868112Z       [32m+[0m [0m[1m[0mkey[0m[0m                    = "/website/Globo_logo_Vert.png"
2020-08-10T04:26:53.3868847Z       [32m+[0m [0m[1m[0mserver_side_encryption[0m[0m = (known after apply)
2020-08-10T04:26:53.3869577Z       [32m+[0m [0m[1m[0msource[0m[0m                 = "./Globo_logo_Vert.png"
2020-08-10T04:26:53.3870295Z       [32m+[0m [0m[1m[0mstorage_class[0m[0m          = (known after apply)
2020-08-10T04:26:53.3870993Z       [32m+[0m [0m[1m[0mversion_id[0m[0m             = (known after apply)
2020-08-10T04:26:53.3871462Z     }
2020-08-10T04:26:53.3871696Z 
2020-08-10T04:26:53.3872310Z [1m  # aws_s3_bucket_object.website[0m will be created[0m[0m
2020-08-10T04:26:53.3872971Z [0m  [32m+[0m[0m resource "aws_s3_bucket_object" "website" {
2020-08-10T04:26:53.3873635Z       [32m+[0m [0m[1m[0macl[0m[0m                    = "private"
2020-08-10T04:26:53.3874429Z       [32m+[0m [0m[1m[0mbucket[0m[0m                 = (known after apply)
2020-08-10T04:26:53.3875078Z       [32m+[0m [0m[1m[0mcontent_type[0m[0m           = (known after apply)
2020-08-10T04:26:53.3875730Z       [32m+[0m [0m[1m[0metag[0m[0m                   = (known after apply)
2020-08-10T04:26:53.3876366Z       [32m+[0m [0m[1m[0mforce_destroy[0m[0m          = false
2020-08-10T04:26:53.3877232Z       [32m+[0m [0m[1m[0mid[0m[0m                     = (known after apply)
2020-08-10T04:26:53.3877900Z       [32m+[0m [0m[1m[0mkey[0m[0m                    = "/website/index.html"
2020-08-10T04:26:53.3878569Z       [32m+[0m [0m[1m[0mserver_side_encryption[0m[0m = (known after apply)
2020-08-10T04:26:53.3879234Z       [32m+[0m [0m[1m[0msource[0m[0m                 = "./index.html"
2020-08-10T04:26:53.3880031Z       [32m+[0m [0m[1m[0mstorage_class[0m[0m          = (known after apply)
2020-08-10T04:26:53.3880690Z       [32m+[0m [0m[1m[0mversion_id[0m[0m             = (known after apply)
2020-08-10T04:26:53.3881154Z     }
2020-08-10T04:26:53.3881351Z 
2020-08-10T04:26:53.3881926Z [1m  # aws_security_group.elb-sg[0m will be created[0m[0m
2020-08-10T04:26:53.3882530Z [0m  [32m+[0m[0m resource "aws_security_group" "elb-sg" {
2020-08-10T04:26:53.3883185Z       [32m+[0m [0m[1m[0marn[0m[0m                    = (known after apply)
2020-08-10T04:26:53.3883858Z       [32m+[0m [0m[1m[0mdescription[0m[0m            = "Managed by Terraform"
2020-08-10T04:26:53.3884493Z       [32m+[0m [0m[1m[0megress[0m[0m                 = [
2020-08-10T04:26:53.3885050Z           [32m+[0m [0m{
2020-08-10T04:26:53.3885670Z               [32m+[0m [0mcidr_blocks      = [
2020-08-10T04:26:53.3886234Z                   [32m+[0m [0m"0.0.0.0/0",
2020-08-10T04:26:53.3886607Z                 ]
2020-08-10T04:26:53.3887110Z               [32m+[0m [0mdescription      = ""
2020-08-10T04:26:53.3887622Z               [32m+[0m [0mfrom_port        = 0
2020-08-10T04:26:53.3888130Z               [32m+[0m [0mipv6_cidr_blocks = []
2020-08-10T04:26:53.3888635Z               [32m+[0m [0mprefix_list_ids  = []
2020-08-10T04:26:53.3889145Z               [32m+[0m [0mprotocol         = "-1"
2020-08-10T04:26:53.3889650Z               [32m+[0m [0msecurity_groups  = []
2020-08-10T04:26:53.3890157Z               [32m+[0m [0mself             = false
2020-08-10T04:26:53.3890665Z               [32m+[0m [0mto_port          = 0
2020-08-10T04:26:53.3891037Z             },
2020-08-10T04:26:53.3891378Z         ]
2020-08-10T04:26:53.3891901Z       [32m+[0m [0m[1m[0mid[0m[0m                     = (known after apply)
2020-08-10T04:26:53.3892458Z       [32m+[0m [0m[1m[0mingress[0m[0m                = [
2020-08-10T04:26:53.3892951Z           [32m+[0m [0m{
2020-08-10T04:26:53.3893427Z               [32m+[0m [0mcidr_blocks      = [
2020-08-10T04:26:53.3893934Z                   [32m+[0m [0m"0.0.0.0/0",
2020-08-10T04:26:53.3894289Z                 ]
2020-08-10T04:26:53.3894787Z               [32m+[0m [0mdescription      = ""
2020-08-10T04:26:53.3895295Z               [32m+[0m [0mfrom_port        = 80
2020-08-10T04:26:53.3895799Z               [32m+[0m [0mipv6_cidr_blocks = []
2020-08-10T04:26:53.3896307Z               [32m+[0m [0mprefix_list_ids  = []
2020-08-10T04:26:53.3896818Z               [32m+[0m [0mprotocol         = "tcp"
2020-08-10T04:26:53.3897323Z               [32m+[0m [0msecurity_groups  = []
2020-08-10T04:26:53.3897831Z               [32m+[0m [0mself             = false
2020-08-10T04:26:53.3898330Z               [32m+[0m [0mto_port          = 80
2020-08-10T04:26:53.3898713Z             },
2020-08-10T04:26:53.3899051Z         ]
2020-08-10T04:26:53.3899573Z       [32m+[0m [0m[1m[0mname[0m[0m                   = (known after apply)
2020-08-10T04:26:53.3900153Z       [32m+[0m [0m[1m[0mowner_id[0m[0m               = (known after apply)
2020-08-10T04:26:53.3900707Z       [32m+[0m [0m[1m[0mrevoke_rules_on_delete[0m[0m = false
2020-08-10T04:26:53.3901266Z       [32m+[0m [0m[1m[0mtags[0m[0m                   = (known after apply)
2020-08-10T04:26:53.3901847Z       [32m+[0m [0m[1m[0mvpc_id[0m[0m                 = (known after apply)
2020-08-10T04:26:53.3902248Z     }
2020-08-10T04:26:53.3902422Z 
2020-08-10T04:26:53.3902926Z [1m  # aws_security_group.nginx-sg[0m will be created[0m[0m
2020-08-10T04:26:53.3903465Z [0m  [32m+[0m[0m resource "aws_security_group" "nginx-sg" {
2020-08-10T04:26:53.3904043Z       [32m+[0m [0m[1m[0marn[0m[0m                    = (known after apply)
2020-08-10T04:26:53.3904631Z       [32m+[0m [0m[1m[0mdescription[0m[0m            = "Managed by Terraform"
2020-08-10T04:26:53.3905194Z       [32m+[0m [0m[1m[0megress[0m[0m                 = [
2020-08-10T04:26:53.3905769Z           [32m+[0m [0m{
2020-08-10T04:26:53.3906263Z               [32m+[0m [0mcidr_blocks      = [
2020-08-10T04:26:53.3906772Z                   [32m+[0m [0m"0.0.0.0/0",
2020-08-10T04:26:53.3907132Z                 ]
2020-08-10T04:26:53.3907619Z               [32m+[0m [0mdescription      = ""
2020-08-10T04:26:53.3908142Z               [32m+[0m [0mfrom_port        = 0
2020-08-10T04:26:53.3908644Z               [32m+[0m [0mipv6_cidr_blocks = []
2020-08-10T04:26:53.3909155Z               [32m+[0m [0mprefix_list_ids  = []
2020-08-10T04:26:53.3909661Z               [32m+[0m [0mprotocol         = "-1"
2020-08-10T04:26:53.3910170Z               [32m+[0m [0msecurity_groups  = []
2020-08-10T04:26:53.3910684Z               [32m+[0m [0mself             = false
2020-08-10T04:26:53.3911189Z               [32m+[0m [0mto_port          = 0
2020-08-10T04:26:53.3911567Z             },
2020-08-10T04:26:53.3911991Z         ]
2020-08-10T04:26:53.3912525Z       [32m+[0m [0m[1m[0mid[0m[0m                     = (known after apply)
2020-08-10T04:26:53.3913085Z       [32m+[0m [0m[1m[0mingress[0m[0m                = [
2020-08-10T04:26:53.3913578Z           [32m+[0m [0m{
2020-08-10T04:26:53.3917658Z               [32m+[0m [0mcidr_blocks      = [
2020-08-10T04:26:53.3918334Z                   [32m+[0m [0m"0.0.0.0/0",
2020-08-10T04:26:53.3920922Z                 ]
2020-08-10T04:26:53.3922102Z               [32m+[0m [0mdescription      = ""
2020-08-10T04:26:53.3924381Z               [32m+[0m [0mfrom_port        = 22
2020-08-10T04:26:53.3924906Z               [32m+[0m [0mipv6_cidr_blocks = []
2020-08-10T04:26:53.3925402Z               [32m+[0m [0mprefix_list_ids  = []
2020-08-10T04:26:53.3925903Z               [32m+[0m [0mprotocol         = "tcp"
2020-08-10T04:26:53.3926404Z               [32m+[0m [0msecurity_groups  = []
2020-08-10T04:26:53.3926911Z               [32m+[0m [0mself             = false
2020-08-10T04:26:53.3927606Z               [32m+[0m [0mto_port          = 22
2020-08-10T04:26:53.3927996Z             },
2020-08-10T04:26:53.3928507Z           [32m+[0m [0m{
2020-08-10T04:26:53.3929048Z               [32m+[0m [0mcidr_blocks      = [
2020-08-10T04:26:53.3929608Z                   [32m+[0m [0m"10.0.0.0/16",
2020-08-10T04:26:53.3930001Z                 ]
2020-08-10T04:26:53.3930533Z               [32m+[0m [0mdescription      = ""
2020-08-10T04:26:53.3931090Z               [32m+[0m [0mfrom_port        = 80
2020-08-10T04:26:53.3931645Z               [32m+[0m [0mipv6_cidr_blocks = []
2020-08-10T04:26:53.3932199Z               [32m+[0m [0mprefix_list_ids  = []
2020-08-10T04:26:53.3932776Z               [32m+[0m [0mprotocol         = "tcp"
2020-08-10T04:26:53.3933336Z               [32m+[0m [0msecurity_groups  = []
2020-08-10T04:26:53.3933897Z               [32m+[0m [0mself             = false
2020-08-10T04:26:53.3934459Z               [32m+[0m [0mto_port          = 80
2020-08-10T04:26:53.3936196Z             },
2020-08-10T04:26:53.3937416Z         ]
2020-08-10T04:26:53.3938402Z       [32m+[0m [0m[1m[0mname[0m[0m                   = (known after apply)
2020-08-10T04:26:53.3944458Z       [32m+[0m [0m[1m[0mowner_id[0m[0m               = (known after apply)
2020-08-10T04:26:53.3957396Z       [32m+[0m [0m[1m[0mrevoke_rules_on_delete[0m[0m = false
2020-08-10T04:26:53.3971361Z       [32m+[0m [0m[1m[0mtags[0m[0m                   = (known after apply)
2020-08-10T04:26:53.3980407Z       [32m+[0m [0m[1m[0mvpc_id[0m[0m                 = (known after apply)
2020-08-10T04:26:53.3983898Z     }
2020-08-10T04:26:53.3984093Z 
2020-08-10T04:26:53.4032180Z [1m  # random_integer.rand[0m will be created[0m[0m
2020-08-10T04:26:53.4033051Z [0m  [32m+[0m[0m resource "random_integer" "rand" {
2020-08-10T04:26:53.4033678Z       [32m+[0m [0m[1m[0mid[0m[0m     = (known after apply)
2020-08-10T04:26:53.4034301Z       [32m+[0m [0m[1m[0mmax[0m[0m    = 99999
2020-08-10T04:26:53.4035039Z       [32m+[0m [0m[1m[0mmin[0m[0m    = 10000
2020-08-10T04:26:53.4035648Z       [32m+[0m [0m[1m[0mresult[0m[0m = (known after apply)
2020-08-10T04:26:53.4036083Z     }
2020-08-10T04:26:53.4036279Z 
2020-08-10T04:26:53.4037044Z [1m  # module.bucket.aws_iam_instance_profile.instance_profile[0m will be created[0m[0m
2020-08-10T04:26:53.4037755Z [0m  [32m+[0m[0m resource "aws_iam_instance_profile" "instance_profile" {
2020-08-10T04:26:53.4038401Z       [32m+[0m [0m[1m[0marn[0m[0m         = (known after apply)
2020-08-10T04:26:53.4039040Z       [32m+[0m [0m[1m[0mcreate_date[0m[0m = (known after apply)
2020-08-10T04:26:53.4039723Z       [32m+[0m [0m[1m[0mid[0m[0m          = (known after apply)
2020-08-10T04:26:53.4040377Z       [32m+[0m [0m[1m[0mname[0m[0m        = (known after apply)
2020-08-10T04:26:53.4040918Z       [32m+[0m [0m[1m[0mpath[0m[0m        = "/"
2020-08-10T04:26:53.4041529Z       [32m+[0m [0m[1m[0mrole[0m[0m        = (known after apply)
2020-08-10T04:26:53.4042089Z       [32m+[0m [0m[1m[0munique_id[0m[0m   = (known after apply)
2020-08-10T04:26:53.4042473Z     }
2020-08-10T04:26:53.4042665Z 
2020-08-10T04:26:53.4043217Z [1m  # module.bucket.aws_iam_role.allow_instance_s3[0m will be created[0m[0m
2020-08-10T04:26:53.4043786Z [0m  [32m+[0m[0m resource "aws_iam_role" "allow_instance_s3" {
2020-08-10T04:26:53.4044349Z       [32m+[0m [0m[1m[0marn[0m[0m                   = (known after apply)
2020-08-10T04:26:53.4044911Z       [32m+[0m [0m[1m[0massume_role_policy[0m[0m    = jsonencode(
2020-08-10T04:26:53.4045319Z             {
2020-08-10T04:26:53.4045796Z               [32m+[0m [0mStatement = [
2020-08-10T04:26:53.4046269Z                   [32m+[0m [0m{
2020-08-10T04:26:53.4046782Z                       [32m+[0m [0mAction    = "sts:AssumeRole"
2020-08-10T04:26:53.4047311Z                       [32m+[0m [0mEffect    = "Allow"
2020-08-10T04:26:53.4047827Z                       [32m+[0m [0mPrincipal = {
2020-08-10T04:26:53.4048360Z                           [32m+[0m [0mService = "ec2.amazonaws.com"
2020-08-10T04:26:53.4048762Z                         }
2020-08-10T04:26:53.4049252Z                       [32m+[0m [0mSid       = ""
2020-08-10T04:26:53.4049626Z                     },
2020-08-10T04:26:53.4049969Z                 ]
2020-08-10T04:26:53.4050467Z               [32m+[0m [0mVersion   = "2012-10-17"
2020-08-10T04:26:53.4050831Z             }
2020-08-10T04:26:53.4051182Z         )
2020-08-10T04:26:53.4051709Z       [32m+[0m [0m[1m[0mcreate_date[0m[0m           = (known after apply)
2020-08-10T04:26:53.4052290Z       [32m+[0m [0m[1m[0mforce_detach_policies[0m[0m = false
2020-08-10T04:26:53.4052856Z       [32m+[0m [0m[1m[0mid[0m[0m                    = (known after apply)
2020-08-10T04:26:53.4053416Z       [32m+[0m [0m[1m[0mmax_session_duration[0m[0m  = 3600
2020-08-10T04:26:53.4053978Z       [32m+[0m [0m[1m[0mname[0m[0m                  = (known after apply)
2020-08-10T04:26:53.4054518Z       [32m+[0m [0m[1m[0mpath[0m[0m                  = "/"
2020-08-10T04:26:53.4055067Z       [32m+[0m [0m[1m[0munique_id[0m[0m             = (known after apply)
2020-08-10T04:26:53.4055456Z     }
2020-08-10T04:26:53.4055641Z 
2020-08-10T04:26:53.4056172Z [1m  # module.bucket.aws_iam_role_policy.allow_s3_all[0m will be created[0m[0m
2020-08-10T04:26:53.4056744Z [0m  [32m+[0m[0m resource "aws_iam_role_policy" "allow_s3_all" {
2020-08-10T04:26:53.4057284Z       [32m+[0m [0m[1m[0mid[0m[0m     = (known after apply)
2020-08-10T04:26:53.4057830Z       [32m+[0m [0m[1m[0mname[0m[0m   = (known after apply)
2020-08-10T04:26:53.4058360Z       [32m+[0m [0m[1m[0mpolicy[0m[0m = (known after apply)
2020-08-10T04:26:53.4058886Z       [32m+[0m [0m[1m[0mrole[0m[0m   = (known after apply)
2020-08-10T04:26:53.4059252Z     }
2020-08-10T04:26:53.4059442Z 
2020-08-10T04:26:53.4059955Z [1m  # module.bucket.aws_s3_bucket.web_bucket[0m will be created[0m[0m
2020-08-10T04:26:53.4060611Z [0m  [32m+[0m[0m resource "aws_s3_bucket" "web_bucket" {
2020-08-10T04:26:53.4061187Z       [32m+[0m [0m[1m[0macceleration_status[0m[0m         = (known after apply)
2020-08-10T04:26:53.4061773Z       [32m+[0m [0m[1m[0macl[0m[0m                         = "private"
2020-08-10T04:26:53.4062359Z       [32m+[0m [0m[1m[0marn[0m[0m                         = (known after apply)
2020-08-10T04:26:53.4062946Z       [32m+[0m [0m[1m[0mbucket[0m[0m                      = (known after apply)
2020-08-10T04:26:53.4063550Z       [32m+[0m [0m[1m[0mbucket_domain_name[0m[0m          = (known after apply)
2020-08-10T04:26:53.4064147Z       [32m+[0m [0m[1m[0mbucket_regional_domain_name[0m[0m = (known after apply)
2020-08-10T04:26:53.4064759Z       [32m+[0m [0m[1m[0mforce_destroy[0m[0m               = ***
2020-08-10T04:26:53.4065405Z       [32m+[0m [0m[1m[0mhosted_zone_id[0m[0m              = (known after apply)
2020-08-10T04:26:53.4066006Z       [32m+[0m [0m[1m[0mid[0m[0m                          = (known after apply)
2020-08-10T04:26:53.4066590Z       [32m+[0m [0m[1m[0mregion[0m[0m                      = (known after apply)
2020-08-10T04:26:53.4067208Z       [32m+[0m [0m[1m[0mrequest_payer[0m[0m               = (known after apply)
2020-08-10T04:26:53.4067797Z       [32m+[0m [0m[1m[0mtags[0m[0m                        = (known after apply)
2020-08-10T04:26:53.4068516Z       [32m+[0m [0m[1m[0mwebsite_domain[0m[0m              = (known after apply)
2020-08-10T04:26:53.4069108Z       [32m+[0m [0m[1m[0mwebsite_endpoint[0m[0m            = (known after apply)
2020-08-10T04:26:53.4069360Z 
2020-08-10T04:26:53.4069820Z       [32m+[0m [0mversioning {
2020-08-10T04:26:53.4070337Z           [32m+[0m [0m[1m[0menabled[0m[0m    = (known after apply)
2020-08-10T04:26:53.4070911Z           [32m+[0m [0m[1m[0mmfa_delete[0m[0m = (known after apply)
2020-08-10T04:26:53.4071295Z         }
2020-08-10T04:26:53.4071634Z     }
2020-08-10T04:26:53.4071820Z 
2020-08-10T04:26:53.4072331Z [1m  # module.vpc.aws_internet_gateway.this[0][0m will be created[0m[0m
2020-08-10T04:26:53.4072898Z [0m  [32m+[0m[0m resource "aws_internet_gateway" "this" {
2020-08-10T04:26:53.4073433Z       [32m+[0m [0m[1m[0marn[0m[0m      = (known after apply)
2020-08-10T04:26:53.4073981Z       [32m+[0m [0m[1m[0mid[0m[0m       = (known after apply)
2020-08-10T04:26:53.4074570Z       [32m+[0m [0m[1m[0mowner_id[0m[0m = (known after apply)
2020-08-10T04:26:53.4075115Z       [32m+[0m [0m[1m[0mtags[0m[0m     = (known after apply)
2020-08-10T04:26:53.4075657Z       [32m+[0m [0m[1m[0mvpc_id[0m[0m   = (known after apply)
2020-08-10T04:26:53.4076041Z     }
2020-08-10T04:26:53.4076229Z 
2020-08-10T04:26:53.4078432Z [1m  # module.vpc.aws_route.public_internet_gateway[0][0m will be created[0m[0m
2020-08-10T04:26:53.4079090Z [0m  [32m+[0m[0m resource "aws_route" "public_internet_gateway" {
2020-08-10T04:26:53.4079679Z       [32m+[0m [0m[1m[0mdestination_cidr_block[0m[0m     = "0.0.0.0/0"
2020-08-10T04:26:53.4080290Z       [32m+[0m [0m[1m[0mdestination_prefix_list_id[0m[0m = (known after apply)
2020-08-10T04:26:53.4080881Z       [32m+[0m [0m[1m[0megress_only_gateway_id[0m[0m     = (known after apply)
2020-08-10T04:26:53.4081486Z       [32m+[0m [0m[1m[0mgateway_id[0m[0m                 = (known after apply)
2020-08-10T04:26:53.4082074Z       [32m+[0m [0m[1m[0mid[0m[0m                         = (known after apply)
2020-08-10T04:26:53.4082661Z       [32m+[0m [0m[1m[0minstance_id[0m[0m                = (known after apply)
2020-08-10T04:26:53.4084533Z       [32m+[0m [0m[1m[0minstance_owner_id[0m[0m          = (known after apply)
2020-08-10T04:26:53.4085215Z       [32m+[0m [0m[1m[0mnat_gateway_id[0m[0m             = (known after apply)
2020-08-10T04:26:53.4085892Z       [32m+[0m [0m[1m[0mnetwork_interface_id[0m[0m       = (known after apply)
2020-08-10T04:26:53.4086698Z       [32m+[0m [0m[1m[0morigin[0m[0m                     = (known after apply)
2020-08-10T04:26:53.4087376Z       [32m+[0m [0m[1m[0mroute_table_id[0m[0m             = (known after apply)
2020-08-10T04:26:53.4088055Z       [32m+[0m [0m[1m[0mstate[0m[0m                      = (known after apply)
2020-08-10T04:26:53.4088320Z 
2020-08-10T04:26:53.4088914Z       [32m+[0m [0mtimeouts {
2020-08-10T04:26:53.4089500Z           [32m+[0m [0m[1m[0mcreate[0m[0m = "5m"
2020-08-10T04:26:53.4089922Z         }
2020-08-10T04:26:53.4090302Z     }
2020-08-10T04:26:53.4090502Z 
2020-08-10T04:26:53.4091105Z [1m  # module.vpc.aws_route_table.public[0][0m will be created[0m[0m
2020-08-10T04:26:53.4091736Z [0m  [32m+[0m[0m resource "aws_route_table" "public" {
2020-08-10T04:26:53.4092357Z       [32m+[0m [0m[1m[0mid[0m[0m               = (known after apply)
2020-08-10T04:26:53.4093079Z       [32m+[0m [0m[1m[0mowner_id[0m[0m         = (known after apply)
2020-08-10T04:26:53.4093738Z       [32m+[0m [0m[1m[0mpropagating_vgws[0m[0m = (known after apply)
2020-08-10T04:26:53.4094380Z       [32m+[0m [0m[1m[0mroute[0m[0m            = (known after apply)
2020-08-10T04:26:53.4095015Z       [32m+[0m [0m[1m[0mtags[0m[0m             = (known after apply)
2020-08-10T04:26:53.4095759Z       [32m+[0m [0m[1m[0mvpc_id[0m[0m           = (known after apply)
2020-08-10T04:26:53.4096158Z     }
2020-08-10T04:26:53.4096331Z 
2020-08-10T04:26:53.4096877Z [1m  # module.vpc.aws_route_table_association.public[0][0m will be created[0m[0m
2020-08-10T04:26:53.4097473Z [0m  [32m+[0m[0m resource "aws_route_table_association" "public" {
2020-08-10T04:26:53.4098030Z       [32m+[0m [0m[1m[0mid[0m[0m             = (known after apply)
2020-08-10T04:26:53.4098589Z       [32m+[0m [0m[1m[0mroute_table_id[0m[0m = (known after apply)
2020-08-10T04:26:53.4099140Z       [32m+[0m [0m[1m[0msubnet_id[0m[0m      = (known after apply)
2020-08-10T04:26:53.4099533Z     }
2020-08-10T04:26:53.4099717Z 
2020-08-10T04:26:53.4100255Z [1m  # module.vpc.aws_route_table_association.public[1][0m will be created[0m[0m
2020-08-10T04:26:53.4100844Z [0m  [32m+[0m[0m resource "aws_route_table_association" "public" {
2020-08-10T04:26:53.4101500Z       [32m+[0m [0m[1m[0mid[0m[0m             = (known after apply)
2020-08-10T04:26:53.4102221Z       [32m+[0m [0m[1m[0mroute_table_id[0m[0m = (known after apply)
2020-08-10T04:26:53.4102899Z       [32m+[0m [0m[1m[0msubnet_id[0m[0m      = (known after apply)
2020-08-10T04:26:53.4103371Z     }
2020-08-10T04:26:53.4103635Z 
2020-08-10T04:26:53.4104267Z [1m  # module.vpc.aws_subnet.public[0][0m will be created[0m[0m
2020-08-10T04:26:53.4104896Z [0m  [32m+[0m[0m resource "aws_subnet" "public" {
2020-08-10T04:26:53.4105577Z       [32m+[0m [0m[1m[0marn[0m[0m                             = (known after apply)
2020-08-10T04:26:53.4106276Z       [32m+[0m [0m[1m[0massign_ipv6_address_on_creation[0m[0m = false
2020-08-10T04:26:53.4107062Z       [32m+[0m [0m[1m[0mavailability_zone[0m[0m               = "***a"
2020-08-10T04:26:53.4107778Z       [32m+[0m [0m[1m[0mavailability_zone_id[0m[0m            = (known after apply)
2020-08-10T04:26:53.4108473Z       [32m+[0m [0m[1m[0mcidr_block[0m[0m                      = "10.0.0.0/24"
2020-08-10T04:26:53.4109200Z       [32m+[0m [0m[1m[0mid[0m[0m                              = (known after apply)
2020-08-10T04:26:53.4109896Z       [32m+[0m [0m[1m[0mipv6_cidr_block[0m[0m                 = (known after apply)
2020-08-10T04:26:53.4110608Z       [32m+[0m [0m[1m[0mipv6_cidr_block_association_id[0m[0m  = (known after apply)
2020-08-10T04:26:53.4111357Z       [32m+[0m [0m[1m[0mmap_public_ip_on_launch[0m[0m         = ***
2020-08-10T04:26:53.4127598Z       [32m+[0m [0m[1m[0mowner_id[0m[0m                        = (known after apply)
2020-08-10T04:26:53.4128251Z       [32m+[0m [0m[1m[0mtags[0m[0m                            = (known after apply)
2020-08-10T04:26:53.4129011Z       [32m+[0m [0m[1m[0mvpc_id[0m[0m                          = (known after apply)
2020-08-10T04:26:53.4130709Z     }
2020-08-10T04:26:53.4130920Z 
2020-08-10T04:26:53.4131473Z [1m  # module.vpc.aws_subnet.public[1][0m will be created[0m[0m
2020-08-10T04:26:53.4132029Z [0m  [32m+[0m[0m resource "aws_subnet" "public" {
2020-08-10T04:26:53.4132608Z       [32m+[0m [0m[1m[0marn[0m[0m                             = (known after apply)
2020-08-10T04:26:53.4133201Z       [32m+[0m [0m[1m[0massign_ipv6_address_on_creation[0m[0m = false
2020-08-10T04:26:53.4133857Z       [32m+[0m [0m[1m[0mavailability_zone[0m[0m               = "***b"
2020-08-10T04:26:53.4134463Z       [32m+[0m [0m[1m[0mavailability_zone_id[0m[0m            = (known after apply)
2020-08-10T04:26:53.4135177Z       [32m+[0m [0m[1m[0mcidr_block[0m[0m                      = "10.0.1.0/24"
2020-08-10T04:26:53.4135814Z       [32m+[0m [0m[1m[0mid[0m[0m                              = (known after apply)
2020-08-10T04:26:53.4137318Z       [32m+[0m [0m[1m[0mipv6_cidr_block[0m[0m                 = (known after apply)
2020-08-10T04:26:53.4137954Z       [32m+[0m [0m[1m[0mipv6_cidr_block_association_id[0m[0m  = (known after apply)
2020-08-10T04:26:53.4138563Z       [32m+[0m [0m[1m[0mmap_public_ip_on_launch[0m[0m         = ***
2020-08-10T04:26:53.4139165Z       [32m+[0m [0m[1m[0mowner_id[0m[0m                        = (known after apply)
2020-08-10T04:26:53.4139769Z       [32m+[0m [0m[1m[0mtags[0m[0m                            = (known after apply)
2020-08-10T04:26:53.4140383Z       [32m+[0m [0m[1m[0mvpc_id[0m[0m                          = (known after apply)
2020-08-10T04:26:53.4140840Z     }
2020-08-10T04:26:53.4141022Z 
2020-08-10T04:26:53.4141533Z [1m  # module.vpc.aws_vpc.this[0][0m will be created[0m[0m
2020-08-10T04:26:53.4142096Z [0m  [32m+[0m[0m resource "aws_vpc" "this" {
2020-08-10T04:26:53.4142685Z       [32m+[0m [0m[1m[0marn[0m[0m                              = (known after apply)
2020-08-10T04:26:53.4143286Z       [32m+[0m [0m[1m[0massign_generated_ipv6_cidr_block[0m[0m = false
2020-08-10T04:26:53.4143897Z       [32m+[0m [0m[1m[0mcidr_block[0m[0m                       = "10.0.0.0/16"
2020-08-10T04:26:53.4144529Z       [32m+[0m [0m[1m[0m***_network_acl_id[0m[0m           = (known after apply)
2020-08-10T04:26:53.4145183Z       [32m+[0m [0m[1m[0m***_route_table_id[0m[0m           = (known after apply)
2020-08-10T04:26:53.4145815Z       [32m+[0m [0m[1m[0m***_security_group_id[0m[0m        = (known after apply)
2020-08-10T04:26:53.4146422Z       [32m+[0m [0m[1m[0mdhcp_options_id[0m[0m                  = (known after apply)
2020-08-10T04:26:53.4147031Z       [32m+[0m [0m[1m[0menable_classiclink[0m[0m               = (known after apply)
2020-08-10T04:26:53.4147643Z       [32m+[0m [0m[1m[0menable_classiclink_dns_support[0m[0m   = (known after apply)
2020-08-10T04:26:53.4148374Z       [32m+[0m [0m[1m[0menable_dns_hostnames[0m[0m             = false
2020-08-10T04:26:53.4148892Z       [32m+[0m [0m[1m[0menable_dns_support[0m[0m               = ***
2020-08-10T04:26:53.4149420Z       [32m+[0m [0m[1m[0mid[0m[0m                               = (known after apply)
2020-08-10T04:26:53.4149951Z       [32m+[0m [0m[1m[0minstance_tenancy[0m[0m                 = "***"
2020-08-10T04:26:53.4150487Z       [32m+[0m [0m[1m[0mipv6_association_id[0m[0m              = (known after apply)
2020-08-10T04:26:53.4151018Z       [32m+[0m [0m[1m[0mipv6_cidr_block[0m[0m                  = (known after apply)
2020-08-10T04:26:53.4151551Z       [32m+[0m [0m[1m[0mmain_route_table_id[0m[0m              = (known after apply)
2020-08-10T04:26:53.4152084Z       [32m+[0m [0m[1m[0mowner_id[0m[0m                         = (known after apply)
2020-08-10T04:26:53.4152617Z       [32m+[0m [0m[1m[0mtags[0m[0m                             = (known after apply)
2020-08-10T04:26:53.4153054Z     }
2020-08-10T04:26:53.4153227Z 
2020-08-10T04:26:53.4153682Z [0m[1mPlan:[0m 20 to add, 0 to change, 0 to destroy.[0m
2020-08-10T04:26:53.4153885Z 
2020-08-10T04:26:53.4154343Z ------------------------------------------------------------------------
2020-08-10T04:26:53.4154560Z 
2020-08-10T04:26:53.4155112Z This plan was saved to: /home/runner/work/terraform-awscloud/terraform-awscloud/terraform.tfstate.d/dev/terraform.tfplan
2020-08-10T04:26:53.4155369Z 
2020-08-10T04:26:53.4155701Z To perform exactly these actions, run the following command to apply:
2020-08-10T04:26:53.4156531Z     terraform apply "/home/runner/work/terraform-awscloud/terraform-awscloud/terraform.tfstate.d/dev/terraform.tfplan"
2020-08-10T04:26:53.4156993Z 
2020-08-10T04:26:53.4199177Z ##[group]Run echo -en "***
2020-08-10T04:26:53.4199817Z [36;1mecho -en "***[0m
2020-08-10T04:26:53.4200306Z [36;1m***[0m
2020-08-10T04:26:53.4200783Z [36;1m***[0m
2020-08-10T04:26:53.4201247Z [36;1m***[0m
2020-08-10T04:26:53.4201706Z [36;1m***[0m
2020-08-10T04:26:53.4202169Z [36;1m***[0m
2020-08-10T04:26:53.4202618Z [36;1m***[0m
2020-08-10T04:26:53.4203089Z [36;1m***[0m
2020-08-10T04:26:53.4203547Z [36;1m***[0m
2020-08-10T04:26:53.4204001Z [36;1m***[0m
2020-08-10T04:26:53.4204460Z [36;1m***[0m
2020-08-10T04:26:53.4204914Z [36;1m***[0m
2020-08-10T04:26:53.4205367Z [36;1m***[0m
2020-08-10T04:26:53.4205879Z [36;1m***[0m
2020-08-10T04:26:53.4206279Z [36;1m***[0m
2020-08-10T04:26:53.4206686Z [36;1m***[0m
2020-08-10T04:26:53.4207092Z [36;1m***[0m
2020-08-10T04:26:53.4207584Z [36;1m***[0m
2020-08-10T04:26:53.4207929Z [36;1m***[0m
2020-08-10T04:26:53.4208272Z [36;1m***[0m
2020-08-10T04:26:53.4208632Z [36;1m***[0m
2020-08-10T04:26:53.4209014Z [36;1m***[0m
2020-08-10T04:26:53.4209383Z [36;1m***" > ${GITHUB_WORKSPACE}/access/keypair;[0m
2020-08-10T04:26:53.4209728Z [36;1mls -al ${GITHUB_WORKSPACE}/access/keypair;[0m
2020-08-10T04:26:53.4210132Z [36;1mtarget_workspace="$(cat ${GITHUB_WORKSPACE}/workspace | grep -vxE '[[:blank:]]*([#;].*)?' | tr -d "[:space:]")";[0m
2020-08-10T04:26:53.4210585Z [36;1mterraform_tfplan="${GITHUB_WORKSPACE}/terraform.tfstate.d/${target_workspace}/terraform.tfplan";[0m
2020-08-10T04:26:53.4210983Z [36;1mecho "Terraform Input Plan: ${terraform_tfplan}";[0m
2020-08-10T04:26:53.4211351Z [36;1mterraform apply -input=false ${terraform_tfplan};[0m
2020-08-10T04:26:53.4240984Z shell: /bin/bash -e {0}
2020-08-10T04:26:53.4241391Z env:
2020-08-10T04:26:53.4241822Z   terraform_deploy: ***
2020-08-10T04:26:53.4242249Z   terraform_destroy: ***
2020-08-10T04:26:53.4242676Z   terraform_tfstate: ${GITHUB_WORKSPACE}/terraform.tfstate.d
2020-08-10T04:26:53.4243133Z   terraform_planfile: terraform
2020-08-10T04:26:53.4243585Z   inspect_deployment: ***
2020-08-10T04:26:53.4244032Z   AWS_SHARED_CREDENTIALS_FILE: ${GITHUB_WORKSPACE}/access/credentials
2020-08-10T04:26:53.4244509Z   AWS_DEFAULT_PROFILE: ***
2020-08-10T04:26:53.4244929Z   AWS_DEFAULT_REGION: ***
2020-08-10T04:26:53.4245355Z   AWS_ACCESS_KEY_ID: ***
2020-08-10T04:26:53.4245797Z   AWS_SECRET_ACCESS_KEY: ***
2020-08-10T04:26:53.4246219Z   awscli_keypair: ${GITHUB_WORKSPACE}/access/keypair
2020-08-10T04:26:53.4246651Z ##[endgroup]
2020-08-10T04:26:53.4327098Z -rw-r--r-- 1 runner docker 1674 Aug 10 04:26 /home/runner/work/terraform-awscloud/terraform-awscloud/access/keypair
2020-08-10T04:26:53.4363170Z Terraform Input Plan: /home/runner/work/terraform-awscloud/terraform-awscloud/terraform.tfstate.d/dev/terraform.tfplan
2020-08-10T04:26:55.3930706Z [0m[1mrandom_integer.rand: Creating...[0m[0m
2020-08-10T04:26:55.3951401Z [0m[1mrandom_integer.rand: Creation complete after 0s [id=46901][0m[0m
2020-08-10T04:26:55.5981343Z [0m[1mmodule.bucket.aws_iam_role.allow_instance_s3: Creating...[0m[0m
2020-08-10T04:26:55.6077881Z [0m[1mmodule.bucket.aws_s3_bucket.web_bucket: Creating...[0m[0m
2020-08-10T04:26:55.6091238Z [0m[1mmodule.vpc.aws_vpc.this[0]: Creating...[0m[0m
2020-08-10T04:26:55.7702501Z [0m[1mmodule.bucket.aws_iam_role.allow_instance_s3: Creation complete after 0s [id=terraform-dev-46901_allow_instance_s3][0m[0m
2020-08-10T04:26:55.7777945Z [0m[1mmodule.bucket.aws_iam_role_policy.allow_s3_all: Creating...[0m[0m
2020-08-10T04:26:55.7779101Z [0m[1mmodule.bucket.aws_iam_instance_profile.instance_profile: Creating...[0m[0m
2020-08-10T04:26:55.9951627Z [0m[1mmodule.bucket.aws_iam_role_policy.allow_s3_all: Creation complete after 0s [id=terraform-dev-46901_allow_instance_s3:terraform-dev-46901_allow_all][0m[0m
2020-08-10T04:26:56.0414562Z [0m[1mmodule.bucket.aws_iam_instance_profile.instance_profile: Creation complete after 0s [id=terraform-dev-46901_instance_profile][0m[0m
2020-08-10T04:26:56.8523211Z [0m[1mmodule.bucket.aws_s3_bucket.web_bucket: Creation complete after 1s [id=terraform-dev-46901][0m[0m
2020-08-10T04:26:56.8707852Z [0m[1maws_s3_bucket_object.graphic: Creating...[0m[0m
2020-08-10T04:26:56.8713528Z [0m[1maws_s3_bucket_object.website: Creating...[0m[0m
2020-08-10T04:26:56.9521120Z [0m[1mmodule.vpc.aws_vpc.this[0]: Creation complete after 1s [id=vpc-089e4196754bb58bf][0m[0m
2020-08-10T04:26:56.9606179Z [0m[1mmodule.vpc.aws_subnet.public[1]: Creating...[0m[0m
2020-08-10T04:26:56.9614935Z [0m[1mmodule.vpc.aws_subnet.public[0]: Creating...[0m[0m
2020-08-10T04:26:56.9619662Z [0m[1mmodule.vpc.aws_route_table.public[0]: Creating...[0m[0m
2020-08-10T04:26:56.9628142Z [0m[1mmodule.vpc.aws_internet_gateway.this[0]: Creating...[0m[0m
2020-08-10T04:26:56.9644531Z [0m[1maws_security_group.elb-sg: Creating...[0m[0m
2020-08-10T04:26:56.9708558Z [0m[1maws_security_group.nginx-sg: Creating...[0m[0m
2020-08-10T04:26:57.0160376Z [0m[1maws_s3_bucket_object.website: Creation complete after 0s [id=/website/index.html][0m[0m
2020-08-10T04:26:57.0598725Z [0m[1maws_s3_bucket_object.graphic: Creation complete after 0s [id=/website/Globo_logo_Vert.png][0m[0m
2020-08-10T04:26:57.5035160Z [0m[1mmodule.vpc.aws_route_table.public[0]: Creation complete after 1s [id=rtb-06dd45dba9eee6bbe][0m[0m
2020-08-10T04:26:57.6962196Z [0m[1mmodule.vpc.aws_internet_gateway.this[0]: Creation complete after 1s [id=igw-0f2e00d72bcc53f58][0m[0m
2020-08-10T04:26:57.7015611Z [0m[1mmodule.vpc.aws_route.public_internet_gateway[0]: Creating...[0m[0m
2020-08-10T04:26:57.9760971Z [0m[1mmodule.vpc.aws_subnet.public[0]: Creation complete after 1s [id=subnet-0df9831d35036a1bc][0m[0m
2020-08-10T04:26:57.9800056Z [0m[1mmodule.vpc.aws_subnet.public[1]: Creation complete after 1s [id=subnet-086e5fb70c01151a8][0m[0m
2020-08-10T04:26:57.9967029Z [0m[1mmodule.vpc.aws_route_table_association.public[1]: Creating...[0m[0m
2020-08-10T04:26:57.9982723Z [0m[1mmodule.vpc.aws_route_table_association.public[0]: Creating...[0m[0m
2020-08-10T04:26:58.0290578Z [0m[1mmodule.vpc.aws_route.public_internet_gateway[0]: Creation complete after 0s [id=r-rtb-06dd45dba9eee6bbe1080289494][0m[0m
2020-08-10T04:26:58.2147002Z [0m[1mmodule.vpc.aws_route_table_association.public[0]: Creation complete after 0s [id=rtbassoc-0caae05a9560e4893][0m[0m
2020-08-10T04:26:58.2514527Z [0m[1mmodule.vpc.aws_route_table_association.public[1]: Creation complete after 0s [id=rtbassoc-06026696e6997b904][0m[0m
2020-08-10T04:26:58.8919948Z [0m[1maws_security_group.nginx-sg: Creation complete after 2s [id=sg-008dcb9e14ed8b03c][0m[0m
2020-08-10T04:26:58.8995865Z [0m[1maws_instance.nginx[1]: Creating...[0m[0m
2020-08-10T04:26:58.9046712Z [0m[1maws_instance.nginx[0]: Creating...[0m[0m
2020-08-10T04:26:58.9140835Z [0m[1maws_security_group.elb-sg: Creation complete after 2s [id=sg-08a54299a0ab27ed7][0m[0m
2020-08-10T04:27:08.9027355Z [0m[1maws_instance.nginx[1]: Still creating... [10s elapsed][0m[0m
2020-08-10T04:27:08.9052438Z [0m[1maws_instance.nginx[0]: Still creating... [10s elapsed][0m[0m
2020-08-10T04:27:18.9031752Z [0m[1maws_instance.nginx[1]: Still creating... [20s elapsed][0m[0m
2020-08-10T04:27:18.9056137Z [0m[1maws_instance.nginx[0]: Still creating... [20s elapsed][0m[0m
2020-08-10T04:27:28.9037349Z [0m[1maws_instance.nginx[1]: Still creating... [30s elapsed][0m[0m
2020-08-10T04:27:28.9054789Z [0m[1maws_instance.nginx[0]: Still creating... [30s elapsed][0m[0m
2020-08-10T04:27:35.0092847Z [0m[1maws_instance.nginx[1]: Provisioning with 'file'...[0m[0m
2020-08-10T04:27:38.9035760Z [0m[1maws_instance.nginx[1]: Still creating... [40s elapsed][0m[0m
2020-08-10T04:27:38.9057563Z [0m[1maws_instance.nginx[0]: Still creating... [40s elapsed][0m[0m
2020-08-10T04:27:45.2411556Z [0m[1maws_instance.nginx[0]: Provisioning with 'file'...[0m[0m
2020-08-10T04:27:48.9040120Z [0m[1maws_instance.nginx[1]: Still creating... [50s elapsed][0m[0m
2020-08-10T04:27:48.9062518Z [0m[1maws_instance.nginx[0]: Still creating... [50s elapsed][0m[0m
2020-08-10T04:27:50.2599725Z [0m[1maws_instance.nginx[1]: Provisioning with 'file'...[0m[0m
2020-08-10T04:27:50.4040187Z [0m[1maws_instance.nginx[1]: Provisioning with 'remote-exec'...[0m[0m
2020-08-10T04:27:50.4266031Z [0m[0maws_instance.nginx[1] (remote-exec): Connecting to remote host via SSH...
2020-08-10T04:27:50.4267595Z aws_instance.nginx[1] (remote-exec):   Host: 54.197.40.17
2020-08-10T04:27:50.4268762Z aws_instance.nginx[1] (remote-exec):   User: ec2-user
2020-08-10T04:27:50.4270008Z aws_instance.nginx[1] (remote-exec):   Password: false
2020-08-10T04:27:50.4271093Z aws_instance.nginx[1] (remote-exec):   Private key: ***
2020-08-10T04:27:50.4272025Z aws_instance.nginx[1] (remote-exec):   Certificate: false
2020-08-10T04:27:50.4273583Z aws_instance.nginx[1] (remote-exec):   SSH Agent: false
2020-08-10T04:27:50.4274600Z aws_instance.nginx[1] (remote-exec):   Checking Host Key: false
2020-08-10T04:27:50.5002190Z [0m[0maws_instance.nginx[1] (remote-exec): Connected!
2020-08-10T04:27:50.7580673Z [0m[0maws_instance.nginx[1] (remote-exec): Loaded plugins: priorities, update-motd,
2020-08-10T04:27:50.7582964Z [0m[0maws_instance.nginx[1] (remote-exec):               : upgrade-helper
2020-08-10T04:27:50.8735218Z [0m[0maws_instance.nginx[1] (remote-exec): Resolving Dependencies
2020-08-10T04:27:50.8737247Z [0m[0maws_instance.nginx[1] (remote-exec): --> Running transaction check
2020-08-10T04:27:50.8740352Z [0m[0maws_instance.nginx[1] (remote-exec): ---> Package nginx.x86_64 1:1.16.1-1.37.amzn1 will be installed
2020-08-10T04:27:50.8961541Z [0m[0maws_instance.nginx[1] (remote-exec): --> Processing Dependency: libprofiler.so.0()(64bit) for package: 1:nginx-1.16.1-1.37.amzn1.x86_64
2020-08-10T04:27:50.9758107Z [0m[0maws_instance.nginx[1] (remote-exec): --> Running transaction check
2020-08-10T04:27:50.9760077Z [0m[0maws_instance.nginx[1] (remote-exec): ---> Package gperftools-libs.x86_64 0:2.0-11.5.amzn1 will be installed
2020-08-10T04:27:50.9827957Z [0m[0maws_instance.nginx[1] (remote-exec): --> Processing Dependency: libunwind.so.8()(64bit) for package: gperftools-libs-2.0-11.5.amzn1.x86_64
2020-08-10T04:27:50.9846499Z [0m[0maws_instance.nginx[1] (remote-exec): --> Running transaction check
2020-08-10T04:27:50.9847342Z [0m[0maws_instance.nginx[1] (remote-exec): ---> Package libunwind.x86_64 0:1.1-10.8.amzn1 will be installed
2020-08-10T04:27:51.0567086Z [0m[0maws_instance.nginx[1] (remote-exec): --> Finished Dependency Resolution
2020-08-10T04:27:51.1065927Z [0m[0m
2020-08-10T04:27:51.1067791Z [0m[0maws_instance.nginx[1] (remote-exec): Dependencies Resolved
2020-08-10T04:27:51.1098022Z [0m[0m
2020-08-10T04:27:51.1100398Z [0m[0maws_instance.nginx[1] (remote-exec): ========================================
2020-08-10T04:27:51.1102864Z [0m[0maws_instance.nginx[1] (remote-exec):  Package   Arch   Version
2020-08-10T04:27:51.1105643Z [0m[0maws_instance.nginx[1] (remote-exec):                      Repository    Size
2020-08-10T04:27:51.1107701Z [0m[0maws_instance.nginx[1] (remote-exec): ========================================
2020-08-10T04:27:51.1109948Z [0m[0maws_instance.nginx[1] (remote-exec): Installing:
2020-08-10T04:27:51.1111928Z [0m[0maws_instance.nginx[1] (remote-exec):  nginx     x86_64 1:1.16.1-1.37.amzn1
2020-08-10T04:27:51.1114540Z [0m[0maws_instance.nginx[1] (remote-exec):                      amzn-updates 598 k
2020-08-10T04:27:51.1116993Z [0m[0maws_instance.nginx[1] (remote-exec): Installing for dependencies:
2020-08-10T04:27:51.1118722Z [0m[0maws_instance.nginx[1] (remote-exec):  gperftools-libs
2020-08-10T04:27:51.1120786Z [0m[0maws_instance.nginx[1] (remote-exec):            x86_64 2.0-11.5.amzn1
2020-08-10T04:27:51.1122735Z [0m[0maws_instance.nginx[1] (remote-exec):                      amzn-main    570 k
2020-08-10T04:27:51.1124553Z [0m[0maws_instance.nginx[1] (remote-exec):  libunwind x86_64 1.1-10.8.amzn1
2020-08-10T04:27:51.1137552Z [0m[0maws_instance.nginx[1] (remote-exec):                      amzn-main     72 k
2020-08-10T04:27:51.1139617Z [0m[0m
2020-08-10T04:27:51.1141166Z [0m[0maws_instance.nginx[1] (remote-exec): Transaction Summary
2020-08-10T04:27:51.1146344Z [0m[0maws_instance.nginx[1] (remote-exec): ========================================
2020-08-10T04:27:51.1147053Z [0m[0maws_instance.nginx[1] (remote-exec): Install  1 Package (+2 Dependent packages)
2020-08-10T04:27:51.1147836Z [0m[0m
2020-08-10T04:27:51.1148833Z [0m[0maws_instance.nginx[1] (remote-exec): Total download size: 1.2 M
2020-08-10T04:27:51.1149611Z [0m[0maws_instance.nginx[1] (remote-exec): Installed size: 3.0 M
2020-08-10T04:27:51.1151372Z [0m[0maws_instance.nginx[1] (remote-exec): Downloading packages:
2020-08-10T04:27:51.5475827Z [0m[0maws_instance.nginx[1] (remote-exec): (1/3): libunwind-1 |  72 kB   00:00
2020-08-10T04:27:51.7047331Z [0m[0maws_instance.nginx[1] (remote-exec): (2/3): nginx-1.16. | 598 kB   00:00
2020-08-10T04:27:51.7141358Z [0m[0maws_instance.nginx[1] (remote-exec): (3/3): gperftools- | 570 kB   00:00
2020-08-10T04:27:51.7248129Z [0m[0maws_instance.nginx[1] (remote-exec): ----------------------------------------
2020-08-10T04:27:51.7249154Z [0m[0maws_instance.nginx[1] (remote-exec): Total      2.0 MB/s | 1.2 MB  00:00
2020-08-10T04:27:51.7273019Z [0m[0maws_instance.nginx[1] (remote-exec): Running transaction check
2020-08-10T04:27:51.7396543Z [0m[0maws_instance.nginx[1] (remote-exec): Running transaction test
2020-08-10T04:27:51.7670693Z [0m[0maws_instance.nginx[1] (remote-exec): Transaction test succeeded
2020-08-10T04:27:51.7671966Z [0m[0maws_instance.nginx[1] (remote-exec): Running transaction
2020-08-10T04:27:51.8158744Z [0m[0maws_instance.nginx[1] (remote-exec):   Installing : libunwin [         ] 1/3
2020-08-10T04:27:51.8160065Z aws_instance.nginx[1] (remote-exec):   Installing : libunwin [#####    ] 1/3
2020-08-10T04:27:51.8161289Z aws_instance.nginx[1] (remote-exec):   Installing : libunwin [#######  ] 1/3
2020-08-10T04:27:51.8162520Z aws_instance.nginx[1] (remote-exec):   Installing : libunwin [######## ] 1/3
2020-08-10T04:27:51.8163776Z aws_instance.nginx[1] (remote-exec):   Installing : libunwind-1.1-10.8   1/3
2020-08-10T04:27:51.8642661Z [0m[0maws_instance.nginx[1] (remote-exec):   Installing : gperftoo [         ] 2/3
2020-08-10T04:27:51.8643209Z aws_instance.nginx[1] (remote-exec):   Installing : gperftoo [#        ] 2/3
2020-08-10T04:27:51.8643703Z aws_instance.nginx[1] (remote-exec):   Installing : gperftoo [##       ] 2/3
2020-08-10T04:27:51.8644190Z aws_instance.nginx[1] (remote-exec):   Installing : gperftoo [###      ] 2/3
2020-08-10T04:27:51.8644693Z aws_instance.nginx[1] (remote-exec):   Installing : gperftoo [####     ] 2/3
2020-08-10T04:27:51.8645178Z aws_instance.nginx[1] (remote-exec):   Installing : gperftoo [#####    ] 2/3
2020-08-10T04:27:51.8645660Z aws_instance.nginx[1] (remote-exec):   Installing : gperftoo [######   ] 2/3
2020-08-10T04:27:51.8646137Z aws_instance.nginx[1] (remote-exec):   Installing : gperftoo [#######  ] 2/3
2020-08-10T04:27:51.8646622Z aws_instance.nginx[1] (remote-exec):   Installing : gperftoo [######## ] 2/3
2020-08-10T04:27:51.8647096Z aws_instance.nginx[1] (remote-exec):   Installing : gperftools-libs-2.   2/3
2020-08-10T04:27:51.9589516Z [0m[0maws_instance.nginx[1] (remote-exec):   Installing : 1:nginx- [         ] 3/3
2020-08-10T04:27:51.9590453Z aws_instance.nginx[1] (remote-exec):   Installing : 1:nginx- [#        ] 3/3
2020-08-10T04:27:51.9592658Z aws_instance.nginx[1] (remote-exec):   Installing : 1:nginx- [##       ] 3/3
2020-08-10T04:27:51.9593591Z aws_instance.nginx[1] (remote-exec):   Installing : 1:nginx- [###      ] 3/3
2020-08-10T04:27:51.9594245Z aws_instance.nginx[1] (remote-exec):   Installing : 1:nginx- [####     ] 3/3
2020-08-10T04:27:51.9594873Z aws_instance.nginx[1] (remote-exec):   Installing : 1:nginx- [#####    ] 3/3
2020-08-10T04:27:51.9595580Z aws_instance.nginx[1] (remote-exec):   Installing : 1:nginx- [######   ] 3/3
2020-08-10T04:27:51.9596138Z aws_instance.nginx[1] (remote-exec):   Installing : 1:nginx- [#######  ] 3/3
2020-08-10T04:27:51.9596965Z aws_instance.nginx[1] (remote-exec):   Installing : 1:nginx- [######## ] 3/3
2020-08-10T04:27:51.9597546Z aws_instance.nginx[1] (remote-exec):   Installing : 1:nginx-1.16.1-1.3   3/3
2020-08-10T04:27:52.0006886Z [0m[0maws_instance.nginx[1] (remote-exec):   Verifying  : libunwind-1.1-10.8   1/3
2020-08-10T04:27:52.0112678Z [0m[0maws_instance.nginx[1] (remote-exec):   Verifying  : gperftools-libs-2.   2/3
2020-08-10T04:27:52.0204915Z [0m[0maws_instance.nginx[1] (remote-exec):   Verifying  : 1:nginx-1.16.1-1.3   3/3
2020-08-10T04:27:52.0914004Z [0m[0m
2020-08-10T04:27:52.0915105Z [0m[0maws_instance.nginx[1] (remote-exec): Installed:
2020-08-10T04:27:52.0919974Z [0m[0maws_instance.nginx[1] (remote-exec):   nginx.x86_64 1:1.16.1-1.37.amzn1
2020-08-10T04:27:52.0921082Z [0m[0m
2020-08-10T04:27:52.0922122Z [0m[0maws_instance.nginx[1] (remote-exec): Dependency Installed:
2020-08-10T04:27:52.0923368Z [0m[0maws_instance.nginx[1] (remote-exec):   gperftools-libs.x86_64 0:2.0-11.5.amzn1
2020-08-10T04:27:52.0924609Z [0m[0maws_instance.nginx[1] (remote-exec):   libunwind.x86_64 0:1.1-10.8.amzn1
2020-08-10T04:27:52.0925616Z [0m[0m
2020-08-10T04:27:52.0926622Z [0m[0maws_instance.nginx[1] (remote-exec): Complete!
2020-08-10T04:27:52.2354214Z [0m[0maws_instance.nginx[1] (remote-exec): Starting nginx: [60G[[0;32m  OK  [0;39m]
2020-08-10T04:27:53.7550822Z [0m[0maws_instance.nginx[1] (remote-exec): Collecting s3cmd
2020-08-10T04:27:53.8846757Z [0m[0maws_instance.nginx[1] (remote-exec):   Downloading https://files.pythonhosted.org/packages/26/44/19e08f69b2169003f7307565f19449d997895251c6a6566ce21d5d636435/s3cmd-2.1.0-py2.py3-none-any.whl (145kB)
2020-08-10T04:27:53.9256366Z [0m[0maws_instance.nginx[1] (remote-exec): [?25l
2020-08-10T04:27:53.9259022Z aws_instance.nginx[1] (remote-exec): [K    7% |██▎                             | 10kB 34.0MB/s eta 0:00:01
2020-08-10T04:27:53.9261556Z aws_instance.nginx[1] (remote-exec): [K    14% |████▌                           | 20kB 19.1MB/s eta 0:00:01
2020-08-10T04:27:53.9264005Z aws_instance.nginx[1] (remote-exec): [K    21% |██████▊                         | 30kB 10.2MB/s eta 0:00:01
2020-08-10T04:27:53.9266406Z aws_instance.nginx[1] (remote-exec): [K    28% |█████████                       | 40kB 9.0MB/s eta 0:00:01
2020-08-10T04:27:53.9268730Z aws_instance.nginx[1] (remote-exec): [K    35% |███████████▎                    | 51kB 8.5MB/s eta 0:00:01
2020-08-10T04:27:53.9271113Z aws_instance.nginx[1] (remote-exec): [K    42% |█████████████▌                  | 61kB 8.3MB/s eta 0:00:01
2020-08-10T04:27:53.9273381Z aws_instance.nginx[1] (remote-exec): [K    49% |███████████████▊                | 71kB 8.0MB/s eta 0:00:01
2020-08-10T04:27:53.9275700Z aws_instance.nginx[1] (remote-exec): [K    56% |██████████████████              | 81kB 8.3MB/s eta 0:00:01
2020-08-10T04:27:53.9278206Z aws_instance.nginx[1] (remote-exec): [K    63% |████████████████████▎           | 92kB 8.2MB/s eta 0:00:01
2020-08-10T04:27:53.9280715Z aws_instance.nginx[1] (remote-exec): [K    70% |██████████████████████▌         | 102kB 7.5MB/s eta 0:00:01
2020-08-10T04:27:53.9286909Z aws_instance.nginx[1] (remote-exec): [K    77% |████████████████████████▊       | 112kB 7.5MB/s eta 0:00:01
2020-08-10T04:27:53.9288846Z aws_instance.nginx[1] (remote-exec): [K    84% |███████████████████████████     | 122kB 7.5MB/s eta 0:00:01
2020-08-10T04:27:53.9290280Z aws_instance.nginx[1] (remote-exec): [K    91% |█████████████████████████████▏  | 133kB 8.2MB/s eta 0:00:01
2020-08-10T04:27:53.9291698Z aws_instance.nginx[1] (remote-exec): [K    98% |███████████████████████████████▌| 143kB 8.7MB/s eta 0:00:01
2020-08-10T04:27:53.9293086Z aws_instance.nginx[1] (remote-exec): [K    100% |████████████████████████████████| 153kB 3.1MB/s
2020-08-10T04:27:54.2899946Z [0m[0maws_instance.nginx[1] (remote-exec): [?25hCollecting python-magic (from s3cmd)
2020-08-10T04:27:54.3664580Z [0m[0maws_instance.nginx[1] (remote-exec):   Downloading https://files.pythonhosted.org/packages/59/77/c76dc35249df428ce2c38a3196e2b2e8f9d2f847a8ca1d4d7a3973c28601/python_magic-0.4.18-py2.py3-none-any.whl
2020-08-10T04:27:54.5465136Z [0m[0maws_instance.nginx[1] (remote-exec): Requirement already satisfied: python-dateutil in /usr/lib/python2.7/dist-packages (from s3cmd)
2020-08-10T04:27:54.5524060Z [0m[0maws_instance.nginx[1] (remote-exec): Requirement already satisfied: six in /usr/lib/python2.7/dist-packages (from python-dateutil->s3cmd)
2020-08-10T04:27:54.5524971Z [0m[0maws_instance.nginx[1] (remote-exec): Installing collected packages: python-magic, s3cmd
2020-08-10T04:27:54.6908470Z [0m[0maws_instance.nginx[1] (remote-exec): Successfully installed python-magic-0.4.18 s3cmd-2.1.0
2020-08-10T04:27:54.9300068Z [0m[0maws_instance.nginx[1] (remote-exec): [33mYou are using pip version 9.0.3, however version 20.2.1 is available.
2020-08-10T04:27:54.9306282Z [0m[0maws_instance.nginx[1] (remote-exec): You should consider upgrading via the 'pip install --upgrade pip' command.[0m
2020-08-10T04:27:55.3008495Z [0m[0maws_instance.nginx[1] (remote-exec): download: 's3://terraform-dev-46901/website/index.html' -> './index.html'  [1 of 1]
2020-08-10T04:27:55.3630835Z [0m[0maws_instance.nginx[1] (remote-exec):  294 of 294   100% in    0s     4.58 KB/s
2020-08-10T04:27:55.3631711Z aws_instance.nginx[1] (remote-exec):  294 of 294   100% in    0s     4.57 KB/s  done
2020-08-10T04:27:55.5056648Z [0m[0maws_instance.nginx[1] (remote-exec): download: 's3://terraform-dev-46901/website/Globo_logo_Vert.png' -> './Globo_logo_Vert.png'  [1 of 1]
2020-08-10T04:27:55.5417032Z [0m[0maws_instance.nginx[1] (remote-exec):  21659 of 21659   100% in    0s   591.08 KB/s
2020-08-10T04:27:55.5418543Z aws_instance.nginx[1] (remote-exec):  21659 of 21659   100% in    0s   588.04 KB/s  done
2020-08-10T04:27:55.7588449Z [0m[0maws_instance.nginx[1] (remote-exec): upload: '/var/log/nginx/access.log' -> 's3://terraform-dev-46901/nginx/i-03f90c5623d4b8771/access.log'  [1 of 3]
2020-08-10T04:27:55.7863883Z [0m[0maws_instance.nginx[1] (remote-exec):  0 of 0     0% in    0s     0.00 B/s
2020-08-10T04:27:55.7865219Z aws_instance.nginx[1] (remote-exec):  0 of 0     0% in    0s     0.00 B/s  done
2020-08-10T04:27:55.8011550Z [0m[0maws_instance.nginx[1] (remote-exec): upload: '/var/log/nginx/access.log-20200810.gz' -> 's3://terraform-dev-46901/nginx/i-03f90c5623d4b8771/access.log-20200810.gz'  [2 of 3]
2020-08-10T04:27:55.8427986Z [0m[0maws_instance.nginx[1] (remote-exec):  20 of 20   100% in    0s    25.94 KB/s
2020-08-10T04:27:55.8429386Z aws_instance.nginx[1] (remote-exec):  20 of 20   100% in    0s   482.47 B/s  done
2020-08-10T04:27:55.8470458Z [0m[0maws_instance.nginx[1] (remote-exec): upload: '/var/log/nginx/error.log' -> 's3://terraform-dev-46901/nginx/i-03f90c5623d4b8771/error.log'  [3 of 3]
2020-08-10T04:27:55.8767798Z [0m[0maws_instance.nginx[1] (remote-exec):  0 of 0     0% in    0s     0.00 B/s
2020-08-10T04:27:55.8769102Z aws_instance.nginx[1] (remote-exec):  0 of 0     0% in    0s     0.00 B/s  done
2020-08-10T04:27:56.0890759Z [0m[0maws_instance.nginx[1] (remote-exec): remote copy: 'access.log-20200810.gz' -> 'error.log-20200810.gz'
2020-08-10T04:27:56.0892256Z [0m[0maws_instance.nginx[1] (remote-exec): Done. Uploaded 20 bytes in 1.0 seconds, 20.00 B/s.
2020-08-10T04:27:56.1419667Z [0m[1maws_instance.nginx[1]: Creation complete after 57s [id=i-03f90c5623d4b8771][0m[0m
2020-08-10T04:27:56.6180438Z [0m[1maws_instance.nginx[0]: Provisioning with 'file'...[0m[0m
2020-08-10T04:27:56.8495982Z [0m[1maws_instance.nginx[0]: Provisioning with 'remote-exec'...[0m[0m
2020-08-10T04:27:56.8519798Z [0m[0maws_instance.nginx[0] (remote-exec): Connecting to remote host via SSH...
2020-08-10T04:27:56.8521106Z aws_instance.nginx[0] (remote-exec):   Host: 3.226.245.200
2020-08-10T04:27:56.8522588Z aws_instance.nginx[0] (remote-exec):   User: ec2-user
2020-08-10T04:27:56.8523875Z aws_instance.nginx[0] (remote-exec):   Password: false
2020-08-10T04:27:56.8525094Z aws_instance.nginx[0] (remote-exec):   Private key: ***
2020-08-10T04:27:56.8526470Z aws_instance.nginx[0] (remote-exec):   Certificate: false
2020-08-10T04:27:56.8527581Z aws_instance.nginx[0] (remote-exec):   SSH Agent: false
2020-08-10T04:27:56.8528694Z aws_instance.nginx[0] (remote-exec):   Checking Host Key: false
2020-08-10T04:27:56.9548330Z [0m[0maws_instance.nginx[0] (remote-exec): Connected!
2020-08-10T04:27:57.4688357Z [0m[0maws_instance.nginx[0] (remote-exec): Loaded plugins: priorities, update-motd,
2020-08-10T04:27:57.4692253Z [0m[0maws_instance.nginx[0] (remote-exec):               : upgrade-helper
2020-08-10T04:27:57.5075696Z [0m[0maws_instance.nginx[0] (remote-exec): Existing lock /var/run/yum.pid: another copy is running as pid 2534.
2020-08-10T04:27:57.5097122Z [0m[0maws_instance.nginx[0] (remote-exec): Another app is currently holding the yum lock; waiting for it to exit...
2020-08-10T04:27:57.5108857Z [0m[0maws_instance.nginx[0] (remote-exec):   The other application is: yum
2020-08-10T04:27:57.5115385Z [0m[0maws_instance.nginx[0] (remote-exec):     Memory : 125 M RSS (371 MB VSZ)
2020-08-10T04:27:57.5117055Z [0m[0maws_instance.nginx[0] (remote-exec):     Started: Mon Aug 10 04:27:54 2020 - 00:03 ago
2020-08-10T04:27:57.5118339Z [0m[0maws_instance.nginx[0] (remote-exec):     State  : Running, pid: 2534
2020-08-10T04:27:58.9068830Z [0m[1maws_instance.nginx[0]: Still creating... [1m0s elapsed][0m[0m
2020-08-10T04:27:59.6077120Z [0m[0maws_instance.nginx[0] (remote-exec): Resolving Dependencies
2020-08-10T04:27:59.6083099Z [0m[0maws_instance.nginx[0] (remote-exec): --> Running transaction check
2020-08-10T04:27:59.6090698Z [0m[0maws_instance.nginx[0] (remote-exec): ---> Package nginx.x86_64 1:1.16.1-1.37.amzn1 will be installed
2020-08-10T04:27:59.6317931Z [0m[0maws_instance.nginx[0] (remote-exec): --> Processing Dependency: libprofiler.so.0()(64bit) for package: 1:nginx-1.16.1-1.37.amzn1.x86_64
2020-08-10T04:27:59.7125369Z [0m[0maws_instance.nginx[0] (remote-exec): --> Running transaction check
2020-08-10T04:27:59.7126205Z [0m[0maws_instance.nginx[0] (remote-exec): ---> Package gperftools-libs.x86_64 0:2.0-11.5.amzn1 will be installed
2020-08-10T04:27:59.7202249Z [0m[0maws_instance.nginx[0] (remote-exec): --> Processing Dependency: libunwind.so.8()(64bit) for package: gperftools-libs-2.0-11.5.amzn1.x86_64
2020-08-10T04:27:59.7221124Z [0m[0maws_instance.nginx[0] (remote-exec): --> Running transaction check
2020-08-10T04:27:59.7222013Z [0m[0maws_instance.nginx[0] (remote-exec): ---> Package libunwind.x86_64 0:1.1-10.8.amzn1 will be installed
2020-08-10T04:27:59.7954349Z [0m[0maws_instance.nginx[0] (remote-exec): --> Finished Dependency Resolution
2020-08-10T04:27:59.8485137Z [0m[0m
2020-08-10T04:27:59.8486276Z [0m[0maws_instance.nginx[0] (remote-exec): Dependencies Resolved
2020-08-10T04:27:59.8506918Z [0m[0m
2020-08-10T04:27:59.8508606Z [0m[0maws_instance.nginx[0] (remote-exec): ========================================
2020-08-10T04:27:59.8510412Z [0m[0maws_instance.nginx[0] (remote-exec):  Package   Arch   Version
2020-08-10T04:27:59.8512523Z [0m[0maws_instance.nginx[0] (remote-exec):                      Repository    Size
2020-08-10T04:27:59.8516035Z [0m[0maws_instance.nginx[0] (remote-exec): ========================================
2020-08-10T04:27:59.8517944Z [0m[0maws_instance.nginx[0] (remote-exec): Installing:
2020-08-10T04:27:59.8519130Z [0m[0maws_instance.nginx[0] (remote-exec):  nginx     x86_64 1:1.16.1-1.37.amzn1
2020-08-10T04:27:59.8520383Z [0m[0maws_instance.nginx[0] (remote-exec):                      amzn-updates 598 k
2020-08-10T04:27:59.8521573Z [0m[0maws_instance.nginx[0] (remote-exec): Installing for dependencies:
2020-08-10T04:27:59.8522717Z [0m[0maws_instance.nginx[0] (remote-exec):  gperftools-libs
2020-08-10T04:27:59.8523868Z [0m[0maws_instance.nginx[0] (remote-exec):            x86_64 2.0-11.5.amzn1
2020-08-10T04:27:59.8525098Z [0m[0maws_instance.nginx[0] (remote-exec):                      amzn-main    570 k
2020-08-10T04:27:59.8526471Z [0m[0maws_instance.nginx[0] (remote-exec):  libunwind x86_64 1.1-10.8.amzn1
2020-08-10T04:27:59.8527723Z [0m[0maws_instance.nginx[0] (remote-exec):                      amzn-main     72 k
2020-08-10T04:27:59.8528765Z [0m[0m
2020-08-10T04:27:59.8529867Z [0m[0maws_instance.nginx[0] (remote-exec): Transaction Summary
2020-08-10T04:27:59.8531052Z [0m[0maws_instance.nginx[0] (remote-exec): ========================================
2020-08-10T04:27:59.8532299Z [0m[0maws_instance.nginx[0] (remote-exec): Install  1 Package (+2 Dependent packages)
2020-08-10T04:27:59.8533348Z [0m[0m
2020-08-10T04:27:59.8534422Z [0m[0maws_instance.nginx[0] (remote-exec): Total download size: 1.2 M
2020-08-10T04:27:59.8535565Z [0m[0maws_instance.nginx[0] (remote-exec): Installed size: 3.0 M
2020-08-10T04:27:59.8536674Z [0m[0maws_instance.nginx[0] (remote-exec): Downloading packages:
2020-08-10T04:28:00.2826914Z [0m[0maws_instance.nginx[0] (remote-exec): (2/3): libunwin 0% |    0 B   --:-- ETA
2020-08-10T04:28:00.3304077Z [0m[0maws_instance.nginx[0] (remote-exec): (1/3): libunwind-1 |  72 kB   00:00
2020-08-10T04:28:00.4460979Z [0m[0maws_instance.nginx[0] (remote-exec): (2/3): gperftools- | 570 kB   00:00
2020-08-10T04:28:00.4830185Z [0m[0maws_instance.nginx[0] (remote-exec): (3/3): nginx-1.16. | 598 kB   00:00
2020-08-10T04:28:00.4946472Z [0m[0maws_instance.nginx[0] (remote-exec): ----------------------------------------
2020-08-10T04:28:00.4947819Z [0m[0maws_instance.nginx[0] (remote-exec): Total      1.9 MB/s | 1.2 MB  00:00
2020-08-10T04:28:00.4982480Z [0m[0maws_instance.nginx[0] (remote-exec): Running transaction check
2020-08-10T04:28:00.5108236Z [0m[0maws_instance.nginx[0] (remote-exec): Running transaction test
2020-08-10T04:28:00.5467001Z [0m[0maws_instance.nginx[0] (remote-exec): Transaction test succeeded
2020-08-10T04:28:00.5468298Z [0m[0maws_instance.nginx[0] (remote-exec): Running transaction
2020-08-10T04:28:00.5995074Z [0m[0maws_instance.nginx[0] (remote-exec):   Installing : libunwin [         ] 1/3
2020-08-10T04:28:00.5996398Z aws_instance.nginx[0] (remote-exec):   Installing : libunwin [#####    ] 1/3
2020-08-10T04:28:00.5997864Z aws_instance.nginx[0] (remote-exec):   Installing : libunwin [#######  ] 1/3
2020-08-10T04:28:00.5999086Z aws_instance.nginx[0] (remote-exec):   Installing : libunwin [######## ] 1/3
2020-08-10T04:28:00.6000292Z aws_instance.nginx[0] (remote-exec):   Installing : libunwind-1.1-10.8   1/3
2020-08-10T04:28:00.6459898Z [0m[0maws_instance.nginx[0] (remote-exec):   Installing : gperftoo [         ] 2/3
2020-08-10T04:28:00.6460909Z aws_instance.nginx[0] (remote-exec):   Installing : gperftoo [#        ] 2/3
2020-08-10T04:28:00.6461848Z aws_instance.nginx[0] (remote-exec):   Installing : gperftoo [##       ] 2/3
2020-08-10T04:28:00.6463123Z aws_instance.nginx[0] (remote-exec):   Installing : gperftoo [###      ] 2/3
2020-08-10T04:28:00.6464115Z aws_instance.nginx[0] (remote-exec):   Installing : gperftoo [####     ] 2/3
2020-08-10T04:28:00.6465046Z aws_instance.nginx[0] (remote-exec):   Installing : gperftoo [#####    ] 2/3
2020-08-10T04:28:00.6466022Z aws_instance.nginx[0] (remote-exec):   Installing : gperftoo [######   ] 2/3
2020-08-10T04:28:00.6466666Z aws_instance.nginx[0] (remote-exec):   Installing : gperftoo [#######  ] 2/3
2020-08-10T04:28:00.6467512Z aws_instance.nginx[0] (remote-exec):   Installing : gperftoo [######## ] 2/3
2020-08-10T04:28:00.6468146Z aws_instance.nginx[0] (remote-exec):   Installing : gperftools-libs-2.   2/3
2020-08-10T04:28:00.7779541Z [0m[0maws_instance.nginx[0] (remote-exec):   Installing : 1:nginx- [         ] 3/3
2020-08-10T04:28:00.7781418Z aws_instance.nginx[0] (remote-exec):   Installing : 1:nginx- [#        ] 3/3
2020-08-10T04:28:00.7785383Z aws_instance.nginx[0] (remote-exec):   Installing : 1:nginx- [##       ] 3/3
2020-08-10T04:28:00.7787605Z aws_instance.nginx[0] (remote-exec):   Installing : 1:nginx- [###      ] 3/3
2020-08-10T04:28:00.7788966Z aws_instance.nginx[0] (remote-exec):   Installing : 1:nginx- [####     ] 3/3
2020-08-10T04:28:00.7790485Z aws_instance.nginx[0] (remote-exec):   Installing : 1:nginx- [#####    ] 3/3
2020-08-10T04:28:00.7791731Z aws_instance.nginx[0] (remote-exec):   Installing : 1:nginx- [######   ] 3/3
2020-08-10T04:28:00.7792931Z aws_instance.nginx[0] (remote-exec):   Installing : 1:nginx- [#######  ] 3/3
2020-08-10T04:28:00.7795420Z aws_instance.nginx[0] (remote-exec):   Installing : 1:nginx- [######## ] 3/3
2020-08-10T04:28:00.7796916Z aws_instance.nginx[0] (remote-exec):   Installing : 1:nginx-1.16.1-1.3   3/3
2020-08-10T04:28:00.8378373Z [0m[0maws_instance.nginx[0] (remote-exec):   Verifying  : libunwind-1.1-10.8   1/3
2020-08-10T04:28:00.8498269Z [0m[0maws_instance.nginx[0] (remote-exec):   Verifying  : gperftools-libs-2.   2/3
2020-08-10T04:28:00.8651122Z [0m[0maws_instance.nginx[0] (remote-exec):   Verifying  : 1:nginx-1.16.1-1.3   3/3
2020-08-10T04:28:00.9417681Z [0m[0m
2020-08-10T04:28:00.9418682Z [0m[0maws_instance.nginx[0] (remote-exec): Installed:
2020-08-10T04:28:00.9419736Z [0m[0maws_instance.nginx[0] (remote-exec):   nginx.x86_64 1:1.16.1-1.37.amzn1
2020-08-10T04:28:00.9420638Z [0m[0m
2020-08-10T04:28:00.9421547Z [0m[0maws_instance.nginx[0] (remote-exec): Dependency Installed:
2020-08-10T04:28:00.9422691Z [0m[0maws_instance.nginx[0] (remote-exec):   gperftools-libs.x86_64 0:2.0-11.5.amzn1
2020-08-10T04:28:00.9423842Z [0m[0maws_instance.nginx[0] (remote-exec):   libunwind.x86_64 0:1.1-10.8.amzn1
2020-08-10T04:28:00.9424746Z [0m[0m
2020-08-10T04:28:00.9425630Z [0m[0maws_instance.nginx[0] (remote-exec): Complete!
2020-08-10T04:28:01.1058344Z [0m[0maws_instance.nginx[0] (remote-exec): Starting nginx: [60G[[0;32m  OK  [0;39m]
2020-08-10T04:28:03.3323243Z [0m[0maws_instance.nginx[0] (remote-exec): Collecting s3cmd
2020-08-10T04:28:03.7675534Z [0m[0maws_instance.nginx[0] (remote-exec):   Downloading https://files.pythonhosted.org/packages/26/44/19e08f69b2169003f7307565f19449d997895251c6a6566ce21d5d636435/s3cmd-2.1.0-py2.py3-none-any.whl (145kB)
2020-08-10T04:28:03.8188216Z [0m[0maws_instance.nginx[0] (remote-exec): [?25l
2020-08-10T04:28:03.8196368Z aws_instance.nginx[0] (remote-exec): [K    7% |██▎                             | 10kB 29.8MB/s eta 0:00:01
2020-08-10T04:28:03.8227441Z aws_instance.nginx[0] (remote-exec): [K    14% |████▌                           | 20kB 29.9MB/s eta 0:00:01
2020-08-10T04:28:03.8228326Z aws_instance.nginx[0] (remote-exec): [K    21% |██████▊                         | 30kB 30.7MB/s eta 0:00:01
2020-08-10T04:28:03.8229378Z aws_instance.nginx[0] (remote-exec): [K    28% |█████████                       | 40kB 6.1MB/s eta 0:00:01
2020-08-10T04:28:03.8230468Z aws_instance.nginx[0] (remote-exec): [K    35% |███████████▎                    | 51kB 4.9MB/s eta 0:00:01
2020-08-10T04:28:03.8231617Z aws_instance.nginx[0] (remote-exec): [K    42% |█████████████▌                  | 61kB 4.6MB/s eta 0:00:01
2020-08-10T04:28:03.8232635Z aws_instance.nginx[0] (remote-exec): [K    49% |███████████████▊                | 71kB 4.7MB/s eta 0:00:01
2020-08-10T04:28:03.8233619Z aws_instance.nginx[0] (remote-exec): [K    56% |██████████████████              | 81kB 4.9MB/s eta 0:00:01
2020-08-10T04:28:03.8234445Z aws_instance.nginx[0] (remote-exec): [K    63% |████████████████████▎           | 92kB 5.1MB/s eta 0:00:01
2020-08-10T04:28:03.8235607Z aws_instance.nginx[0] (remote-exec): [K    70% |██████████████████████▌         | 102kB 5.3MB/s eta 0:00:01
2020-08-10T04:28:03.8236387Z aws_instance.nginx[0] (remote-exec): [K    77% |████████████████████████▊       | 112kB 5.1MB/s eta 0:00:01
2020-08-10T04:28:03.8237251Z aws_instance.nginx[0] (remote-exec): [K    84% |███████████████████████████     | 122kB 4.9MB/s eta 0:00:01
2020-08-10T04:28:03.8238014Z aws_instance.nginx[0] (remote-exec): [K    91% |█████████████████████████████▏  | 133kB 4.7MB/s eta 0:00:01
2020-08-10T04:28:03.8238776Z aws_instance.nginx[0] (remote-exec): [K    98% |███████████████████████████████▌| 143kB 6.1MB/s eta 0:00:01
2020-08-10T04:28:03.8239622Z aws_instance.nginx[0] (remote-exec): [K    100% |████████████████████████████████| 153kB 2.8MB/s
2020-08-10T04:28:04.2097210Z [0m[0maws_instance.nginx[0] (remote-exec): [?25hCollecting python-magic (from s3cmd)
2020-08-10T04:28:04.2890134Z [0m[0maws_instance.nginx[0] (remote-exec):   Downloading https://files.pythonhosted.org/packages/59/77/c76dc35249df428ce2c38a3196e2b2e8f9d2f847a8ca1d4d7a3973c28601/python_magic-0.4.18-py2.py3-none-any.whl
2020-08-10T04:28:04.4795357Z [0m[0maws_instance.nginx[0] (remote-exec): Requirement already satisfied: python-dateutil in /usr/lib/python2.7/dist-packages (from s3cmd)
2020-08-10T04:28:04.4857718Z [0m[0maws_instance.nginx[0] (remote-exec): Requirement already satisfied: six in /usr/lib/python2.7/dist-packages (from python-dateutil->s3cmd)
2020-08-10T04:28:04.4859921Z [0m[0maws_instance.nginx[0] (remote-exec): Installing collected packages: python-magic, s3cmd
2020-08-10T04:28:04.6388931Z [0m[0maws_instance.nginx[0] (remote-exec): Successfully installed python-magic-0.4.18 s3cmd-2.1.0
2020-08-10T04:28:04.8956413Z [0m[0maws_instance.nginx[0] (remote-exec): [33mYou are using pip version 9.0.3, however version 20.2.1 is available.
2020-08-10T04:28:04.8958608Z [0m[0maws_instance.nginx[0] (remote-exec): You should consider upgrading via the 'pip install --upgrade pip' command.[0m
2020-08-10T04:28:05.2475642Z [0m[0maws_instance.nginx[0] (remote-exec): download: 's3://terraform-dev-46901/website/index.html' -> './index.html'  [1 of 1]
2020-08-10T04:28:05.3145037Z [0m[0maws_instance.nginx[0] (remote-exec):  294 of 294   100% in    0s     4.27 KB/s
2020-08-10T04:28:05.3146687Z aws_instance.nginx[0] (remote-exec):  294 of 294   100% in    0s     4.25 KB/s  done
2020-08-10T04:28:05.5284088Z [0m[0maws_instance.nginx[0] (remote-exec): download: 's3://terraform-dev-46901/website/Globo_logo_Vert.png' -> './Globo_logo_Vert.png'  [1 of 1]
2020-08-10T04:28:05.5616742Z [0m[0maws_instance.nginx[0] (remote-exec):  21659 of 21659   100% in    0s   631.70 KB/s
2020-08-10T04:28:05.5642780Z aws_instance.nginx[0] (remote-exec):  21659 of 21659   100% in    0s   627.02 KB/s  done
2020-08-10T04:28:05.8207325Z [0m[0maws_instance.nginx[0] (remote-exec): upload: '/var/log/nginx/access.log' -> 's3://terraform-dev-46901/nginx/i-0b0f6b7357b1027fd/access.log'  [1 of 3]
2020-08-10T04:28:05.8473319Z [0m[0maws_instance.nginx[0] (remote-exec):  0 of 0     0% in    0s     0.00 B/s
2020-08-10T04:28:05.8474145Z aws_instance.nginx[0] (remote-exec):  0 of 0     0% in    0s     0.00 B/s  done
2020-08-10T04:28:05.8868247Z [0m[0maws_instance.nginx[0] (remote-exec): upload: '/var/log/nginx/access.log-20200810.gz' -> 's3://terraform-dev-46901/nginx/i-0b0f6b7357b1027fd/access.log-20200810.gz'  [2 of 3]
2020-08-10T04:28:05.9310471Z [0m[0maws_instance.nginx[0] (remote-exec):  20 of 20   100% in    0s    20.37 KB/s
2020-08-10T04:28:05.9311181Z aws_instance.nginx[0] (remote-exec):  20 of 20   100% in    0s   449.78 B/s  done
2020-08-10T04:28:05.9358378Z [0m[0maws_instance.nginx[0] (remote-exec): upload: '/var/log/nginx/error.log' -> 's3://terraform-dev-46901/nginx/i-0b0f6b7357b1027fd/error.log'  [3 of 3]
2020-08-10T04:28:05.9725143Z [0m[0maws_instance.nginx[0] (remote-exec):  0 of 0     0% in    0s     0.00 B/s
2020-08-10T04:28:05.9726460Z aws_instance.nginx[0] (remote-exec):  0 of 0     0% in    0s     0.00 B/s  done
2020-08-10T04:28:06.1865845Z [0m[0maws_instance.nginx[0] (remote-exec): remote copy: 'access.log-20200810.gz' -> 'error.log-20200810.gz'
2020-08-10T04:28:06.1867385Z [0m[0maws_instance.nginx[0] (remote-exec): Done. Uploaded 20 bytes in 1.0 seconds, 20.00 B/s.
2020-08-10T04:28:06.2419643Z [0m[1maws_instance.nginx[0]: Creation complete after 1m7s [id=i-0b0f6b7357b1027fd][0m[0m
2020-08-10T04:28:06.2502431Z [0m[1maws_elb.web: Creating...[0m[0m
2020-08-10T04:28:09.8959333Z [0m[1maws_elb.web: Creation complete after 4s [id=dev-nginx-elb-46901][0m[0m
2020-08-10T04:28:09.9084590Z [0m[1m[32m
2020-08-10T04:28:09.9087267Z Apply complete! Resources: 20 added, 0 changed, 0 destroyed.[0m
2020-08-10T04:28:09.9091337Z [0m
2020-08-10T04:28:09.9092117Z The state of your infrastructure has been saved to the path
2020-08-10T04:28:09.9092772Z below. This state is required to modify and destroy your
2020-08-10T04:28:09.9096060Z infrastructure, so keep it safe. To inspect the complete state
2020-08-10T04:28:09.9096783Z use the `terraform show` command.
2020-08-10T04:28:09.9097270Z 
2020-08-10T04:28:09.9100270Z State path: terraform.tfstate[0m
2020-08-10T04:28:09.9103543Z [0m[1m[32m
2020-08-10T04:28:09.9104430Z Outputs:
2020-08-10T04:28:09.9104695Z 
2020-08-10T04:28:09.9105747Z aws_elb_public_dns = dev-nginx-elb-46901-1283207526.***.elb.amazonaws.com
2020-08-10T04:28:09.9106439Z resources_index = 46901[0m
2020-08-10T04:28:09.9166963Z ##[group]Run target_workspace="$(cat ${GITHUB_WORKSPACE}/workspace | grep -vxE '[[:blank:]]*([#;].*)?' | tr -d "[:space:]")";
2020-08-10T04:28:09.9167708Z [36;1mtarget_workspace="$(cat ${GITHUB_WORKSPACE}/workspace | grep -vxE '[[:blank:]]*([#;].*)?' | tr -d "[:space:]")";[0m
2020-08-10T04:28:09.9168189Z [36;1mpaused=5; while [[[0m
2020-08-10T04:28:09.9168594Z [36;1m    `aws elb describe-instance-health \[0m
2020-08-10T04:28:09.9169095Z [36;1m             --load-balancer-name ${target_workspace}-nginx-elb-$(terraform output resources_index) \[0m
2020-08-10T04:28:09.9169602Z [36;1m             --query InstanceStates[].State \[0m
2020-08-10T04:28:09.9170037Z [36;1m             --output text \[0m
2020-08-10T04:28:09.9170449Z [36;1m     | sed -e 's/InService//g' -e 's/\([[:blank:]]\)\{1,\}//' \[0m
2020-08-10T04:28:09.9170915Z [36;1m     | egrep -c 'OutOfService' 2>/dev/null` -gt 0[0m
2020-08-10T04:28:09.9171326Z [36;1m  ]]; do[0m
2020-08-10T04:28:09.9171752Z [36;1m   sleep ${paused};[0m
2020-08-10T04:28:09.9172137Z [36;1mdone; ## sleep ${paused};[0m
2020-08-10T04:28:09.9172523Z [36;1m## curl --silent --head $([0m
2020-08-10T04:28:09.9172922Z [36;1m##     aws elb describe-load-balancers \[0m
2020-08-10T04:28:09.9173417Z [36;1m##             --load-balancer-name ${target_workspace}-nginx-elb-$(terraform output resources_index) \[0m
2020-08-10T04:28:09.9173986Z [36;1m##             --query 'LoadBalancerDescriptions[].DNSName' \[0m
2020-08-10T04:28:09.9174402Z [36;1m##             --output text[0m
2020-08-10T04:28:09.9174848Z [36;1m##   ) 2>/dev/null;[0m
2020-08-10T04:28:09.9217279Z shell: /bin/bash -e {0}
2020-08-10T04:28:09.9217685Z env:
2020-08-10T04:28:09.9218138Z   terraform_deploy: ***
2020-08-10T04:28:09.9218570Z   terraform_destroy: ***
2020-08-10T04:28:09.9219014Z   terraform_tfstate: ${GITHUB_WORKSPACE}/terraform.tfstate.d
2020-08-10T04:28:09.9219466Z   terraform_planfile: terraform
2020-08-10T04:28:09.9219883Z   inspect_deployment: ***
2020-08-10T04:28:09.9220334Z   AWS_SHARED_CREDENTIALS_FILE: ${GITHUB_WORKSPACE}/access/credentials
2020-08-10T04:28:09.9220828Z   AWS_DEFAULT_PROFILE: ***
2020-08-10T04:28:09.9221250Z   AWS_DEFAULT_REGION: ***
2020-08-10T04:28:09.9221669Z   AWS_ACCESS_KEY_ID: ***
2020-08-10T04:28:09.9222110Z   AWS_SECRET_ACCESS_KEY: ***
2020-08-10T04:28:09.9222514Z ##[endgroup]
2020-08-10T04:30:12.2146397Z ##[group]Run target_workspace="$(cat ${GITHUB_WORKSPACE}/workspace | grep -vxE '[[:blank:]]*([#;].*)?' | tr -d "[:space:]")";
2020-08-10T04:30:12.2147062Z [36;1mtarget_workspace="$(cat ${GITHUB_WORKSPACE}/workspace | grep -vxE '[[:blank:]]*([#;].*)?' | tr -d "[:space:]")";[0m
2020-08-10T04:30:12.2147668Z [36;1maws elb describe-load-balancers --load-balancer-name ${target_workspace}-nginx-elb-$(terraform output resources_index);[0m
2020-08-10T04:30:12.2202684Z shell: /bin/bash -e {0}
2020-08-10T04:30:12.2203374Z env:
2020-08-10T04:30:12.2204123Z   terraform_deploy: ***
2020-08-10T04:30:12.2204864Z   terraform_destroy: ***
2020-08-10T04:30:12.2205610Z   terraform_tfstate: ${GITHUB_WORKSPACE}/terraform.tfstate.d
2020-08-10T04:30:12.2206382Z   terraform_planfile: terraform
2020-08-10T04:30:12.2207104Z   inspect_deployment: ***
2020-08-10T04:30:12.2207862Z   AWS_SHARED_CREDENTIALS_FILE: ${GITHUB_WORKSPACE}/access/credentials
2020-08-10T04:30:12.2208702Z   AWS_DEFAULT_PROFILE: ***
2020-08-10T04:30:12.2209486Z   AWS_DEFAULT_REGION: ***
2020-08-10T04:30:12.2210211Z   AWS_ACCESS_KEY_ID: ***
2020-08-10T04:30:12.2210977Z   AWS_SECRET_ACCESS_KEY: ***
2020-08-10T04:30:12.2211673Z ##[endgroup]
2020-08-10T04:30:12.7536187Z {
2020-08-10T04:30:12.7536933Z     "LoadBalancerDescriptions": [
2020-08-10T04:30:12.7537518Z         {
2020-08-10T04:30:12.7538580Z             "Subnets": [
2020-08-10T04:30:12.7540139Z                 "subnet-086e5fb70c01151a8", 
2020-08-10T04:30:12.7541043Z                 "subnet-0df9831d35036a1bc"
2020-08-10T04:30:12.7541627Z             ], 
2020-08-10T04:30:12.7542240Z             "CanonicalHostedZoneNameID": "Z35SXDOTRQ7X7K", 
2020-08-10T04:30:12.7543429Z             "CanonicalHostedZoneName": "dev-nginx-elb-46901-1283207526.***.elb.amazonaws.com", 
2020-08-10T04:30:12.7544164Z             "ListenerDescriptions": [
2020-08-10T04:30:12.7544766Z                 {
2020-08-10T04:30:12.7545345Z                     "Listener": {
2020-08-10T04:30:12.7545977Z                         "InstancePort": 80, 
2020-08-10T04:30:12.7546614Z                         "LoadBalancerPort": 80, 
2020-08-10T04:30:12.7547244Z                         "Protocol": "HTTP", 
2020-08-10T04:30:12.7547870Z                         "InstanceProtocol": "HTTP"
2020-08-10T04:30:12.7548488Z                     }, 
2020-08-10T04:30:12.7549074Z                     "PolicyNames": []
2020-08-10T04:30:12.7549663Z                 }
2020-08-10T04:30:12.7550214Z             ], 
2020-08-10T04:30:12.7550784Z             "HealthCheck": {
2020-08-10T04:30:12.7551376Z                 "HealthyThreshold": 10, 
2020-08-10T04:30:12.7551958Z                 "Interval": 30, 
2020-08-10T04:30:12.7552549Z                 "Target": "TCP:80", 
2020-08-10T04:30:12.7553124Z                 "Timeout": 5, 
2020-08-10T04:30:12.7553707Z                 "UnhealthyThreshold": 2
2020-08-10T04:30:12.7554291Z             }, 
2020-08-10T04:30:12.7555152Z             "VPCId": "vpc-089e4196754bb58bf", 
2020-08-10T04:30:12.7555798Z             "BackendServerDescriptions": [], 
2020-08-10T04:30:12.7556395Z             "Instances": [
2020-08-10T04:30:12.7557138Z                 {
2020-08-10T04:30:12.7558015Z                     "InstanceId": "i-0b0f6b7357b1027fd"
2020-08-10T04:30:12.7558991Z                 }, 
2020-08-10T04:30:12.7559557Z                 {
2020-08-10T04:30:12.7560437Z                     "InstanceId": "i-03f90c5623d4b8771"
2020-08-10T04:30:12.7561082Z                 }
2020-08-10T04:30:12.7561649Z             ], 
2020-08-10T04:30:12.7562631Z             "DNSName": "dev-nginx-elb-46901-1283207526.***.elb.amazonaws.com", 
2020-08-10T04:30:12.7563341Z             "SecurityGroups": [
2020-08-10T04:30:12.7564163Z                 "sg-08a54299a0ab27ed7"
2020-08-10T04:30:12.7564738Z             ], 
2020-08-10T04:30:12.7565318Z             "Policies": {
2020-08-10T04:30:12.7565933Z                 "LBCookieStickinessPolicies": [], 
2020-08-10T04:30:12.7566581Z                 "AppCookieStickinessPolicies": [], 
2020-08-10T04:30:12.7567376Z                 "OtherPolicies": []
2020-08-10T04:30:12.7567948Z             }, 
2020-08-10T04:30:12.7568823Z             "LoadBalancerName": "dev-nginx-elb-46901", 
2020-08-10T04:30:12.7569742Z             "CreatedTime": "2020-08-10T04:28:06.620Z", 
2020-08-10T04:30:12.7570378Z             "AvailabilityZones": [
2020-08-10T04:30:12.7571210Z                 "***b", 
2020-08-10T04:30:12.7572011Z                 "***a"
2020-08-10T04:30:12.7572578Z             ], 
2020-08-10T04:30:12.7573381Z             "Scheme": "internet-facing", 
2020-08-10T04:30:12.7573978Z             "SourceSecurityGroup": {
2020-08-10T04:30:12.7574604Z                 "OwnerAlias": "***", 
2020-08-10T04:30:12.7575457Z                 "GroupName": "nginx_elb_sg-46901"
2020-08-10T04:30:12.7576057Z             }
2020-08-10T04:30:12.7576601Z         }
2020-08-10T04:30:12.7577145Z     ]
2020-08-10T04:30:12.7577682Z }
2020-08-10T04:30:12.7868860Z ##[group]Run target_workspace="$(cat ${GITHUB_WORKSPACE}/workspace | grep -vxE '[[:blank:]]*([#;].*)?' | tr -d "[:space:]")";
2020-08-10T04:30:12.7869515Z [36;1mtarget_workspace="$(cat ${GITHUB_WORKSPACE}/workspace | grep -vxE '[[:blank:]]*([#;].*)?' | tr -d "[:space:]")";[0m
2020-08-10T04:30:12.7870079Z [36;1mterraform show | tee ${GITHUB_WORKSPACE}/terraform.tfstate.d/${target_workspace}/terraform.show;[0m
2020-08-10T04:30:12.7906701Z shell: /bin/bash -e {0}
2020-08-10T04:30:12.7907098Z env:
2020-08-10T04:30:12.7907529Z   terraform_deploy: ***
2020-08-10T04:30:12.7907958Z   terraform_destroy: ***
2020-08-10T04:30:12.7908386Z   terraform_tfstate: ${GITHUB_WORKSPACE}/terraform.tfstate.d
2020-08-10T04:30:12.7908834Z   terraform_planfile: terraform
2020-08-10T04:30:12.7909248Z   inspect_deployment: ***
2020-08-10T04:30:12.7909686Z   AWS_SHARED_CREDENTIALS_FILE: ${GITHUB_WORKSPACE}/access/credentials
2020-08-10T04:30:12.7910181Z   AWS_DEFAULT_PROFILE: ***
2020-08-10T04:30:12.7910630Z   AWS_DEFAULT_REGION: ***
2020-08-10T04:30:12.7911068Z   AWS_ACCESS_KEY_ID: ***
2020-08-10T04:30:12.7911510Z   AWS_SECRET_ACCESS_KEY: ***
2020-08-10T04:30:12.7911998Z ##[endgroup]
2020-08-10T04:30:14.0984477Z [0m# aws_elb.web:
2020-08-10T04:30:14.0985349Z resource "aws_elb" "web" {
2020-08-10T04:30:14.0986492Z     [1m[0marn[0m[0m                         = "arn:aws:elasticloadbalancing:***:***:loadbalancer/dev-nginx-elb-46901"
2020-08-10T04:30:14.0987300Z     [1m[0mavailability_zones[0m[0m          = [
2020-08-10T04:30:14.0987899Z         "***a",
2020-08-10T04:30:14.0988447Z         "***b",
2020-08-10T04:30:14.0988878Z     ]
2020-08-10T04:30:14.0989462Z     [1m[0mconnection_draining[0m[0m         = false
2020-08-10T04:30:14.0990068Z     [1m[0mconnection_draining_timeout[0m[0m = 300
2020-08-10T04:30:14.0990689Z     [1m[0mcross_zone_load_balancing[0m[0m   = ***
2020-08-10T04:30:14.0991401Z     [1m[0mdns_name[0m[0m                    = "dev-nginx-elb-46901-1283207526.***.elb.amazonaws.com"
2020-08-10T04:30:14.0992089Z     [1m[0mid[0m[0m                          = "dev-nginx-elb-46901"
2020-08-10T04:30:14.0992707Z     [1m[0midle_timeout[0m[0m                = 60
2020-08-10T04:30:14.0993299Z     [1m[0minstances[0m[0m                   = [
2020-08-10T04:30:14.0993870Z         "i-03f90c5623d4b8771",
2020-08-10T04:30:14.0997974Z         "i-0b0f6b7357b1027fd",
2020-08-10T04:30:14.0998266Z     ]
2020-08-10T04:30:14.0998675Z     [1m[0minternal[0m[0m                    = false
2020-08-10T04:30:14.0999127Z     [1m[0mname[0m[0m                        = "dev-nginx-elb-46901"
2020-08-10T04:30:14.0999574Z     [1m[0msecurity_groups[0m[0m             = [
2020-08-10T04:30:14.0999983Z         "sg-08a54299a0ab27ed7",
2020-08-10T04:30:14.1000277Z     ]
2020-08-10T04:30:14.1000746Z     [1m[0msource_security_group[0m[0m       = "***/nginx_elb_sg-46901"
2020-08-10T04:30:14.1001234Z     [1m[0msource_security_group_id[0m[0m    = "sg-08a54299a0ab27ed7"
2020-08-10T04:30:14.1001703Z     [1m[0msubnets[0m[0m                     = [
2020-08-10T04:30:14.1002115Z         "subnet-086e5fb70c01151a8",
2020-08-10T04:30:14.1002521Z         "subnet-0df9831d35036a1bc",
2020-08-10T04:30:14.1002820Z     ]
2020-08-10T04:30:14.1003218Z     [1m[0mtags[0m[0m                        = {
2020-08-10T04:30:14.1003535Z         "BillingCode" = "ACCT8675309"
2020-08-10T04:30:14.1003827Z         "Environment" = "dev"
2020-08-10T04:30:14.1004228Z         "Name"        = "dev-elb-46901"
2020-08-10T04:30:14.1004512Z     }
2020-08-10T04:30:14.1004932Z     [1m[0mzone_id[0m[0m                     = "Z35SXDOTRQ7X7K"
2020-08-10T04:30:14.1005126Z 
2020-08-10T04:30:14.1005404Z     health_check {
2020-08-10T04:30:14.1005810Z         [1m[0mhealthy_threshold[0m[0m   = 10
2020-08-10T04:30:14.1006232Z         [1m[0minterval[0m[0m            = 30
2020-08-10T04:30:14.1006664Z         [1m[0mtarget[0m[0m              = "TCP:80"
2020-08-10T04:30:14.1007091Z         [1m[0mtimeout[0m[0m             = 5
2020-08-10T04:30:14.1007654Z         [1m[0munhealthy_threshold[0m[0m = 2
2020-08-10T04:30:14.1007954Z     }
2020-08-10T04:30:14.1008095Z 
2020-08-10T04:30:14.1008372Z     listener {
2020-08-10T04:30:14.1008787Z         [1m[0minstance_port[0m[0m     = 80
2020-08-10T04:30:14.1009252Z         [1m[0minstance_protocol[0m[0m = "http"
2020-08-10T04:30:14.1009693Z         [1m[0mlb_port[0m[0m           = 80
2020-08-10T04:30:14.1010113Z         [1m[0mlb_protocol[0m[0m       = "http"
2020-08-10T04:30:14.1010412Z     }
2020-08-10T04:30:14.1010679Z }
2020-08-10T04:30:14.1010832Z 
2020-08-10T04:30:14.1011113Z # aws_instance.nginx[0]:
2020-08-10T04:30:14.1011590Z resource "aws_instance" "nginx" {
2020-08-10T04:30:14.1012094Z     [1m[0mami[0m[0m                          = "ami-09d8b5222f2b93bf0"
2020-08-10T04:30:14.1012930Z     [1m[0marn[0m[0m                          = "arn:aws:ec2:***:***:instance/i-0b0f6b7357b1027fd"
2020-08-10T04:30:14.1013511Z     [1m[0massociate_public_ip_address[0m[0m  = ***
2020-08-10T04:30:14.1014046Z     [1m[0mavailability_zone[0m[0m            = "***a"
2020-08-10T04:30:14.1014556Z     [1m[0mcpu_core_count[0m[0m               = 1
2020-08-10T04:30:14.1015062Z     [1m[0mcpu_threads_per_core[0m[0m         = 1
2020-08-10T04:30:14.1015562Z     [1m[0mdisable_api_termination[0m[0m      = false
2020-08-10T04:30:14.1016083Z     [1m[0mebs_optimized[0m[0m                = false
2020-08-10T04:30:14.1016583Z     [1m[0mget_password_data[0m[0m            = false
2020-08-10T04:30:14.1017080Z     [1m[0mhibernation[0m[0m                  = false
2020-08-10T04:30:14.1017626Z     [1m[0miam_instance_profile[0m[0m         = "terraform-dev-46901_instance_profile"
2020-08-10T04:30:14.1018186Z     [1m[0mid[0m[0m                           = "i-0b0f6b7357b1027fd"
2020-08-10T04:30:14.1018718Z     [1m[0minstance_state[0m[0m               = "running"
2020-08-10T04:30:14.1019227Z     [1m[0minstance_type[0m[0m                = "t2.micro"
2020-08-10T04:30:14.1019751Z     [1m[0mipv6_address_count[0m[0m           = 0
2020-08-10T04:30:14.1020248Z     [1m[0mipv6_addresses[0m[0m               = []
2020-08-10T04:30:14.1020750Z     [1m[0mkey_name[0m[0m                     = "terraform"
2020-08-10T04:30:14.1021249Z     [1m[0mmonitoring[0m[0m                   = false
2020-08-10T04:30:14.1021904Z     [1m[0mprimary_network_interface_id[0m[0m = "eni-08c8aad4009c400a7"
2020-08-10T04:30:14.1022472Z     [1m[0mprivate_dns[0m[0m                  = "ip-10-0-0-228.ec2.internal"
2020-08-10T04:30:14.1023292Z     [1m[0mprivate_ip[0m[0m                   = "10.0.0.228"
2020-08-10T04:30:14.1023830Z     [1m[0mpublic_ip[0m[0m                    = "3.226.245.200"
2020-08-10T04:30:14.1024340Z     [1m[0msecondary_private_ips[0m[0m        = []
2020-08-10T04:30:14.1024840Z     [1m[0msecurity_groups[0m[0m              = []
2020-08-10T04:30:14.1025350Z     [1m[0msource_dest_check[0m[0m            = ***
2020-08-10T04:30:14.1025893Z     [1m[0msubnet_id[0m[0m                    = "subnet-0df9831d35036a1bc"
2020-08-10T04:30:14.1026416Z     [1m[0mtags[0m[0m                         = {
2020-08-10T04:30:14.1026776Z         "BillingCode" = "ACCT8675309"
2020-08-10T04:30:14.1027128Z         "Environment" = "dev"
2020-08-10T04:30:14.1027593Z         "Name"        = "dev-nginx-46901-1"
2020-08-10T04:30:14.1027925Z     }
2020-08-10T04:30:14.1028409Z     [1m[0mtenancy[0m[0m                      = "***"
2020-08-10T04:30:14.1028905Z     [1m[0mvolume_tags[0m[0m                  = {}
2020-08-10T04:30:14.1029407Z     [1m[0mvpc_security_group_ids[0m[0m       = [
2020-08-10T04:30:14.1029899Z         "sg-008dcb9e14ed8b03c",
2020-08-10T04:30:14.1030225Z     ]
2020-08-10T04:30:14.1030386Z 
2020-08-10T04:30:14.1030712Z     credit_specification {
2020-08-10T04:30:14.1031186Z         [1m[0mcpu_credits[0m[0m = "standard"
2020-08-10T04:30:14.1031547Z     }
2020-08-10T04:30:14.1031708Z 
2020-08-10T04:30:14.1032024Z     metadata_options {
2020-08-10T04:30:14.1032594Z         [1m[0mhttp_endpoint[0m[0m               = "enabled"
2020-08-10T04:30:14.1033120Z         [1m[0mhttp_put_response_hop_limit[0m[0m = 1
2020-08-10T04:30:14.1033661Z         [1m[0mhttp_tokens[0m[0m                 = "optional"
2020-08-10T04:30:14.1034024Z     }
2020-08-10T04:30:14.1034186Z 
2020-08-10T04:30:14.1034514Z     root_block_device {
2020-08-10T04:30:14.1035017Z         [1m[0mdelete_on_termination[0m[0m = ***
2020-08-10T04:30:14.1035526Z         [1m[0mdevice_name[0m[0m           = "/dev/xvda"
2020-08-10T04:30:14.1036035Z         [1m[0mencrypted[0m[0m             = false
2020-08-10T04:30:14.1036523Z         [1m[0miops[0m[0m                  = 100
2020-08-10T04:30:14.1040141Z         [1m[0mvolume_id[0m[0m             = "vol-0cc326bbadcc63a11"
2020-08-10T04:30:14.1040600Z         [1m[0mvolume_size[0m[0m           = 8
2020-08-10T04:30:14.1041043Z         [1m[0mvolume_type[0m[0m           = "gp2"
2020-08-10T04:30:14.1041343Z     }
2020-08-10T04:30:14.1041619Z }
2020-08-10T04:30:14.1041757Z 
2020-08-10T04:30:14.1042038Z # aws_instance.nginx[1]:
2020-08-10T04:30:14.1042345Z resource "aws_instance" "nginx" {
2020-08-10T04:30:14.1042776Z     [1m[0mami[0m[0m                          = "ami-09d8b5222f2b93bf0"
2020-08-10T04:30:14.1043429Z     [1m[0marn[0m[0m                          = "arn:aws:ec2:***:***:instance/i-03f90c5623d4b8771"
2020-08-10T04:30:14.1043931Z     [1m[0massociate_public_ip_address[0m[0m  = ***
2020-08-10T04:30:14.1044603Z     [1m[0mavailability_zone[0m[0m            = "***b"
2020-08-10T04:30:14.1045111Z     [1m[0mcpu_core_count[0m[0m               = 1
2020-08-10T04:30:14.1045611Z     [1m[0mcpu_threads_per_core[0m[0m         = 1
2020-08-10T04:30:14.1047364Z     [1m[0mdisable_api_termination[0m[0m      = false
2020-08-10T04:30:14.1047872Z     [1m[0mebs_optimized[0m[0m                = false
2020-08-10T04:30:14.1048375Z     [1m[0mget_password_data[0m[0m            = false
2020-08-10T04:30:14.1048878Z     [1m[0mhibernation[0m[0m                  = false
2020-08-10T04:30:14.1049443Z     [1m[0miam_instance_profile[0m[0m         = "terraform-dev-46901_instance_profile"
2020-08-10T04:30:14.1050000Z     [1m[0mid[0m[0m                           = "i-03f90c5623d4b8771"
2020-08-10T04:30:14.1052117Z     [1m[0minstance_state[0m[0m               = "running"
2020-08-10T04:30:14.1141961Z     [1m[0minstance_type[0m[0m                = "t2.micro"
2020-08-10T04:30:14.1142432Z     [1m[0mipv6_address_count[0m[0m           = 0
2020-08-10T04:30:14.1142877Z     [1m[0mipv6_addresses[0m[0m               = []
2020-08-10T04:30:14.1143322Z     [1m[0mkey_name[0m[0m                     = "terraform"
2020-08-10T04:30:14.1143774Z     [1m[0mmonitoring[0m[0m                   = false
2020-08-10T04:30:14.1144234Z     [1m[0mprimary_network_interface_id[0m[0m = "eni-009f4f5e890464fff"
2020-08-10T04:30:14.1144754Z     [1m[0mprivate_dns[0m[0m                  = "ip-10-0-1-22.ec2.internal"
2020-08-10T04:30:14.1145232Z     [1m[0mprivate_ip[0m[0m                   = "10.0.1.22"
2020-08-10T04:30:14.1145681Z     [1m[0mpublic_ip[0m[0m                    = "54.197.40.17"
2020-08-10T04:30:14.1155900Z     [1m[0msecondary_private_ips[0m[0m        = []
2020-08-10T04:30:14.1156361Z     [1m[0msecurity_groups[0m[0m              = []
2020-08-10T04:30:14.1157914Z     [1m[0msource_dest_check[0m[0m            = ***
2020-08-10T04:30:14.1158412Z     [1m[0msubnet_id[0m[0m                    = "subnet-086e5fb70c01151a8"
2020-08-10T04:30:14.1158874Z     [1m[0mtags[0m[0m                         = {
2020-08-10T04:30:14.1159195Z         "BillingCode" = "ACCT8675309"
2020-08-10T04:30:14.1159493Z         "Environment" = "dev"
2020-08-10T04:30:14.1159903Z         "Name"        = "dev-nginx-46901-2"
2020-08-10T04:30:14.1160190Z     }
2020-08-10T04:30:14.1160626Z     [1m[0mtenancy[0m[0m                      = "***"
2020-08-10T04:30:14.1161058Z     [1m[0mvolume_tags[0m[0m                  = {}
2020-08-10T04:30:14.1161604Z     [1m[0mvpc_security_group_ids[0m[0m       = [
2020-08-10T04:30:14.1162034Z         "sg-008dcb9e14ed8b03c",
2020-08-10T04:30:14.1162333Z     ]
2020-08-10T04:30:14.1162492Z 
2020-08-10T04:30:14.1162781Z     credit_specification {
2020-08-10T04:30:14.1163201Z         [1m[0mcpu_credits[0m[0m = "standard"
2020-08-10T04:30:14.1163502Z     }
2020-08-10T04:30:14.1163656Z 
2020-08-10T04:30:14.1163938Z     metadata_options {
2020-08-10T04:30:14.1164372Z         [1m[0mhttp_endpoint[0m[0m               = "enabled"
2020-08-10T04:30:14.1164819Z         [1m[0mhttp_put_response_hop_limit[0m[0m = 1
2020-08-10T04:30:14.1165260Z         [1m[0mhttp_tokens[0m[0m                 = "optional"
2020-08-10T04:30:14.1165570Z     }
2020-08-10T04:30:14.1165725Z 
2020-08-10T04:30:14.1166004Z     root_block_device {
2020-08-10T04:30:14.1166425Z         [1m[0mdelete_on_termination[0m[0m = ***
2020-08-10T04:30:14.1167018Z         [1m[0mdevice_name[0m[0m           = "/dev/xvda"
2020-08-10T04:30:14.1167467Z         [1m[0mencrypted[0m[0m             = false
2020-08-10T04:30:14.1167898Z         [1m[0miops[0m[0m                  = 100
2020-08-10T04:30:14.1168347Z         [1m[0mvolume_id[0m[0m             = "vol-061bffb5d600cdd49"
2020-08-10T04:30:14.1168786Z         [1m[0mvolume_size[0m[0m           = 8
2020-08-10T04:30:14.1169213Z         [1m[0mvolume_type[0m[0m           = "gp2"
2020-08-10T04:30:14.1169511Z     }
2020-08-10T04:30:14.1169782Z }
2020-08-10T04:30:14.1169932Z 
2020-08-10T04:30:14.1170217Z # aws_s3_bucket_object.graphic:
2020-08-10T04:30:14.1170522Z resource "aws_s3_bucket_object" "graphic" {
2020-08-10T04:30:14.1170932Z     [1m[0macl[0m[0m           = "private"
2020-08-10T04:30:14.1171362Z     [1m[0mbucket[0m[0m        = "terraform-dev-46901"
2020-08-10T04:30:14.1171821Z     [1m[0mcontent_type[0m[0m  = "binary/octet-stream"
2020-08-10T04:30:14.1172279Z     [1m[0metag[0m[0m          = "e687fb69f04d709058ec93b505e8c8ee"
2020-08-10T04:30:14.1172726Z     [1m[0mforce_destroy[0m[0m = false
2020-08-10T04:30:14.1173152Z     [1m[0mid[0m[0m            = "/website/Globo_logo_Vert.png"
2020-08-10T04:30:14.1173601Z     [1m[0mkey[0m[0m           = "/website/Globo_logo_Vert.png"
2020-08-10T04:30:14.1174044Z     [1m[0msource[0m[0m        = "./Globo_logo_Vert.png"
2020-08-10T04:30:14.1174565Z     [1m[0mstorage_class[0m[0m = "STANDARD"
2020-08-10T04:30:14.1174878Z }
2020-08-10T04:30:14.1175016Z 
2020-08-10T04:30:14.1175300Z # aws_s3_bucket_object.website:
2020-08-10T04:30:14.1175608Z resource "aws_s3_bucket_object" "website" {
2020-08-10T04:30:14.1176023Z     [1m[0macl[0m[0m           = "private"
2020-08-10T04:30:14.1176465Z     [1m[0mbucket[0m[0m        = "terraform-dev-46901"
2020-08-10T04:30:14.1176910Z     [1m[0mcontent_type[0m[0m  = "binary/octet-stream"
2020-08-10T04:30:14.1177364Z     [1m[0metag[0m[0m          = "faf4d8170b07925ed92bc3eb56432e63"
2020-08-10T04:30:14.1177816Z     [1m[0mforce_destroy[0m[0m = false
2020-08-10T04:30:14.1178240Z     [1m[0mid[0m[0m            = "/website/index.html"
2020-08-10T04:30:14.1231233Z     [1m[0mkey[0m[0m           = "/website/index.html"
2020-08-10T04:30:14.1232066Z     [1m[0msource[0m[0m        = "./index.html"
2020-08-10T04:30:14.1232651Z     [1m[0mstorage_class[0m[0m = "STANDARD"
2020-08-10T04:30:14.1233048Z }
2020-08-10T04:30:14.1233232Z 
2020-08-10T04:30:14.1233724Z # aws_security_group.elb-sg:
2020-08-10T04:30:14.1234252Z resource "aws_security_group" "elb-sg" {
2020-08-10T04:30:14.1235135Z     [1m[0marn[0m[0m                    = "arn:aws:ec2:***:***:security-group/sg-08a54299a0ab27ed7"
2020-08-10T04:30:14.1239652Z     [1m[0mdescription[0m[0m            = "Managed by Terraform"
2020-08-10T04:30:14.1240238Z     [1m[0megress[0m[0m                 = [
2020-08-10T04:30:14.1240625Z         {
2020-08-10T04:30:14.1241001Z             cidr_blocks      = [
2020-08-10T04:30:14.1241480Z                 "0.0.0.0/0",
2020-08-10T04:30:14.1241819Z             ]
2020-08-10T04:30:14.1242283Z             description      = ""
2020-08-10T04:30:14.1242621Z             from_port        = 0
2020-08-10T04:30:14.1242959Z             ipv6_cidr_blocks = []
2020-08-10T04:30:14.1243458Z             prefix_list_ids  = []
2020-08-10T04:30:14.1244034Z             protocol         = "-1"
2020-08-10T04:30:14.1244418Z             security_groups  = []
2020-08-10T04:30:14.1244806Z             self             = false
2020-08-10T04:30:14.1245203Z             to_port          = 0
2020-08-10T04:30:14.1245567Z         },
2020-08-10T04:30:14.1245924Z     ]
2020-08-10T04:30:14.1246483Z     [1m[0mid[0m[0m                     = "sg-08a54299a0ab27ed7"
2020-08-10T04:30:14.1247054Z     [1m[0mingress[0m[0m                = [
2020-08-10T04:30:14.1247526Z         {
2020-08-10T04:30:14.1247854Z             cidr_blocks      = [
2020-08-10T04:30:14.1248191Z                 "0.0.0.0/0",
2020-08-10T04:30:14.1248513Z             ]
2020-08-10T04:30:14.1248854Z             description      = ""
2020-08-10T04:30:14.1249189Z             from_port        = 80
2020-08-10T04:30:14.1249520Z             ipv6_cidr_blocks = []
2020-08-10T04:30:14.1249848Z             prefix_list_ids  = []
2020-08-10T04:30:14.1250181Z             protocol         = "tcp"
2020-08-10T04:30:14.1251798Z             security_groups  = []
2020-08-10T04:30:14.1252210Z             self             = false
2020-08-10T04:30:14.1252621Z             to_port          = 80
2020-08-10T04:30:14.1253024Z         },
2020-08-10T04:30:14.1253403Z     ]
2020-08-10T04:30:14.1254060Z     [1m[0mname[0m[0m                   = "nginx_elb_sg-46901"
2020-08-10T04:30:14.1254743Z     [1m[0mowner_id[0m[0m               = "***"
2020-08-10T04:30:14.1255354Z     [1m[0mrevoke_rules_on_delete[0m[0m = false
2020-08-10T04:30:14.1255945Z     [1m[0mtags[0m[0m                   = {
2020-08-10T04:30:14.1256376Z         "BillingCode" = "ACCT8675309"
2020-08-10T04:30:14.1256803Z         "Environment" = "dev"
2020-08-10T04:30:14.1257369Z         "Name"        = "dev-elb-sg-46901"
2020-08-10T04:30:14.1257765Z     }
2020-08-10T04:30:14.1258356Z     [1m[0mvpc_id[0m[0m                 = "vpc-089e4196754bb58bf"
2020-08-10T04:30:14.1258794Z }
2020-08-10T04:30:14.1259003Z 
2020-08-10T04:30:14.1259528Z # aws_security_group.nginx-sg:
2020-08-10T04:30:14.1260089Z resource "aws_security_group" "nginx-sg" {
2020-08-10T04:30:14.1261145Z     [1m[0marn[0m[0m                    = "arn:aws:ec2:***:***:security-group/sg-008dcb9e14ed8b03c"
2020-08-10T04:30:14.1261836Z     [1m[0mdescription[0m[0m            = "Managed by Terraform"
2020-08-10T04:30:14.1262463Z     [1m[0megress[0m[0m                 = [
2020-08-10T04:30:14.1262976Z         {
2020-08-10T04:30:14.1263351Z             cidr_blocks      = [
2020-08-10T04:30:14.1263731Z                 "0.0.0.0/0",
2020-08-10T04:30:14.1264096Z             ]
2020-08-10T04:30:14.1264468Z             description      = ""
2020-08-10T04:30:14.1264853Z             from_port        = 0
2020-08-10T04:30:14.1265312Z             ipv6_cidr_blocks = []
2020-08-10T04:30:14.1265653Z             prefix_list_ids  = []
2020-08-10T04:30:14.1266105Z             protocol         = "-1"
2020-08-10T04:30:14.1266460Z             security_groups  = []
2020-08-10T04:30:14.1266790Z             self             = false
2020-08-10T04:30:14.1267127Z             to_port          = 0
2020-08-10T04:30:14.1267457Z         },
2020-08-10T04:30:14.1267771Z     ]
2020-08-10T04:30:14.1268256Z     [1m[0mid[0m[0m                     = "sg-008dcb9e14ed8b03c"
2020-08-10T04:30:14.1268756Z     [1m[0mingress[0m[0m                = [
2020-08-10T04:30:14.1269092Z         {
2020-08-10T04:30:14.1269432Z             cidr_blocks      = [
2020-08-10T04:30:14.1269768Z                 "0.0.0.0/0",
2020-08-10T04:30:14.1270091Z             ]
2020-08-10T04:30:14.1270419Z             description      = ""
2020-08-10T04:30:14.1270755Z             from_port        = 22
2020-08-10T04:30:14.1271085Z             ipv6_cidr_blocks = []
2020-08-10T04:30:14.1271411Z             prefix_list_ids  = []
2020-08-10T04:30:14.1271826Z             protocol         = "tcp"
2020-08-10T04:30:14.1272168Z             security_groups  = []
2020-08-10T04:30:14.1272517Z             self             = false
2020-08-10T04:30:14.1272850Z             to_port          = 22
2020-08-10T04:30:14.1273177Z         },
2020-08-10T04:30:14.1273494Z         {
2020-08-10T04:30:14.1273823Z             cidr_blocks      = [
2020-08-10T04:30:14.1274156Z                 "10.0.0.0/16",
2020-08-10T04:30:14.1274474Z             ]
2020-08-10T04:30:14.1274804Z             description      = ""
2020-08-10T04:30:14.1275153Z             from_port        = 80
2020-08-10T04:30:14.1275486Z             ipv6_cidr_blocks = []
2020-08-10T04:30:14.1275815Z             prefix_list_ids  = []
2020-08-10T04:30:14.1276148Z             protocol         = "tcp"
2020-08-10T04:30:14.1276477Z             security_groups  = []
2020-08-10T04:30:14.1277159Z             self             = false
2020-08-10T04:30:14.1277556Z             to_port          = 80
2020-08-10T04:30:14.1277929Z         },
2020-08-10T04:30:14.1278287Z     ]
2020-08-10T04:30:14.1278878Z     [1m[0mname[0m[0m                   = "nginx_sg-46901"
2020-08-10T04:30:14.1279493Z     [1m[0mowner_id[0m[0m               = "***"
2020-08-10T04:30:14.1280068Z     [1m[0mrevoke_rules_on_delete[0m[0m = false
2020-08-10T04:30:14.1280753Z     [1m[0mtags[0m[0m                   = {
2020-08-10T04:30:14.1281258Z         "BillingCode" = "ACCT8675309"
2020-08-10T04:30:14.1281784Z         "Environment" = "dev"
2020-08-10T04:30:14.1286518Z         "Name"        = "dev-nginx-sg-46901"
2020-08-10T04:30:14.1287101Z     }
2020-08-10T04:30:14.1305145Z     [1m[0mvpc_id[0m[0m                 = "vpc-089e4196754bb58bf"
2020-08-10T04:30:14.1305623Z }
2020-08-10T04:30:14.1305806Z 
2020-08-10T04:30:14.1306450Z # data.aws_ami.aws-linux:
2020-08-10T04:30:14.1306978Z data "aws_ami" "aws-linux" {
2020-08-10T04:30:14.1307537Z     [1m[0marchitecture[0m[0m          = "x86_64"
2020-08-10T04:30:14.1308660Z     [1m[0marn[0m[0m                   = "arn:aws:ec2:***::image/ami-09d8b5222f2b93bf0"
2020-08-10T04:30:14.1309269Z     [1m[0mblock_device_mappings[0m[0m = [
2020-08-10T04:30:14.1309657Z         {
2020-08-10T04:30:14.1310206Z             device_name  = "/dev/xvda"
2020-08-10T04:30:14.1310626Z             ebs          = {
2020-08-10T04:30:14.1311227Z                 "delete_on_termination" = "***"
2020-08-10T04:30:14.1311665Z                 "encrypted"             = "false"
2020-08-10T04:30:14.1312098Z                 "iops"                  = "0"
2020-08-10T04:30:14.1312813Z                 "snapshot_id"           = "snap-0ed3f0f331ab4cbc7"
2020-08-10T04:30:14.1313242Z                 "volume_size"           = "8"
2020-08-10T04:30:14.1313641Z                 "volume_type"           = "gp2"
2020-08-10T04:30:14.1314031Z             }
2020-08-10T04:30:14.1314396Z             no_device    = ""
2020-08-10T04:30:14.1314774Z             virtual_name = ""
2020-08-10T04:30:14.1315132Z         },
2020-08-10T04:30:14.1315485Z     ]
2020-08-10T04:30:14.1316046Z     [1m[0mcreation_date[0m[0m         = "2020-07-21T18:33:14.000Z"
2020-08-10T04:30:14.1316916Z     [1m[0mdescription[0m[0m           = "Amazon Linux AMI 2018.03.0.20200716.0 x86_64 HVM gp2"
2020-08-10T04:30:14.1317540Z     [1m[0mhypervisor[0m[0m            = "xen"
2020-08-10T04:30:14.1318136Z     [1m[0mid[0m[0m                    = "ami-09d8b5222f2b93bf0"
2020-08-10T04:30:14.1318735Z     [1m[0mimage_id[0m[0m              = "ami-09d8b5222f2b93bf0"
2020-08-10T04:30:14.1319884Z     [1m[0mimage_location[0m[0m        = "amazon/amzn-ami-hvm-2018.03.0.20200716.0-x86_64-gp2"
2020-08-10T04:30:14.1320496Z     [1m[0mimage_owner_alias[0m[0m     = "amazon"
2020-08-10T04:30:14.1321061Z     [1m[0mimage_type[0m[0m            = "machine"
2020-08-10T04:30:14.1321645Z     [1m[0mmost_recent[0m[0m           = ***
2020-08-10T04:30:14.1322278Z     [1m[0mname[0m[0m                  = "amzn-ami-hvm-2018.03.0.20200716.0-x86_64-gp2"
2020-08-10T04:30:14.1323004Z     [1m[0mowner_id[0m[0m              = "137112412989"
2020-08-10T04:30:14.1323579Z     [1m[0mowners[0m[0m                = [
2020-08-10T04:30:14.1323962Z         "amazon",
2020-08-10T04:30:14.1324321Z     ]
2020-08-10T04:30:14.1324844Z     [1m[0mproduct_codes[0m[0m         = []
2020-08-10T04:30:14.1325413Z     [1m[0mpublic[0m[0m                = ***
2020-08-10T04:30:14.1325990Z     [1m[0mroot_device_name[0m[0m      = "/dev/xvda"
2020-08-10T04:30:14.1326547Z     [1m[0mroot_device_type[0m[0m      = "ebs"
2020-08-10T04:30:14.1327128Z     [1m[0mroot_snapshot_id[0m[0m      = "snap-0ed3f0f331ab4cbc7"
2020-08-10T04:30:14.1327716Z     [1m[0msriov_net_support[0m[0m     = "simple"
2020-08-10T04:30:14.1328284Z     [1m[0mstate[0m[0m                 = "available"
2020-08-10T04:30:14.1328833Z     [1m[0mstate_reason[0m[0m          = {
2020-08-10T04:30:14.1329225Z         "code"    = "UNSET"
2020-08-10T04:30:14.1329607Z         "message" = "UNSET"
2020-08-10T04:30:14.1329967Z     }
2020-08-10T04:30:14.1330490Z     [1m[0mtags[0m[0m                  = {}
2020-08-10T04:30:14.1331034Z     [1m[0mvirtualization_type[0m[0m   = "hvm"
2020-08-10T04:30:14.1331252Z 
2020-08-10T04:30:14.1331620Z     filter {
2020-08-10T04:30:14.1332132Z         [1m[0mname[0m[0m   = "name"
2020-08-10T04:30:14.1332643Z         [1m[0mvalues[0m[0m = [
2020-08-10T04:30:14.1333139Z             "amzn-ami-hvm*",
2020-08-10T04:30:14.1333500Z         ]
2020-08-10T04:30:14.1333850Z     }
2020-08-10T04:30:14.1334197Z     filter {
2020-08-10T04:30:14.1334725Z         [1m[0mname[0m[0m   = "root-device-type"
2020-08-10T04:30:14.1335258Z         [1m[0mvalues[0m[0m = [
2020-08-10T04:30:14.1335638Z             "ebs",
2020-08-10T04:30:14.1335991Z         ]
2020-08-10T04:30:14.1336341Z     }
2020-08-10T04:30:14.1336797Z     filter {
2020-08-10T04:30:14.1337267Z         [1m[0mname[0m[0m   = "virtualization-type"
2020-08-10T04:30:14.1337729Z         [1m[0mvalues[0m[0m = [
2020-08-10T04:30:14.1338055Z             "hvm",
2020-08-10T04:30:14.1338368Z         ]
2020-08-10T04:30:14.1338676Z     }
2020-08-10T04:30:14.1338991Z }
2020-08-10T04:30:14.1339149Z 
2020-08-10T04:30:14.1339473Z # data.aws_availability_zones.available:
2020-08-10T04:30:14.1339823Z data "aws_availability_zones" "available" {
2020-08-10T04:30:14.1340279Z     [1m[0mgroup_names[0m[0m = [
2020-08-10T04:30:14.1340842Z         "***",
2020-08-10T04:30:14.1341157Z     ]
2020-08-10T04:30:14.1341732Z     [1m[0mid[0m[0m          = "2020-08-10 04:26:51.432195121 +0000 UTC"
2020-08-10T04:30:14.1342171Z     [1m[0mnames[0m[0m       = [
2020-08-10T04:30:14.1342557Z         "***a",
2020-08-10T04:30:14.1342939Z         "***b",
2020-08-10T04:30:14.1343331Z         "***c",
2020-08-10T04:30:14.1343706Z         "***d",
2020-08-10T04:30:14.1344079Z         "***e",
2020-08-10T04:30:14.1344450Z         "***f",
2020-08-10T04:30:14.1344725Z     ]
2020-08-10T04:30:14.1345109Z     [1m[0mzone_ids[0m[0m    = [
2020-08-10T04:30:14.1345497Z         "use1-az1",
2020-08-10T04:30:14.1345866Z         "use1-az2",
2020-08-10T04:30:14.1346236Z         "use1-az4",
2020-08-10T04:30:14.1346601Z         "use1-az6",
2020-08-10T04:30:14.1346967Z         "use1-az3",
2020-08-10T04:30:14.1347333Z         "use1-az5",
2020-08-10T04:30:14.1347654Z     ]
2020-08-10T04:30:14.1347923Z }
2020-08-10T04:30:14.1348082Z 
2020-08-10T04:30:14.1348379Z # data.template_file.public_cidrsubnet[0]:
2020-08-10T04:30:14.1348691Z data "template_file" "public_cidrsubnet" {
2020-08-10T04:30:14.1349181Z     [1m[0mid[0m[0m       = "a34d80f7b68bf2b583681f727bae85f5a202ee100ad60ab3b3d351b9ce929539"
2020-08-10T04:30:14.1349653Z     [1m[0mrendered[0m[0m = "10.0.0.0/24"
2020-08-10T04:30:14.1350118Z     [1m[0mtemplate[0m[0m = "${cidrsubnet(vpc_cidr,8,current_count)}"
2020-08-10T04:30:14.1350555Z     [1m[0mvars[0m[0m     = {
2020-08-10T04:30:14.1350848Z         "current_count" = "0"
2020-08-10T04:30:14.1351144Z         "vpc_cidr"      = "10.0.0.0/16"
2020-08-10T04:30:14.1351428Z     }
2020-08-10T04:30:14.1351774Z }
2020-08-10T04:30:14.1351927Z 
2020-08-10T04:30:14.1352220Z # data.template_file.public_cidrsubnet[1]:
2020-08-10T04:30:14.1352525Z data "template_file" "public_cidrsubnet" {
2020-08-10T04:30:14.1353030Z     [1m[0mid[0m[0m       = "cbaf82725f6dbdc7b853d44bf5ad19570d329f483523165c7aa6ff23366b00c8"
2020-08-10T04:30:14.1353505Z     [1m[0mrendered[0m[0m = "10.0.1.0/24"
2020-08-10T04:30:14.1353958Z     [1m[0mtemplate[0m[0m = "${cidrsubnet(vpc_cidr,8,current_count)}"
2020-08-10T04:30:14.1354408Z     [1m[0mvars[0m[0m     = {
2020-08-10T04:30:14.1354702Z         "current_count" = "1"
2020-08-10T04:30:14.1355003Z         "vpc_cidr"      = "10.0.0.0/16"
2020-08-10T04:30:14.1355287Z     }
2020-08-10T04:30:14.1355554Z }
2020-08-10T04:30:14.1355703Z 
2020-08-10T04:30:14.1355982Z # random_integer.rand:
2020-08-10T04:30:14.1356277Z resource "random_integer" "rand" {
2020-08-10T04:30:14.1356676Z     [1m[0mid[0m[0m     = "46901"
2020-08-10T04:30:14.1357611Z     [1m[0mmax[0m[0m    = 99999
2020-08-10T04:30:14.1358059Z     [1m[0mmin[0m[0m    = 10000
2020-08-10T04:30:14.1358507Z     [1m[0mresult[0m[0m = 46901
2020-08-10T04:30:14.1358829Z }
2020-08-10T04:30:14.1359001Z 
2020-08-10T04:30:14.1359171Z 
2020-08-10T04:30:14.1359499Z # module.vpc.aws_internet_gateway.this[0]:
2020-08-10T04:30:14.1359841Z resource "aws_internet_gateway" "this" {
2020-08-10T04:30:14.1360579Z     [1m[0marn[0m[0m      = "arn:aws:ec2:***:***:internet-gateway/igw-0f2e00d72bcc53f58"
2020-08-10T04:30:14.1361127Z     [1m[0mid[0m[0m       = "igw-0f2e00d72bcc53f58"
2020-08-10T04:30:14.1361643Z     [1m[0mowner_id[0m[0m = "***"
2020-08-10T04:30:14.1362092Z     [1m[0mtags[0m[0m     = {
2020-08-10T04:30:14.1362426Z         "BillingCode" = "ACCT8675309"
2020-08-10T04:30:14.1362751Z         "Environment" = "dev"
2020-08-10T04:30:14.1363205Z         "Name"        = "dev-vpc-46901"
2020-08-10T04:30:14.1363528Z     }
2020-08-10T04:30:14.1363996Z     [1m[0mvpc_id[0m[0m   = "vpc-089e4196754bb58bf"
2020-08-10T04:30:14.1364341Z }
2020-08-10T04:30:14.1364511Z 
2020-08-10T04:30:14.1364839Z # module.vpc.aws_route.public_internet_gateway[0]:
2020-08-10T04:30:14.1365208Z resource "aws_route" "public_internet_gateway" {
2020-08-10T04:30:14.1365708Z     [1m[0mdestination_cidr_block[0m[0m = "0.0.0.0/0"
2020-08-10T04:30:14.1366233Z     [1m[0mgateway_id[0m[0m             = "igw-0f2e00d72bcc53f58"
2020-08-10T04:30:14.1366927Z     [1m[0mid[0m[0m                     = "r-rtb-06dd45dba9eee6bbe1080289494"
2020-08-10T04:30:14.1367462Z     [1m[0morigin[0m[0m                 = "CreateRoute"
2020-08-10T04:30:14.1368091Z     [1m[0mroute_table_id[0m[0m         = "rtb-06dd45dba9eee6bbe"
2020-08-10T04:30:14.1368543Z     [1m[0mstate[0m[0m                  = "active"
2020-08-10T04:30:14.1368729Z 
2020-08-10T04:30:14.1368999Z     timeouts {
2020-08-10T04:30:14.1369386Z         [1m[0mcreate[0m[0m = "5m"
2020-08-10T04:30:14.1369670Z     }
2020-08-10T04:30:14.1369938Z }
2020-08-10T04:30:14.1370090Z 
2020-08-10T04:30:14.1370379Z # module.vpc.aws_route_table.public[0]:
2020-08-10T04:30:14.1370670Z resource "aws_route_table" "public" {
2020-08-10T04:30:14.1371095Z     [1m[0mid[0m[0m               = "rtb-06dd45dba9eee6bbe"
2020-08-10T04:30:14.1371549Z     [1m[0mowner_id[0m[0m         = "***"
2020-08-10T04:30:14.1371955Z     [1m[0mpropagating_vgws[0m[0m = []
2020-08-10T04:30:14.1372370Z     [1m[0mroute[0m[0m            = []
2020-08-10T04:30:14.1372764Z     [1m[0mtags[0m[0m             = {
2020-08-10T04:30:14.1373061Z         "BillingCode" = "ACCT8675309"
2020-08-10T04:30:14.1373350Z         "Environment" = "dev"
2020-08-10T04:30:14.1373756Z         "Name"        = "dev-vpc-46901-public"
2020-08-10T04:30:14.1374047Z     }
2020-08-10T04:30:14.1374458Z     [1m[0mvpc_id[0m[0m           = "vpc-089e4196754bb58bf"
2020-08-10T04:30:14.1374762Z }
2020-08-10T04:30:14.1374911Z 
2020-08-10T04:30:14.1375204Z # module.vpc.aws_route_table_association.public[0]:
2020-08-10T04:30:14.1375586Z resource "aws_route_table_association" "public" {
2020-08-10T04:30:14.1376033Z     [1m[0mid[0m[0m             = "rtbassoc-0caae05a9560e4893"
2020-08-10T04:30:14.1376490Z     [1m[0mroute_table_id[0m[0m = "rtb-06dd45dba9eee6bbe"
2020-08-10T04:30:14.1376966Z     [1m[0msubnet_id[0m[0m      = "subnet-0df9831d35036a1bc"
2020-08-10T04:30:14.1377275Z }
2020-08-10T04:30:14.1377411Z 
2020-08-10T04:30:14.1377707Z # module.vpc.aws_route_table_association.public[1]:
2020-08-10T04:30:14.1378037Z resource "aws_route_table_association" "public" {
2020-08-10T04:30:14.1378479Z     [1m[0mid[0m[0m             = "rtbassoc-06026696e6997b904"
2020-08-10T04:30:14.1378933Z     [1m[0mroute_table_id[0m[0m = "rtb-06dd45dba9eee6bbe"
2020-08-10T04:30:14.1379566Z     [1m[0msubnet_id[0m[0m      = "subnet-086e5fb70c01151a8"
2020-08-10T04:30:14.1379912Z }
2020-08-10T04:30:14.1380082Z 
2020-08-10T04:30:14.1380407Z # module.vpc.aws_subnet.public[0]:
2020-08-10T04:30:14.1380746Z resource "aws_subnet" "public" {
2020-08-10T04:30:14.1381439Z     [1m[0marn[0m[0m                             = "arn:aws:ec2:***:***:subnet/subnet-0df9831d35036a1bc"
2020-08-10T04:30:14.1382000Z     [1m[0massign_ipv6_address_on_creation[0m[0m = false
2020-08-10T04:30:14.1382548Z     [1m[0mavailability_zone[0m[0m               = "***a"
2020-08-10T04:30:14.1383067Z     [1m[0mavailability_zone_id[0m[0m            = "use1-az1"
2020-08-10T04:30:14.1383595Z     [1m[0mcidr_block[0m[0m                      = "10.0.0.0/24"
2020-08-10T04:30:14.1384149Z     [1m[0mid[0m[0m                              = "subnet-0df9831d35036a1bc"
2020-08-10T04:30:14.1384691Z     [1m[0mmap_public_ip_on_launch[0m[0m         = ***
2020-08-10T04:30:14.1385234Z     [1m[0mowner_id[0m[0m                        = "***"
2020-08-10T04:30:14.1385735Z     [1m[0mtags[0m[0m                            = {
2020-08-10T04:30:14.1386183Z         "BillingCode" = "ACCT8675309"
2020-08-10T04:30:14.1386517Z         "Environment" = "dev"
2020-08-10T04:30:14.1387014Z         "Name"        = "dev-vpc-46901-public-***a"
2020-08-10T04:30:14.1387360Z     }
2020-08-10T04:30:14.1387858Z     [1m[0mvpc_id[0m[0m                          = "vpc-089e4196754bb58bf"
2020-08-10T04:30:14.1388227Z }
2020-08-10T04:30:14.1388399Z 
2020-08-10T04:30:14.1388720Z # module.vpc.aws_subnet.public[1]:
2020-08-10T04:30:14.1389056Z resource "aws_subnet" "public" {
2020-08-10T04:30:14.1389827Z     [1m[0marn[0m[0m                             = "arn:aws:ec2:***:***:subnet/subnet-086e5fb70c01151a8"
2020-08-10T04:30:14.1390395Z     [1m[0massign_ipv6_address_on_creation[0m[0m = false
2020-08-10T04:30:14.1390922Z     [1m[0mavailability_zone[0m[0m               = "***b"
2020-08-10T04:30:14.1391553Z     [1m[0mavailability_zone_id[0m[0m            = "use1-az2"
2020-08-10T04:30:14.1392009Z     [1m[0mcidr_block[0m[0m                      = "10.0.1.0/24"
2020-08-10T04:30:14.1392489Z     [1m[0mid[0m[0m                              = "subnet-086e5fb70c01151a8"
2020-08-10T04:30:14.1392980Z     [1m[0mmap_public_ip_on_launch[0m[0m         = ***
2020-08-10T04:30:14.1393441Z     [1m[0mowner_id[0m[0m                        = "***"
2020-08-10T04:30:14.1393879Z     [1m[0mtags[0m[0m                            = {
2020-08-10T04:30:14.1394184Z         "BillingCode" = "ACCT8675309"
2020-08-10T04:30:14.1394478Z         "Environment" = "dev"
2020-08-10T04:30:14.1394920Z         "Name"        = "dev-vpc-46901-public-***b"
2020-08-10T04:30:14.1395218Z     }
2020-08-10T04:30:14.1395652Z     [1m[0mvpc_id[0m[0m                          = "vpc-089e4196754bb58bf"
2020-08-10T04:30:14.1396131Z }
2020-08-10T04:30:14.1396287Z 
2020-08-10T04:30:14.1396573Z # module.vpc.aws_vpc.this[0]:
2020-08-10T04:30:14.1397029Z resource "aws_vpc" "this" {
2020-08-10T04:30:14.1397640Z     [1m[0marn[0m[0m                              = "arn:aws:ec2:***:***:vpc/vpc-089e4196754bb58bf"
2020-08-10T04:30:14.1398127Z     [1m[0massign_generated_ipv6_cidr_block[0m[0m = false
2020-08-10T04:30:14.1398696Z     [1m[0mcidr_block[0m[0m                       = "10.0.0.0/16"
2020-08-10T04:30:14.1399225Z     [1m[0m***_network_acl_id[0m[0m           = "acl-01c676fa2f9199a2f"
2020-08-10T04:30:14.1399733Z     [1m[0m***_route_table_id[0m[0m           = "rtb-0d303b5f72ee2a521"
2020-08-10T04:30:14.1400235Z     [1m[0m***_security_group_id[0m[0m        = "sg-06b10e5eb77392de3"
2020-08-10T04:30:14.1400717Z     [1m[0mdhcp_options_id[0m[0m                  = "dopt-b1e813ca"
2020-08-10T04:30:14.1401193Z     [1m[0menable_classiclink[0m[0m               = false
2020-08-10T04:30:14.1401635Z     [1m[0menable_classiclink_dns_support[0m[0m   = false
2020-08-10T04:30:14.1402074Z     [1m[0menable_dns_hostnames[0m[0m             = false
2020-08-10T04:30:14.1402530Z     [1m[0menable_dns_support[0m[0m               = ***
2020-08-10T04:30:14.1403002Z     [1m[0mid[0m[0m                               = "vpc-089e4196754bb58bf"
2020-08-10T04:30:14.1403493Z     [1m[0minstance_tenancy[0m[0m                 = "***"
2020-08-10T04:30:14.1403970Z     [1m[0mmain_route_table_id[0m[0m              = "rtb-0d303b5f72ee2a521"
2020-08-10T04:30:14.1404449Z     [1m[0mowner_id[0m[0m                         = "***"
2020-08-10T04:30:14.1404886Z     [1m[0mtags[0m[0m                             = {
2020-08-10T04:30:14.1405206Z         "BillingCode" = "ACCT8675309"
2020-08-10T04:30:14.1405503Z         "Environment" = "dev"
2020-08-10T04:30:14.1405905Z         "Name"        = "dev-vpc-46901"
2020-08-10T04:30:14.1406355Z     }
2020-08-10T04:30:14.1407810Z }
2020-08-10T04:30:14.1410207Z 
2020-08-10T04:30:14.1410424Z 
2020-08-10T04:30:14.1410844Z # module.bucket.aws_iam_instance_profile.instance_profile:
2020-08-10T04:30:14.1411312Z resource "aws_iam_instance_profile" "instance_profile" {
2020-08-10T04:30:14.1412546Z     [1m[0marn[0m[0m         = "arn:aws:iam::***:instance-profile/terraform-dev-46901_instance_profile"
2020-08-10T04:30:14.1413224Z     [1m[0mcreate_date[0m[0m = "2020-08-10T04:26:55Z"
2020-08-10T04:30:14.1413877Z     [1m[0mid[0m[0m          = "terraform-dev-46901_instance_profile"
2020-08-10T04:30:14.1414555Z     [1m[0mname[0m[0m        = "terraform-dev-46901_instance_profile"
2020-08-10T04:30:14.1415164Z     [1m[0mpath[0m[0m        = "/"
2020-08-10T04:30:14.1415768Z     [1m[0mrole[0m[0m        = "terraform-dev-46901_allow_instance_s3"
2020-08-10T04:30:14.1416573Z     [1m[0munique_id[0m[0m   = "AIPA2XV4BKOYCYM5A5LM2"
2020-08-10T04:30:14.1417009Z }
2020-08-10T04:30:14.1417199Z 
2020-08-10T04:30:14.1417609Z # module.bucket.aws_iam_role.allow_instance_s3:
2020-08-10T04:30:14.1418049Z resource "aws_iam_role" "allow_instance_s3" {
2020-08-10T04:30:14.1419150Z     [1m[0marn[0m[0m                   = "arn:aws:iam::***:role/terraform-dev-46901_allow_instance_s3"
2020-08-10T04:30:14.1419767Z     [1m[0massume_role_policy[0m[0m    = jsonencode(
2020-08-10T04:30:14.1420163Z         {
2020-08-10T04:30:14.1420525Z             Statement = [
2020-08-10T04:30:14.1420890Z                 {
2020-08-10T04:30:14.1421284Z                     Action    = "sts:AssumeRole"
2020-08-10T04:30:14.1421689Z                     Effect    = "Allow"
2020-08-10T04:30:14.1422156Z                     Principal = {
2020-08-10T04:30:14.1422498Z                         Service = "ec2.amazonaws.com"
2020-08-10T04:30:14.1422844Z                     }
2020-08-10T04:30:14.1423170Z                     Sid       = ""
2020-08-10T04:30:14.1423491Z                 },
2020-08-10T04:30:14.1423809Z             ]
2020-08-10T04:30:14.1424259Z             Version   = "2012-10-17"
2020-08-10T04:30:14.1424579Z         }
2020-08-10T04:30:14.1424901Z     )
2020-08-10T04:30:14.1425384Z     [1m[0mcreate_date[0m[0m           = "2020-08-10T04:26:55Z"
2020-08-10T04:30:14.1425890Z     [1m[0mforce_detach_policies[0m[0m = false
2020-08-10T04:30:14.1426432Z     [1m[0mid[0m[0m                    = "terraform-dev-46901_allow_instance_s3"
2020-08-10T04:30:14.1426963Z     [1m[0mmax_session_duration[0m[0m  = 3600
2020-08-10T04:30:14.1427571Z     [1m[0mname[0m[0m                  = "terraform-dev-46901_allow_instance_s3"
2020-08-10T04:30:14.1428107Z     [1m[0mpath[0m[0m                  = "/"
2020-08-10T04:30:14.1428611Z     [1m[0munique_id[0m[0m             = "AROA2XV4BKOYILWFYYFVK"
2020-08-10T04:30:14.1428985Z }
2020-08-10T04:30:14.1429143Z 
2020-08-10T04:30:14.1429580Z # module.bucket.aws_iam_role_policy.allow_s3_all:
2020-08-10T04:30:14.1429904Z resource "aws_iam_role_policy" "allow_s3_all" {
2020-08-10T04:30:14.1430405Z     [1m[0mid[0m[0m     = "terraform-dev-46901_allow_instance_s3:terraform-dev-46901_allow_all"
2020-08-10T04:30:14.1430882Z     [1m[0mname[0m[0m   = "terraform-dev-46901_allow_all"
2020-08-10T04:30:14.1431309Z     [1m[0mpolicy[0m[0m = jsonencode(
2020-08-10T04:30:14.1431596Z         {
2020-08-10T04:30:14.1431875Z             Statement = [
2020-08-10T04:30:14.1432152Z                 {
2020-08-10T04:30:14.1432436Z                     Action   = [
2020-08-10T04:30:14.1432723Z                         "s3:*",
2020-08-10T04:30:14.1433022Z                     ]
2020-08-10T04:30:14.1433312Z                     Effect   = "Allow"
2020-08-10T04:30:14.1433599Z                     Resource = [
2020-08-10T04:30:14.1434200Z                         "arn:aws:s3:::terraform-dev-46901",
2020-08-10T04:30:14.1434994Z                         "arn:aws:s3:::terraform-dev-46901/*",
2020-08-10T04:30:14.1435360Z                     ]
2020-08-10T04:30:14.1435680Z                 },
2020-08-10T04:30:14.1435999Z             ]
2020-08-10T04:30:14.1436464Z             Version   = "2012-10-17"
2020-08-10T04:30:14.1436909Z         }
2020-08-10T04:30:14.1437427Z     )
2020-08-10T04:30:14.1437985Z     [1m[0mrole[0m[0m   = "terraform-dev-46901_allow_instance_s3"
2020-08-10T04:30:14.1438395Z }
2020-08-10T04:30:14.1438589Z 
2020-08-10T04:30:14.1438967Z # module.bucket.aws_s3_bucket.web_bucket:
2020-08-10T04:30:14.1439371Z resource "aws_s3_bucket" "web_bucket" {
2020-08-10T04:30:14.1439920Z     [1m[0macl[0m[0m                         = "private"
2020-08-10T04:30:14.1440760Z     [1m[0marn[0m[0m                         = "arn:aws:s3:::terraform-dev-46901"
2020-08-10T04:30:14.1441380Z     [1m[0mbucket[0m[0m                      = "terraform-dev-46901"
2020-08-10T04:30:14.1442039Z     [1m[0mbucket_domain_name[0m[0m          = "terraform-dev-46901.s3.amazonaws.com"
2020-08-10T04:30:14.1442831Z     [1m[0mbucket_regional_domain_name[0m[0m = "terraform-dev-46901.s3.amazonaws.com"
2020-08-10T04:30:14.1443474Z     [1m[0mforce_destroy[0m[0m               = ***
2020-08-10T04:30:14.1444307Z     [1m[0mhosted_zone_id[0m[0m              = "Z3AQBSTGFYJSTF"
2020-08-10T04:30:14.1444959Z     [1m[0mid[0m[0m                          = "terraform-dev-46901"
2020-08-10T04:30:14.1445610Z     [1m[0mregion[0m[0m                      = "***"
2020-08-10T04:30:14.1446245Z     [1m[0mrequest_payer[0m[0m               = "BucketOwner"
2020-08-10T04:30:14.1446862Z     [1m[0mtags[0m[0m                        = {
2020-08-10T04:30:14.1447397Z         "BillingCode" = "ACCT8675309"
2020-08-10T04:30:14.1447770Z         "Environment" = "dev"
2020-08-10T04:30:14.1448313Z         "Name"        = "terraform-dev-46901-web-bucket"
2020-08-10T04:30:14.1448705Z     }
2020-08-10T04:30:14.1448902Z 
2020-08-10T04:30:14.1449250Z     versioning {
2020-08-10T04:30:14.1449805Z         [1m[0menabled[0m[0m    = false
2020-08-10T04:30:14.1450334Z         [1m[0mmfa_delete[0m[0m = false
2020-08-10T04:30:14.1450697Z     }
2020-08-10T04:30:14.1451042Z }
2020-08-10T04:30:14.1451237Z 
2020-08-10T04:30:14.1451416Z 
2020-08-10T04:30:14.1451779Z Outputs:
2020-08-10T04:30:14.1451968Z 
2020-08-10T04:30:14.1452569Z aws_elb_public_dns = "dev-nginx-elb-46901-1283207526.***.elb.amazonaws.com"
2020-08-10T04:30:14.1453213Z resources_index = 46901[0m[0m
2020-08-10T04:30:14.1483813Z ##[group]Run target_workspace="$(cat ${GITHUB_WORKSPACE}/workspace | grep -vxE '[[:blank:]]*([#;].*)?' | tr -d "[:space:]")";
2020-08-10T04:30:14.1484496Z [36;1mtarget_workspace="$(cat ${GITHUB_WORKSPACE}/workspace | grep -vxE '[[:blank:]]*([#;].*)?' | tr -d "[:space:]")";[0m
2020-08-10T04:30:14.1485038Z [36;1mtarget_tfstate="${GITHUB_WORKSPACE}/terraform.tfstate.d/${target_workspace}";[0m
2020-08-10T04:30:14.1485556Z [36;1mtarget_buildset="${target_tfstate}/build-$(terraform output resources_index)";[0m
2020-08-10T04:30:14.1486025Z [36;1mmkdir -p ${target_buildset};[0m
2020-08-10T04:30:14.1486465Z [36;1mmv ${target_tfstate}/{*.tfstate,*.show,*.tfplan} ${target_buildset}/ 2>/dev/null;[0m
2020-08-10T04:30:14.1487053Z [36;1maws s3 cp ${GITHUB_WORKSPACE}/terraform.tfstate.d s3://terraform-states-***/ --recursive &>/dev/null;[0m
2020-08-10T04:30:14.1487544Z [36;1mecho -e "Listing Terraform State components ...";[0m
2020-08-10T04:30:14.1488045Z [36;1maws s3 ls s3://terraform-states-*** --recursive ;[0m
2020-08-10T04:30:14.1522028Z shell: /bin/bash -e {0}
2020-08-10T04:30:14.1522400Z env:
2020-08-10T04:30:14.1522901Z   terraform_deploy: ***
2020-08-10T04:30:14.1523253Z   terraform_destroy: ***
2020-08-10T04:30:14.1523601Z   terraform_tfstate: ${GITHUB_WORKSPACE}/terraform.tfstate.d
2020-08-10T04:30:14.1523963Z   terraform_planfile: terraform
2020-08-10T04:30:14.1524302Z   inspect_deployment: ***
2020-08-10T04:30:14.1524665Z   AWS_SHARED_CREDENTIALS_FILE: ${GITHUB_WORKSPACE}/access/credentials
2020-08-10T04:30:14.1525063Z   AWS_DEFAULT_PROFILE: ***
2020-08-10T04:30:14.1525530Z   AWS_DEFAULT_REGION: ***
2020-08-10T04:30:14.1525831Z   AWS_ACCESS_KEY_ID: ***
2020-08-10T04:30:14.1526138Z   AWS_SECRET_ACCESS_KEY: ***
2020-08-10T04:30:14.1526623Z   terraform_s3bucket: terraform-states-***
2020-08-10T04:30:14.1526954Z ##[endgroup]
2020-08-10T04:30:15.0106258Z Listing Terraform State components ...
2020-08-10T04:30:15.4558621Z 2020-08-10 04:30:15      25667 dev/build-46901/terraform.show
2020-08-10T04:30:15.4567129Z 2020-08-10 04:30:15      24137 dev/build-46901/terraform.tfplan
2020-08-10T04:30:15.4576372Z 2020-08-10 04:30:15      65377 dev/build-46901/terraform.tfstate
2020-08-10T04:30:15.4954755Z ##[group]Run target_workspace="$(cat ${GITHUB_WORKSPACE}/workspace | grep -vxE '[[:blank:]]*([#;].*)?' | tr -d "[:space:]")";
2020-08-10T04:30:15.4955424Z [36;1mtarget_workspace="$(cat ${GITHUB_WORKSPACE}/workspace | grep -vxE '[[:blank:]]*([#;].*)?' | tr -d "[:space:]")";[0m
2020-08-10T04:30:15.4955990Z [36;1mcat ${GITHUB_WORKSPACE}/terraform.tfstate.d/${target_workspace}/build-*/terraform.tfstate;[0m
2020-08-10T04:30:15.4986148Z shell: /bin/bash -e {0}
2020-08-10T04:30:15.4986452Z env:
2020-08-10T04:30:15.4986782Z   terraform_deploy: ***
2020-08-10T04:30:15.4987119Z   terraform_destroy: ***
2020-08-10T04:30:15.4987446Z   terraform_tfstate: ${GITHUB_WORKSPACE}/terraform.tfstate.d
2020-08-10T04:30:15.4987790Z   terraform_planfile: terraform
2020-08-10T04:30:15.4988097Z   inspect_deployment: ***
2020-08-10T04:30:15.4988422Z   AWS_SHARED_CREDENTIALS_FILE: ${GITHUB_WORKSPACE}/access/credentials
2020-08-10T04:30:15.4988781Z   AWS_DEFAULT_PROFILE: ***
2020-08-10T04:30:15.4989146Z   AWS_DEFAULT_REGION: ***
2020-08-10T04:30:15.4989460Z   AWS_ACCESS_KEY_ID: ***
2020-08-10T04:30:15.4989802Z   AWS_SECRET_ACCESS_KEY: ***
2020-08-10T04:30:15.4990107Z ##[endgroup]
2020-08-10T04:30:15.5100768Z {
2020-08-10T04:30:15.5105713Z   "version": 4,
2020-08-10T04:30:15.5106278Z   "terraform_version": "0.12.29",
2020-08-10T04:30:15.5106676Z   "serial": 21,
2020-08-10T04:30:15.5107685Z   "lineage": "6ef44a17-85c2-c5ed-2678-956aac4037a6",
2020-08-10T04:30:15.5108127Z   "outputs": {
2020-08-10T04:30:15.5108569Z     "aws_elb_public_dns": {
2020-08-10T04:30:15.5109260Z       "value": "dev-nginx-elb-46901-1283207526.***.elb.amazonaws.com",
2020-08-10T04:30:15.5109726Z       "type": "string"
2020-08-10T04:30:15.5110115Z     },
2020-08-10T04:30:15.5110510Z     "resources_index": {
2020-08-10T04:30:15.5110910Z       "value": 46901,
2020-08-10T04:30:15.5111301Z       "type": "number"
2020-08-10T04:30:15.5111698Z     }
2020-08-10T04:30:15.5112071Z   },
2020-08-10T04:30:15.5112451Z   "resources": [
2020-08-10T04:30:15.5112839Z     {
2020-08-10T04:30:15.5113218Z       "mode": "data",
2020-08-10T04:30:15.5113615Z       "type": "aws_ami",
2020-08-10T04:30:15.5114151Z       "name": "aws-linux",
2020-08-10T04:30:15.5114556Z       "provider": "provider.aws",
2020-08-10T04:30:15.5114958Z       "instances": [
2020-08-10T04:30:15.5115344Z         {
2020-08-10T04:30:15.5115749Z           "schema_version": 0,
2020-08-10T04:30:15.5116155Z           "attributes": {
2020-08-10T04:30:15.5116562Z             "architecture": "x86_64",
2020-08-10T04:30:15.5117746Z             "arn": "arn:aws:ec2:***::image/ami-09d8b5222f2b93bf0",
2020-08-10T04:30:15.5118213Z             "block_device_mappings": [
2020-08-10T04:30:15.5118614Z               {
2020-08-10T04:30:15.5119040Z                 "device_name": "/dev/xvda",
2020-08-10T04:30:15.5119455Z                 "ebs": {
2020-08-10T04:30:15.5119890Z                   "delete_on_termination": "***",
2020-08-10T04:30:15.5120331Z                   "encrypted": "false",
2020-08-10T04:30:15.5120743Z                   "iops": "0",
2020-08-10T04:30:15.5121346Z                   "snapshot_id": "snap-0ed3f0f331ab4cbc7",
2020-08-10T04:30:15.5121791Z                   "volume_size": "8",
2020-08-10T04:30:15.5122212Z                   "volume_type": "gp2"
2020-08-10T04:30:15.5122606Z                 },
2020-08-10T04:30:15.5123001Z                 "no_device": "",
2020-08-10T04:30:15.5123411Z                 "virtual_name": ""
2020-08-10T04:30:15.5123802Z               }
2020-08-10T04:30:15.5124186Z             ],
2020-08-10T04:30:15.5124779Z             "creation_date": "2020-07-21T18:33:14.000Z",
2020-08-10T04:30:15.5125299Z             "description": "Amazon Linux AMI 2018.03.0.20200716.0 x86_64 HVM gp2",
2020-08-10T04:30:15.5125799Z             "executable_users": null,
2020-08-10T04:30:15.5126199Z             "filter": [
2020-08-10T04:30:15.5126588Z               {
2020-08-10T04:30:15.5126986Z                 "name": "name",
2020-08-10T04:30:15.5127387Z                 "values": [
2020-08-10T04:30:15.5128115Z                   "amzn-ami-hvm*"
2020-08-10T04:30:15.5128523Z                 ]
2020-08-10T04:30:15.5128914Z               },
2020-08-10T04:30:15.5129298Z               {
2020-08-10T04:30:15.5129884Z                 "name": "root-device-type",
2020-08-10T04:30:15.5130295Z                 "values": [
2020-08-10T04:30:15.5130687Z                   "ebs"
2020-08-10T04:30:15.5131475Z                 ]
2020-08-10T04:30:15.5131888Z               },
2020-08-10T04:30:15.5132280Z               {
2020-08-10T04:30:15.5132883Z                 "name": "virtualization-type",
2020-08-10T04:30:15.5133300Z                 "values": [
2020-08-10T04:30:15.5133902Z                   "hvm"
2020-08-10T04:30:15.5134317Z                 ]
2020-08-10T04:30:15.5134706Z               }
2020-08-10T04:30:15.5135099Z             ],
2020-08-10T04:30:15.5136006Z             "hypervisor": "xen",
2020-08-10T04:30:15.5136661Z             "id": "ami-09d8b5222f2b93bf0",
2020-08-10T04:30:15.5137263Z             "image_id": "ami-09d8b5222f2b93bf0",
2020-08-10T04:30:15.5137954Z             "image_location": "amazon/amzn-ami-hvm-2018.03.0.20200716.0-x86_64-gp2",
2020-08-10T04:30:15.5138449Z             "image_owner_alias": "amazon",
2020-08-10T04:30:15.5138871Z             "image_type": "machine",
2020-08-10T04:30:15.5139274Z             "kernel_id": null,
2020-08-10T04:30:15.5139719Z             "most_recent": ***,
2020-08-10T04:30:15.5140341Z             "name": "amzn-ami-hvm-2018.03.0.20200716.0-x86_64-gp2",
2020-08-10T04:30:15.5140799Z             "name_regex": null,
2020-08-10T04:30:15.5141211Z             "owner_id": "137112412989",
2020-08-10T04:30:15.5141615Z             "owners": [
2020-08-10T04:30:15.5142008Z               "amazon"
2020-08-10T04:30:15.5143355Z             ],
2020-08-10T04:30:15.5144052Z             "platform": null,
2020-08-10T04:30:15.5144465Z             "product_codes": [],
2020-08-10T04:30:15.5144904Z             "public": ***,
2020-08-10T04:30:15.5145317Z             "ramdisk_id": null,
2020-08-10T04:30:15.5145748Z             "root_device_name": "/dev/xvda",
2020-08-10T04:30:15.5146184Z             "root_device_type": "ebs",
2020-08-10T04:30:15.5146881Z             "root_snapshot_id": "snap-0ed3f0f331ab4cbc7",
2020-08-10T04:30:15.5147335Z             "sriov_net_support": "simple",
2020-08-10T04:30:15.5147743Z             "state": "available",
2020-08-10T04:30:15.5148150Z             "state_reason": {
2020-08-10T04:30:15.5148561Z               "code": "UNSET",
2020-08-10T04:30:15.5148963Z               "message": "UNSET"
2020-08-10T04:30:15.5149352Z             },
2020-08-10T04:30:15.5149740Z             "tags": {},
2020-08-10T04:30:15.5150146Z             "virtualization_type": "hvm"
2020-08-10T04:30:15.5150556Z           }
2020-08-10T04:30:15.5150936Z         }
2020-08-10T04:30:15.5151418Z       ]
2020-08-10T04:30:15.5151766Z     },
2020-08-10T04:30:15.5152115Z     {
2020-08-10T04:30:15.5152474Z       "mode": "data",
2020-08-10T04:30:15.5152851Z       "type": "aws_availability_zones",
2020-08-10T04:30:15.5153327Z       "name": "available",
2020-08-10T04:30:15.5153662Z       "provider": "provider.aws",
2020-08-10T04:30:15.5154004Z       "instances": [
2020-08-10T04:30:15.5154323Z         {
2020-08-10T04:30:15.5154645Z           "schema_version": 0,
2020-08-10T04:30:15.5154974Z           "attributes": {
2020-08-10T04:30:15.5155309Z             "all_availability_zones": null,
2020-08-10T04:30:15.5155653Z             "exclude_names": null,
2020-08-10T04:30:15.5156076Z             "exclude_zone_ids": null,
2020-08-10T04:30:15.5156372Z             "filter": null,
2020-08-10T04:30:15.5173271Z             "group_names": [
2020-08-10T04:30:15.5173848Z               "***"
2020-08-10T04:30:15.5174132Z             ],
2020-08-10T04:30:15.5174572Z             "id": "2020-08-10 04:26:51.432195121 +0000 UTC",
2020-08-10T04:30:15.5174885Z             "names": [
2020-08-10T04:30:15.5175272Z               "***a",
2020-08-10T04:30:15.5175667Z               "***b",
2020-08-10T04:30:15.5176050Z               "***c",
2020-08-10T04:30:15.5176547Z               "***d",
2020-08-10T04:30:15.5176946Z               "***e",
2020-08-10T04:30:15.5177337Z               "***f"
2020-08-10T04:30:15.5177638Z             ],
2020-08-10T04:30:15.5177925Z             "state": null,
2020-08-10T04:30:15.5178211Z             "zone_ids": [
2020-08-10T04:30:15.5178587Z               "use1-az1",
2020-08-10T04:30:15.5178961Z               "use1-az2",
2020-08-10T04:30:15.5179398Z               "use1-az4",
2020-08-10T04:30:15.5179768Z               "use1-az6",
2020-08-10T04:30:15.5180136Z               "use1-az3",
2020-08-10T04:30:15.5180510Z               "use1-az5"
2020-08-10T04:30:15.5180808Z             ]
2020-08-10T04:30:15.5181088Z           }
2020-08-10T04:30:15.5181364Z         }
2020-08-10T04:30:15.5181636Z       ]
2020-08-10T04:30:15.5181903Z     },
2020-08-10T04:30:15.5182170Z     {
2020-08-10T04:30:15.5182455Z       "module": "module.vpc",
2020-08-10T04:30:15.5182739Z       "mode": "data",
2020-08-10T04:30:15.5183036Z       "type": "aws_vpc_endpoint_service",
2020-08-10T04:30:15.5183342Z       "name": "apigw",
2020-08-10T04:30:15.5183627Z       "each": "list",
2020-08-10T04:30:15.5183921Z       "provider": "provider.aws",
2020-08-10T04:30:15.5184209Z       "instances": []
2020-08-10T04:30:15.5184488Z     },
2020-08-10T04:30:15.5184757Z     {
2020-08-10T04:30:15.5185041Z       "module": "module.vpc",
2020-08-10T04:30:15.5185333Z       "mode": "data",
2020-08-10T04:30:15.5185626Z       "type": "aws_vpc_endpoint_service",
2020-08-10T04:30:15.5185933Z       "name": "appmesh_envoy_management",
2020-08-10T04:30:15.5186218Z       "each": "list",
2020-08-10T04:30:15.5186500Z       "provider": "provider.aws",
2020-08-10T04:30:15.5186790Z       "instances": []
2020-08-10T04:30:15.5187063Z     },
2020-08-10T04:30:15.5187373Z     {
2020-08-10T04:30:15.5187719Z       "module": "module.vpc",
2020-08-10T04:30:15.5188082Z       "mode": "data",
2020-08-10T04:30:15.5188487Z       "type": "aws_vpc_endpoint_service",
2020-08-10T04:30:15.5188842Z       "name": "cloudformation",
2020-08-10T04:30:15.5189216Z       "each": "list",
2020-08-10T04:30:15.5189559Z       "provider": "provider.aws",
2020-08-10T04:30:15.5189905Z       "instances": []
2020-08-10T04:30:15.5190293Z     },
2020-08-10T04:30:15.5190654Z     {
2020-08-10T04:30:15.5191016Z       "module": "module.vpc",
2020-08-10T04:30:15.5191370Z       "mode": "data",
2020-08-10T04:30:15.5191739Z       "type": "aws_vpc_endpoint_service",
2020-08-10T04:30:15.5192120Z       "name": "cloudtrail",
2020-08-10T04:30:15.5192483Z       "each": "list",
2020-08-10T04:30:15.5192844Z       "provider": "provider.aws",
2020-08-10T04:30:15.5212467Z       "instances": []
2020-08-10T04:30:15.5212843Z     },
2020-08-10T04:30:15.5213195Z     {
2020-08-10T04:30:15.5213562Z       "module": "module.vpc",
2020-08-10T04:30:15.5213946Z       "mode": "data",
2020-08-10T04:30:15.5214330Z       "type": "aws_vpc_endpoint_service",
2020-08-10T04:30:15.5214713Z       "name": "codebuild",
2020-08-10T04:30:15.5215090Z       "each": "list",
2020-08-10T04:30:15.5215489Z       "provider": "provider.aws",
2020-08-10T04:30:15.5215862Z       "instances": []
2020-08-10T04:30:15.5216212Z     },
2020-08-10T04:30:15.5216562Z     {
2020-08-10T04:30:15.5216923Z       "module": "module.vpc",
2020-08-10T04:30:15.5217286Z       "mode": "data",
2020-08-10T04:30:15.5217669Z       "type": "aws_vpc_endpoint_service",
2020-08-10T04:30:15.5218048Z       "name": "codecommit",
2020-08-10T04:30:15.5218422Z       "each": "list",
2020-08-10T04:30:15.5218811Z       "provider": "provider.aws",
2020-08-10T04:30:15.5219174Z       "instances": []
2020-08-10T04:30:15.5219533Z     },
2020-08-10T04:30:15.5219877Z     {
2020-08-10T04:30:15.5220239Z       "module": "module.vpc",
2020-08-10T04:30:15.5220612Z       "mode": "data",
2020-08-10T04:30:15.5220990Z       "type": "aws_vpc_endpoint_service",
2020-08-10T04:30:15.5221375Z       "name": "codepipeline",
2020-08-10T04:30:15.5221761Z       "each": "list",
2020-08-10T04:30:15.5222129Z       "provider": "provider.aws",
2020-08-10T04:30:15.5222643Z       "instances": []
2020-08-10T04:30:15.5223007Z     },
2020-08-10T04:30:15.5223359Z     {
2020-08-10T04:30:15.5223722Z       "module": "module.vpc",
2020-08-10T04:30:15.5224091Z       "mode": "data",
2020-08-10T04:30:15.5224475Z       "type": "aws_vpc_endpoint_service",
2020-08-10T04:30:15.5224852Z       "name": "config",
2020-08-10T04:30:15.5225227Z       "each": "list",
2020-08-10T04:30:15.5225705Z       "provider": "provider.aws",
2020-08-10T04:30:15.5226073Z       "instances": []
2020-08-10T04:30:15.5226530Z     },
2020-08-10T04:30:15.5226841Z     {
2020-08-10T04:30:15.5227157Z       "module": "module.vpc",
2020-08-10T04:30:15.5227482Z       "mode": "data",
2020-08-10T04:30:15.5227817Z       "type": "aws_vpc_endpoint_service",
2020-08-10T04:30:15.5228149Z       "name": "dynamodb",
2020-08-10T04:30:15.5228597Z       "each": "list",
2020-08-10T04:30:15.5228884Z       "provider": "provider.aws",
2020-08-10T04:30:15.5229166Z       "instances": []
2020-08-10T04:30:15.5229442Z     },
2020-08-10T04:30:15.5229710Z     {
2020-08-10T04:30:15.5229994Z       "module": "module.vpc",
2020-08-10T04:30:15.5230276Z       "mode": "data",
2020-08-10T04:30:15.5230566Z       "type": "aws_vpc_endpoint_service",
2020-08-10T04:30:15.5230852Z       "name": "ec2",
2020-08-10T04:30:15.5231141Z       "each": "list",
2020-08-10T04:30:15.5231422Z       "provider": "provider.aws",
2020-08-10T04:30:15.5231710Z       "instances": []
2020-08-10T04:30:15.5231984Z     },
2020-08-10T04:30:15.5232256Z     {
2020-08-10T04:30:15.5232532Z       "module": "module.vpc",
2020-08-10T04:30:15.5232818Z       "mode": "data",
2020-08-10T04:30:15.5233112Z       "type": "aws_vpc_endpoint_service",
2020-08-10T04:30:15.5233406Z       "name": "ec2messages",
2020-08-10T04:30:15.5233707Z       "each": "list",
2020-08-10T04:30:15.5233989Z       "provider": "provider.aws",
2020-08-10T04:30:15.5234276Z       "instances": []
2020-08-10T04:30:15.5234545Z     },
2020-08-10T04:30:15.5234818Z     {
2020-08-10T04:30:15.5235095Z       "module": "module.vpc",
2020-08-10T04:30:15.5235379Z       "mode": "data",
2020-08-10T04:30:15.5235674Z       "type": "aws_vpc_endpoint_service",
2020-08-10T04:30:15.5235972Z       "name": "ecr_api",
2020-08-10T04:30:15.5236421Z       "each": "list",
2020-08-10T04:30:15.5236927Z       "provider": "provider.aws",
2020-08-10T04:30:15.5237258Z       "instances": []
2020-08-10T04:30:15.5237573Z     },
2020-08-10T04:30:15.5237883Z     {
2020-08-10T04:30:15.5238204Z       "module": "module.vpc",
2020-08-10T04:30:15.5238529Z       "mode": "data",
2020-08-10T04:30:15.5238864Z       "type": "aws_vpc_endpoint_service",
2020-08-10T04:30:15.5239206Z       "name": "ecr_dkr",
2020-08-10T04:30:15.5239530Z       "each": "list",
2020-08-10T04:30:15.5239855Z       "provider": "provider.aws",
2020-08-10T04:30:15.5240183Z       "instances": []
2020-08-10T04:30:15.5240493Z     },
2020-08-10T04:30:15.5240799Z     {
2020-08-10T04:30:15.5241116Z       "module": "module.vpc",
2020-08-10T04:30:15.5241440Z       "mode": "data",
2020-08-10T04:30:15.5241778Z       "type": "aws_vpc_endpoint_service",
2020-08-10T04:30:15.5242116Z       "name": "ecs",
2020-08-10T04:30:15.5242436Z       "each": "list",
2020-08-10T04:30:15.5242763Z       "provider": "provider.aws",
2020-08-10T04:30:15.5243085Z       "instances": []
2020-08-10T04:30:15.5243395Z     },
2020-08-10T04:30:15.5243700Z     {
2020-08-10T04:30:15.5244017Z       "module": "module.vpc",
2020-08-10T04:30:15.5244341Z       "mode": "data",
2020-08-10T04:30:15.5244677Z       "type": "aws_vpc_endpoint_service",
2020-08-10T04:30:15.5245023Z       "name": "ecs_agent",
2020-08-10T04:30:15.5245352Z       "each": "list",
2020-08-10T04:30:15.5245675Z       "provider": "provider.aws",
2020-08-10T04:30:15.5246200Z       "instances": []
2020-08-10T04:30:15.5246550Z     },
2020-08-10T04:30:15.5246894Z     {
2020-08-10T04:30:15.5247255Z       "module": "module.vpc",
2020-08-10T04:30:15.5247622Z       "mode": "data",
2020-08-10T04:30:15.5247999Z       "type": "aws_vpc_endpoint_service",
2020-08-10T04:30:15.5248471Z       "name": "ecs_telemetry",
2020-08-10T04:30:15.5248880Z       "each": "list",
2020-08-10T04:30:15.5249212Z       "provider": "provider.aws",
2020-08-10T04:30:15.5249534Z       "instances": []
2020-08-10T04:30:15.5249845Z     },
2020-08-10T04:30:15.5250149Z     {
2020-08-10T04:30:15.5250468Z       "module": "module.vpc",
2020-08-10T04:30:15.5250788Z       "mode": "data",
2020-08-10T04:30:15.5251117Z       "type": "aws_vpc_endpoint_service",
2020-08-10T04:30:15.5251518Z       "name": "elasticloadbalancing",
2020-08-10T04:30:15.5251837Z       "each": "list",
2020-08-10T04:30:15.5252164Z       "provider": "provider.aws",
2020-08-10T04:30:15.5252486Z       "instances": []
2020-08-10T04:30:15.5252795Z     },
2020-08-10T04:30:15.5253099Z     {
2020-08-10T04:30:15.5253414Z       "module": "module.vpc",
2020-08-10T04:30:15.5253736Z       "mode": "data",
2020-08-10T04:30:15.5254071Z       "type": "aws_vpc_endpoint_service",
2020-08-10T04:30:15.5254407Z       "name": "events",
2020-08-10T04:30:15.5254733Z       "each": "list",
2020-08-10T04:30:15.5255057Z       "provider": "provider.aws",
2020-08-10T04:30:15.5255375Z       "instances": []
2020-08-10T04:30:15.5255681Z     },
2020-08-10T04:30:15.5255986Z     {
2020-08-10T04:30:15.5256303Z       "module": "module.vpc",
2020-08-10T04:30:15.5256625Z       "mode": "data",
2020-08-10T04:30:15.5256954Z       "type": "aws_vpc_endpoint_service",
2020-08-10T04:30:15.5257296Z       "name": "git_codecommit",
2020-08-10T04:30:15.5257707Z       "each": "list",
2020-08-10T04:30:15.5257989Z       "provider": "provider.aws",
2020-08-10T04:30:15.5258270Z       "instances": []
2020-08-10T04:30:15.5258540Z     },
2020-08-10T04:30:15.5258807Z     {
2020-08-10T04:30:15.5259253Z       "module": "module.vpc",
2020-08-10T04:30:15.5259576Z       "mode": "data",
2020-08-10T04:30:15.5259906Z       "type": "aws_vpc_endpoint_service",
2020-08-10T04:30:15.5260245Z       "name": "glue",
2020-08-10T04:30:15.5260754Z       "each": "list",
2020-08-10T04:30:15.5261148Z       "provider": "provider.aws",
2020-08-10T04:30:15.5261516Z       "instances": []
2020-08-10T04:30:15.5262036Z     },
2020-08-10T04:30:15.5262410Z     {
2020-08-10T04:30:15.5262797Z       "module": "module.vpc",
2020-08-10T04:30:15.5263187Z       "mode": "data",
2020-08-10T04:30:15.5263589Z       "type": "aws_vpc_endpoint_service",
2020-08-10T04:30:15.5264005Z       "name": "kinesis_firehose",
2020-08-10T04:30:15.5264396Z       "each": "list",
2020-08-10T04:30:15.5264797Z       "provider": "provider.aws",
2020-08-10T04:30:15.5265189Z       "instances": []
2020-08-10T04:30:15.5265569Z     },
2020-08-10T04:30:15.5265939Z     {
2020-08-10T04:30:15.5266321Z       "module": "module.vpc",
2020-08-10T04:30:15.5266708Z       "mode": "data",
2020-08-10T04:30:15.5267106Z       "type": "aws_vpc_endpoint_service",
2020-08-10T04:30:15.5267525Z       "name": "kinesis_streams",
2020-08-10T04:30:15.5267913Z       "each": "list",
2020-08-10T04:30:15.5268308Z       "provider": "provider.aws",
2020-08-10T04:30:15.5268705Z       "instances": []
2020-08-10T04:30:15.5269082Z     },
2020-08-10T04:30:15.5269453Z     {
2020-08-10T04:30:15.5269839Z       "module": "module.vpc",
2020-08-10T04:30:15.5270238Z       "mode": "data",
2020-08-10T04:30:15.5270640Z       "type": "aws_vpc_endpoint_service",
2020-08-10T04:30:15.5271054Z       "name": "kms",
2020-08-10T04:30:15.5271441Z       "each": "list",
2020-08-10T04:30:15.5271837Z       "provider": "provider.aws",
2020-08-10T04:30:15.5272224Z       "instances": []
2020-08-10T04:30:15.5272698Z     },
2020-08-10T04:30:15.5273044Z     {
2020-08-10T04:30:15.5273405Z       "module": "module.vpc",
2020-08-10T04:30:15.5273768Z       "mode": "data",
2020-08-10T04:30:15.5274147Z       "type": "aws_vpc_endpoint_service",
2020-08-10T04:30:15.5274527Z       "name": "logs",
2020-08-10T04:30:15.5274883Z       "each": "list",
2020-08-10T04:30:15.5275248Z       "provider": "provider.aws",
2020-08-10T04:30:15.5275612Z       "instances": []
2020-08-10T04:30:15.5275964Z     },
2020-08-10T04:30:15.5276387Z     {
2020-08-10T04:30:15.5276815Z       "module": "module.vpc",
2020-08-10T04:30:15.5277431Z       "mode": "data",
2020-08-10T04:30:15.5277814Z       "type": "aws_vpc_endpoint_service",
2020-08-10T04:30:15.5278207Z       "name": "monitoring",
2020-08-10T04:30:15.5278574Z       "each": "list",
2020-08-10T04:30:15.5278943Z       "provider": "provider.aws",
2020-08-10T04:30:15.5279309Z       "instances": []
2020-08-10T04:30:15.5279662Z     },
2020-08-10T04:30:15.5280100Z     {
2020-08-10T04:30:15.5280446Z       "module": "module.vpc",
2020-08-10T04:30:15.5280813Z       "mode": "data",
2020-08-10T04:30:15.5281192Z       "type": "aws_vpc_endpoint_service",
2020-08-10T04:30:15.5281575Z       "name": "s3",
2020-08-10T04:30:15.5281935Z       "each": "list",
2020-08-10T04:30:15.5282404Z       "provider": "provider.aws",
2020-08-10T04:30:15.5282727Z       "instances": []
2020-08-10T04:30:15.5283035Z     },
2020-08-10T04:30:15.5283340Z     {
2020-08-10T04:30:15.5283655Z       "module": "module.vpc",
2020-08-10T04:30:15.5283979Z       "mode": "data",
2020-08-10T04:30:15.5284312Z       "type": "aws_vpc_endpoint_service",
2020-08-10T04:30:15.5284658Z       "name": "sagemaker_api",
2020-08-10T04:30:15.5284979Z       "each": "list",
2020-08-10T04:30:15.5285302Z       "provider": "provider.aws",
2020-08-10T04:30:15.5285627Z       "instances": []
2020-08-10T04:30:15.5285941Z     },
2020-08-10T04:30:15.5286247Z     {
2020-08-10T04:30:15.5286564Z       "module": "module.vpc",
2020-08-10T04:30:15.5286889Z       "mode": "data",
2020-08-10T04:30:15.5287217Z       "type": "aws_vpc_endpoint_service",
2020-08-10T04:30:15.5287563Z       "name": "sagemaker_notebook",
2020-08-10T04:30:15.5287884Z       "each": "list",
2020-08-10T04:30:15.5288211Z       "provider": "provider.aws",
2020-08-10T04:30:15.5288531Z       "instances": []
2020-08-10T04:30:15.5288846Z     },
2020-08-10T04:30:15.5289151Z     {
2020-08-10T04:30:15.5289466Z       "module": "module.vpc",
2020-08-10T04:30:15.5289874Z       "mode": "data",
2020-08-10T04:30:15.5290178Z       "type": "aws_vpc_endpoint_service",
2020-08-10T04:30:15.5290472Z       "name": "sagemaker_runtime",
2020-08-10T04:30:15.5290754Z       "each": "list",
2020-08-10T04:30:15.5291036Z       "provider": "provider.aws",
2020-08-10T04:30:15.5291316Z       "instances": []
2020-08-10T04:30:15.5291588Z     },
2020-08-10T04:30:15.5291855Z     {
2020-08-10T04:30:15.5292129Z       "module": "module.vpc",
2020-08-10T04:30:15.5292409Z       "mode": "data",
2020-08-10T04:30:15.5292713Z       "type": "aws_vpc_endpoint_service",
2020-08-10T04:30:15.5293002Z       "name": "secretsmanager",
2020-08-10T04:30:15.5293284Z       "each": "list",
2020-08-10T04:30:15.5293566Z       "provider": "provider.aws",
2020-08-10T04:30:15.5293850Z       "instances": []
2020-08-10T04:30:15.5294121Z     },
2020-08-10T04:30:15.5294388Z     {
2020-08-10T04:30:15.5294661Z       "module": "module.vpc",
2020-08-10T04:30:15.5294942Z       "mode": "data",
2020-08-10T04:30:15.5295245Z       "type": "aws_vpc_endpoint_service",
2020-08-10T04:30:15.5295538Z       "name": "servicecatalog",
2020-08-10T04:30:15.5295819Z       "each": "list",
2020-08-10T04:30:15.5296106Z       "provider": "provider.aws",
2020-08-10T04:30:15.5296387Z       "instances": []
2020-08-10T04:30:15.5296661Z     },
2020-08-10T04:30:15.5296925Z     {
2020-08-10T04:30:15.5297199Z       "module": "module.vpc",
2020-08-10T04:30:15.5297480Z       "mode": "data",
2020-08-10T04:30:15.5297781Z       "type": "aws_vpc_endpoint_service",
2020-08-10T04:30:15.5298065Z       "name": "sns",
2020-08-10T04:30:15.5298343Z       "each": "list",
2020-08-10T04:30:15.5298626Z       "provider": "provider.aws",
2020-08-10T04:30:15.5298908Z       "instances": []
2020-08-10T04:30:15.5299178Z     },
2020-08-10T04:30:15.5299445Z     {
2020-08-10T04:30:15.5299723Z       "module": "module.vpc",
2020-08-10T04:30:15.5300003Z       "mode": "data",
2020-08-10T04:30:15.5300304Z       "type": "aws_vpc_endpoint_service",
2020-08-10T04:30:15.5300587Z       "name": "sqs",
2020-08-10T04:30:15.5300866Z       "each": "list",
2020-08-10T04:30:15.5301147Z       "provider": "provider.aws",
2020-08-10T04:30:15.5301490Z       "instances": []
2020-08-10T04:30:15.5301774Z     },
2020-08-10T04:30:15.5302044Z     {
2020-08-10T04:30:15.5302328Z       "module": "module.vpc",
2020-08-10T04:30:15.5302610Z       "mode": "data",
2020-08-10T04:30:15.5302914Z       "type": "aws_vpc_endpoint_service",
2020-08-10T04:30:15.5303196Z       "name": "ssm",
2020-08-10T04:30:15.5303472Z       "each": "list",
2020-08-10T04:30:15.5303802Z       "provider": "provider.aws",
2020-08-10T04:30:15.5304084Z       "instances": []
2020-08-10T04:30:15.5304360Z     },
2020-08-10T04:30:15.5304629Z     {
2020-08-10T04:30:15.5304909Z       "module": "module.vpc",
2020-08-10T04:30:15.5305192Z       "mode": "data",
2020-08-10T04:30:15.5305496Z       "type": "aws_vpc_endpoint_service",
2020-08-10T04:30:15.5305784Z       "name": "ssmmessages",
2020-08-10T04:30:15.5306065Z       "each": "list",
2020-08-10T04:30:15.5306351Z       "provider": "provider.aws",
2020-08-10T04:30:15.5306634Z       "instances": []
2020-08-10T04:30:15.5306912Z     },
2020-08-10T04:30:15.5307182Z     {
2020-08-10T04:30:15.5307464Z       "module": "module.vpc",
2020-08-10T04:30:15.5307744Z       "mode": "data",
2020-08-10T04:30:15.5308046Z       "type": "aws_vpc_endpoint_service",
2020-08-10T04:30:15.5308335Z       "name": "storagegateway",
2020-08-10T04:30:15.5308619Z       "each": "list",
2020-08-10T04:30:15.5308907Z       "provider": "provider.aws",
2020-08-10T04:30:15.5309198Z       "instances": []
2020-08-10T04:30:15.5309468Z     },
2020-08-10T04:30:15.5309735Z     {
2020-08-10T04:30:15.5310008Z       "module": "module.vpc",
2020-08-10T04:30:15.5310290Z       "mode": "data",
2020-08-10T04:30:15.5310593Z       "type": "aws_vpc_endpoint_service",
2020-08-10T04:30:15.5310875Z       "name": "sts",
2020-08-10T04:30:15.5311155Z       "each": "list",
2020-08-10T04:30:15.5311907Z       "provider": "provider.aws",
2020-08-10T04:30:15.5312188Z       "instances": []
2020-08-10T04:30:15.5312458Z     },
2020-08-10T04:30:15.5312725Z     {
2020-08-10T04:30:15.5313197Z       "module": "module.vpc",
2020-08-10T04:30:15.5314333Z       "mode": "data",
2020-08-10T04:30:15.5315052Z       "type": "aws_vpc_endpoint_service",
2020-08-10T04:30:15.5315457Z       "name": "transfer",
2020-08-10T04:30:15.5315852Z       "each": "list",
2020-08-10T04:30:15.5316250Z       "provider": "provider.aws",
2020-08-10T04:30:15.5316645Z       "instances": []
2020-08-10T04:30:15.5317205Z     },
2020-08-10T04:30:15.5317585Z     {
2020-08-10T04:30:15.5317973Z       "module": "module.vpc",
2020-08-10T04:30:15.5318381Z       "mode": "data",
2020-08-10T04:30:15.5319170Z       "type": "aws_vpc_endpoint_service",
2020-08-10T04:30:15.5319577Z       "name": "transferserver",
2020-08-10T04:30:15.5319975Z       "each": "list",
2020-08-10T04:30:15.5321151Z       "provider": "provider.aws",
2020-08-10T04:30:15.5321547Z       "instances": []
2020-08-10T04:30:15.5321926Z     },
2020-08-10T04:30:15.5322300Z     {
2020-08-10T04:30:15.5322681Z       "mode": "data",
2020-08-10T04:30:15.5323094Z       "type": "template_file",
2020-08-10T04:30:15.5323497Z       "name": "public_cidrsubnet",
2020-08-10T04:30:15.5323895Z       "each": "list",
2020-08-10T04:30:15.5324301Z       "provider": "provider.template",
2020-08-10T04:30:15.5324699Z       "instances": [
2020-08-10T04:30:15.5325085Z         {
2020-08-10T04:30:15.5325502Z           "index_key": 0,
2020-08-10T04:30:15.5325903Z           "schema_version": 0,
2020-08-10T04:30:15.5326303Z           "attributes": {
2020-08-10T04:30:15.5326716Z             "filename": null,
2020-08-10T04:30:15.5327170Z             "id": "a34d80f7b68bf2b583681f727bae85f5a202ee100ad60ab3b3d351b9ce929539",
2020-08-10T04:30:15.5327664Z             "rendered": "10.0.0.0/24",
2020-08-10T04:30:15.5328098Z             "template": "${cidrsubnet(vpc_cidr,8,current_count)}",
2020-08-10T04:30:15.5328543Z             "vars": {
2020-08-10T04:30:15.5328943Z               "current_count": "0",
2020-08-10T04:30:15.5329352Z               "vpc_cidr": "10.0.0.0/16"
2020-08-10T04:30:15.5329750Z             }
2020-08-10T04:30:15.5330148Z           }
2020-08-10T04:30:15.5330660Z         },
2020-08-10T04:30:15.5331044Z         {
2020-08-10T04:30:15.5331438Z           "index_key": 1,
2020-08-10T04:30:15.5331843Z           "schema_version": 0,
2020-08-10T04:30:15.5332243Z           "attributes": {
2020-08-10T04:30:15.5332636Z             "filename": null,
2020-08-10T04:30:15.5333090Z             "id": "cbaf82725f6dbdc7b853d44bf5ad19570d329f483523165c7aa6ff23366b00c8",
2020-08-10T04:30:15.5333647Z             "rendered": "10.0.1.0/24",
2020-08-10T04:30:15.5334094Z             "template": "${cidrsubnet(vpc_cidr,8,current_count)}",
2020-08-10T04:30:15.5334540Z             "vars": {
2020-08-10T04:30:15.5334944Z               "current_count": "1",
2020-08-10T04:30:15.5335365Z               "vpc_cidr": "10.0.0.0/16"
2020-08-10T04:30:15.5335763Z             }
2020-08-10T04:30:15.5336143Z           }
2020-08-10T04:30:15.5336529Z         }
2020-08-10T04:30:15.5336901Z       ]
2020-08-10T04:30:15.5337276Z     },
2020-08-10T04:30:15.5337665Z     {
2020-08-10T04:30:15.5338058Z       "module": "module.vpc",
2020-08-10T04:30:15.5338462Z       "mode": "managed",
2020-08-10T04:30:15.5338874Z       "type": "aws_db_subnet_group",
2020-08-10T04:30:15.5339274Z       "name": "database",
2020-08-10T04:30:15.5339671Z       "each": "list",
2020-08-10T04:30:15.5340069Z       "provider": "provider.aws",
2020-08-10T04:30:15.5340468Z       "instances": []
2020-08-10T04:30:15.5340870Z     },
2020-08-10T04:30:15.5341245Z     {
2020-08-10T04:30:15.5341629Z       "module": "module.vpc",
2020-08-10T04:30:15.5342032Z       "mode": "managed",
2020-08-10T04:30:15.5342495Z       "type": "aws_***_network_acl",
2020-08-10T04:30:15.5342894Z       "name": "this",
2020-08-10T04:30:15.5343279Z       "each": "list",
2020-08-10T04:30:15.5343677Z       "provider": "provider.aws",
2020-08-10T04:30:15.5344090Z       "instances": []
2020-08-10T04:30:15.5344471Z     },
2020-08-10T04:30:15.5344841Z     {
2020-08-10T04:30:15.5345220Z       "module": "module.vpc",
2020-08-10T04:30:15.5345615Z       "mode": "managed",
2020-08-10T04:30:15.5346034Z       "type": "aws_***_vpc",
2020-08-10T04:30:15.5346426Z       "name": "this",
2020-08-10T04:30:15.5346907Z       "each": "list",
2020-08-10T04:30:15.5347290Z       "provider": "provider.aws",
2020-08-10T04:30:15.5347656Z       "instances": []
2020-08-10T04:30:15.5348007Z     },
2020-08-10T04:30:15.5348354Z     {
2020-08-10T04:30:15.5348713Z       "module": "module.vpc",
2020-08-10T04:30:15.5349085Z       "mode": "managed",
2020-08-10T04:30:15.5349470Z       "type": "aws_egress_only_internet_gateway",
2020-08-10T04:30:15.5349858Z       "name": "this",
2020-08-10T04:30:15.5350215Z       "each": "list",
2020-08-10T04:30:15.5350596Z       "provider": "provider.aws",
2020-08-10T04:30:15.5350962Z       "instances": []
2020-08-10T04:30:15.5351312Z     },
2020-08-10T04:30:15.5351657Z     {
2020-08-10T04:30:15.5352020Z       "module": "module.vpc",
2020-08-10T04:30:15.5352386Z       "mode": "managed",
2020-08-10T04:30:15.5352752Z       "type": "aws_eip",
2020-08-10T04:30:15.5353113Z       "name": "nat",
2020-08-10T04:30:15.5353472Z       "each": "list",
2020-08-10T04:30:15.5353845Z       "provider": "provider.aws",
2020-08-10T04:30:15.5354204Z       "instances": []
2020-08-10T04:30:15.5354556Z     },
2020-08-10T04:30:15.5354899Z     {
2020-08-10T04:30:15.5355257Z       "module": "module.vpc",
2020-08-10T04:30:15.5355625Z       "mode": "managed",
2020-08-10T04:30:15.5356013Z       "type": "aws_elasticache_subnet_group",
2020-08-10T04:30:15.5356394Z       "name": "elasticache",
2020-08-10T04:30:15.5357227Z       "each": "list",
2020-08-10T04:30:15.5357616Z       "provider": "provider.aws",
2020-08-10T04:30:15.5357981Z       "instances": []
2020-08-10T04:30:15.5359242Z     },
2020-08-10T04:30:15.5359600Z     {
2020-08-10T04:30:15.5360311Z       "mode": "managed",
2020-08-10T04:30:15.5360682Z       "type": "aws_elb",
2020-08-10T04:30:15.5361046Z       "name": "web",
2020-08-10T04:30:15.5361417Z       "provider": "provider.aws",
2020-08-10T04:30:15.5361784Z       "instances": [
2020-08-10T04:30:15.5362286Z         {
2020-08-10T04:30:15.5362653Z           "schema_version": 0,
2020-08-10T04:30:15.5363020Z           "attributes": {
2020-08-10T04:30:15.5363576Z             "access_logs": [],
2020-08-10T04:30:15.5364748Z             "arn": "arn:aws:elasticloadbalancing:***:***:loadbalancer/dev-nginx-elb-46901",
2020-08-10T04:30:15.5365246Z             "availability_zones": [
2020-08-10T04:30:15.5365930Z               "***a",
2020-08-10T04:30:15.5366475Z               "***b"
2020-08-10T04:30:15.5366868Z             ],
2020-08-10T04:30:15.5367277Z             "connection_draining": false,
2020-08-10T04:30:15.5367707Z             "connection_draining_timeout": 300,
2020-08-10T04:30:15.5368154Z             "cross_zone_load_balancing": ***,
2020-08-10T04:30:15.5368850Z             "dns_name": "dev-nginx-elb-46901-1283207526.***.elb.amazonaws.com",
2020-08-10T04:30:15.5369333Z             "health_check": [
2020-08-10T04:30:15.5369724Z               {
2020-08-10T04:30:15.5370139Z                 "healthy_threshold": 10,
2020-08-10T04:30:15.5370543Z                 "interval": 30,
2020-08-10T04:30:15.5370944Z                 "target": "TCP:80",
2020-08-10T04:30:15.5371347Z                 "timeout": 5,
2020-08-10T04:30:15.5371763Z                 "unhealthy_threshold": 2
2020-08-10T04:30:15.5372152Z               }
2020-08-10T04:30:15.5372531Z             ],
2020-08-10T04:30:15.5373093Z             "id": "dev-nginx-elb-46901",
2020-08-10T04:30:15.5373512Z             "idle_timeout": 60,
2020-08-10T04:30:15.5373914Z             "instances": [
2020-08-10T04:30:15.5374465Z               "i-03f90c5623d4b8771",
2020-08-10T04:30:15.5375017Z               "i-0b0f6b7357b1027fd"
2020-08-10T04:30:15.5375404Z             ],
2020-08-10T04:30:15.5375810Z             "internal": false,
2020-08-10T04:30:15.5376203Z             "listener": [
2020-08-10T04:30:15.5376587Z               {
2020-08-10T04:30:15.5376980Z                 "instance_port": 80,
2020-08-10T04:30:15.5377417Z                 "instance_protocol": "http",
2020-08-10T04:30:15.5377840Z                 "lb_port": 80,
2020-08-10T04:30:15.5378244Z                 "lb_protocol": "http",
2020-08-10T04:30:15.5378658Z                 "ssl_certificate_id": ""
2020-08-10T04:30:15.5379064Z               }
2020-08-10T04:30:15.5379450Z             ],
2020-08-10T04:30:15.5380009Z             "name": "dev-nginx-elb-46901",
2020-08-10T04:30:15.5380418Z             "name_prefix": null,
2020-08-10T04:30:15.5380826Z             "security_groups": [
2020-08-10T04:30:15.5381373Z               "sg-08a54299a0ab27ed7"
2020-08-10T04:30:15.5381761Z             ],
2020-08-10T04:30:15.5382373Z             "source_security_group": "***/nginx_elb_sg-46901",
2020-08-10T04:30:15.5383025Z             "source_security_group_id": "sg-08a54299a0ab27ed7",
2020-08-10T04:30:15.5383454Z             "subnets": [
2020-08-10T04:30:15.5384009Z               "subnet-086e5fb70c01151a8",
2020-08-10T04:30:15.5384569Z               "subnet-0df9831d35036a1bc"
2020-08-10T04:30:15.5384960Z             ],
2020-08-10T04:30:15.5385343Z             "tags": {
2020-08-10T04:30:15.5385744Z               "BillingCode": "ACCT8675309",
2020-08-10T04:30:15.5386147Z               "Environment": "dev",
2020-08-10T04:30:15.5386707Z               "Name": "dev-elb-46901"
2020-08-10T04:30:15.5387095Z             },
2020-08-10T04:30:15.5387492Z             "zone_id": "Z35SXDOTRQ7X7K"
2020-08-10T04:30:15.5387881Z           },
2020-08-10T04:30:15.5388272Z           "private": "bnVsbA==",
2020-08-10T04:30:15.5388670Z           "dependencies": [
2020-08-10T04:30:15.5389070Z             "aws_instance.nginx",
2020-08-10T04:30:15.5389631Z             "aws_security_group.elb-sg",
2020-08-10T04:30:15.5390200Z             "aws_security_group.nginx-sg",
2020-08-10T04:30:15.5390628Z             "module.bucket.aws_iam_instance_profile.instance_profile",
2020-08-10T04:30:15.5391108Z             "module.bucket.aws_iam_role.allow_instance_s3",
2020-08-10T04:30:15.5391563Z             "module.bucket.aws_iam_role_policy.allow_s3_all",
2020-08-10T04:30:15.5392117Z             "module.bucket.aws_s3_bucket.web_bucket",
2020-08-10T04:30:15.5392556Z             "module.vpc.aws_subnet.public",
2020-08-10T04:30:15.5392957Z             "module.vpc.aws_vpc.this",
2020-08-10T04:30:15.5393381Z             "module.vpc.aws_vpc_ipv4_cidr_block_association.this",
2020-08-10T04:30:15.5393842Z             "random_integer.rand"
2020-08-10T04:30:15.5394228Z           ]
2020-08-10T04:30:15.5394661Z         }
2020-08-10T04:30:15.5395032Z       ]
2020-08-10T04:30:15.5395403Z     },
2020-08-10T04:30:15.5395767Z     {
2020-08-10T04:30:15.5396157Z       "module": "module.bucket",
2020-08-10T04:30:15.5396557Z       "mode": "managed",
2020-08-10T04:30:15.5397163Z       "type": "aws_iam_instance_profile",
2020-08-10T04:30:15.5397582Z       "name": "instance_profile",
2020-08-10T04:30:15.5397980Z       "provider": "provider.aws",
2020-08-10T04:30:15.5398369Z       "instances": [
2020-08-10T04:30:15.5398747Z         {
2020-08-10T04:30:15.5399142Z           "schema_version": 0,
2020-08-10T04:30:15.5399542Z           "attributes": {
2020-08-10T04:30:15.5400632Z             "arn": "arn:aws:iam::***:instance-profile/terraform-dev-46901_instance_profile",
2020-08-10T04:30:15.5401325Z             "create_date": "2020-08-10T04:26:55Z",
2020-08-10T04:30:15.5402032Z             "id": "terraform-dev-46901_instance_profile",
2020-08-10T04:30:15.5402614Z             "name": "terraform-dev-46901_instance_profile",
2020-08-10T04:30:15.5403023Z             "name_prefix": null,
2020-08-10T04:30:15.5403390Z             "path": "/",
2020-08-10T04:30:15.5403932Z             "role": "terraform-dev-46901_allow_instance_s3",
2020-08-10T04:30:15.5404351Z             "unique_id": "AIPA2XV4BKOYCYM5A5LM2"
2020-08-10T04:30:15.5404748Z           },
2020-08-10T04:30:15.5405113Z           "private": "bnVsbA==",
2020-08-10T04:30:15.5405483Z           "dependencies": [
2020-08-10T04:30:15.5405945Z             "module.bucket.aws_iam_role.allow_instance_s3",
2020-08-10T04:30:15.5406302Z             "random_integer.rand"
2020-08-10T04:30:15.5406625Z           ]
2020-08-10T04:30:15.5406924Z         }
2020-08-10T04:30:15.5407228Z       ]
2020-08-10T04:30:15.5407530Z     },
2020-08-10T04:30:15.5407839Z     {
2020-08-10T04:30:15.5408157Z       "module": "module.bucket",
2020-08-10T04:30:15.5408570Z       "mode": "managed",
2020-08-10T04:30:15.5408888Z       "type": "aws_iam_role",
2020-08-10T04:30:15.5409169Z       "name": "allow_instance_s3",
2020-08-10T04:30:15.5409458Z       "provider": "provider.aws",
2020-08-10T04:30:15.5409730Z       "instances": [
2020-08-10T04:30:15.5409988Z         {
2020-08-10T04:30:15.5410258Z           "schema_version": 0,
2020-08-10T04:30:15.5410544Z           "attributes": {
2020-08-10T04:30:15.5411166Z             "arn": "arn:aws:iam::***:role/terraform-dev-46901_allow_instance_s3",
2020-08-10T04:30:15.5411838Z             "assume_role_policy": "{\"Version\":\"2012-10-17\",\"Statement\":[{\"Sid\":\"\",\"Effect\":\"Allow\",\"Principal\":{\"Service\":\"ec2.amazonaws.com\"},\"Action\":\"sts:AssumeRole\"}]}",
2020-08-10T04:30:15.5412343Z             "create_date": "2020-08-10T04:26:55Z",
2020-08-10T04:30:15.5412631Z             "description": "",
2020-08-10T04:30:15.5412912Z             "force_detach_policies": false,
2020-08-10T04:30:15.5413329Z             "id": "terraform-dev-46901_allow_instance_s3",
2020-08-10T04:30:15.5413648Z             "max_session_duration": 3600,
2020-08-10T04:30:15.5414066Z             "name": "terraform-dev-46901_allow_instance_s3",
2020-08-10T04:30:15.5414376Z             "name_prefix": null,
2020-08-10T04:30:15.5414654Z             "path": "/",
2020-08-10T04:30:15.5414942Z             "permissions_boundary": null,
2020-08-10T04:30:15.5415231Z             "tags": null,
2020-08-10T04:30:15.5415732Z             "unique_id": "AROA2XV4BKOYILWFYYFVK"
2020-08-10T04:30:15.5416147Z           },
2020-08-10T04:30:15.5416622Z           "private": "bnVsbA==",
2020-08-10T04:30:15.5416945Z           "dependencies": [
2020-08-10T04:30:15.5417273Z             "random_integer.rand"
2020-08-10T04:30:15.5417694Z           ]
2020-08-10T04:30:15.5418007Z         }
2020-08-10T04:30:15.5418320Z       ]
2020-08-10T04:30:15.5418628Z     },
2020-08-10T04:30:15.5418947Z     {
2020-08-10T04:30:15.5419267Z       "module": "module.bucket",
2020-08-10T04:30:15.5419594Z       "mode": "managed",
2020-08-10T04:30:15.5419916Z       "type": "aws_iam_role_policy",
2020-08-10T04:30:15.5420239Z       "name": "allow_s3_all",
2020-08-10T04:30:15.5420619Z       "provider": "provider.aws",
2020-08-10T04:30:15.5420942Z       "instances": [
2020-08-10T04:30:15.5421255Z         {
2020-08-10T04:30:15.5421575Z           "schema_version": 0,
2020-08-10T04:30:15.5421909Z           "attributes": {
2020-08-10T04:30:15.5422456Z             "id": "terraform-dev-46901_allow_instance_s3:terraform-dev-46901_allow_all",
2020-08-10T04:30:15.5422993Z             "name": "terraform-dev-46901_allow_all",
2020-08-10T04:30:15.5423345Z             "name_prefix": null,
2020-08-10T04:30:15.5424575Z             "policy": "{\n  \"Version\": \"2012-10-17\",\n  \"Statement\": [\n    {\n      \"Action\": [\n        \"s3:*\"\n      ],\n      \"Effect\": \"Allow\",\n      \"Resource\": [\n                \"arn:aws:s3:::terraform-dev-46901\",\n                \"arn:aws:s3:::terraform-dev-46901/*\"\n            ]\n    }\n  ]\n}\n",
2020-08-10T04:30:15.5425230Z             "role": "terraform-dev-46901_allow_instance_s3"
2020-08-10T04:30:15.5425581Z           },
2020-08-10T04:30:15.5425904Z           "private": "bnVsbA==",
2020-08-10T04:30:15.5426234Z           "dependencies": [
2020-08-10T04:30:15.5426575Z             "module.bucket.aws_iam_role.allow_instance_s3",
2020-08-10T04:30:15.5426935Z             "random_integer.rand"
2020-08-10T04:30:15.5427254Z           ]
2020-08-10T04:30:15.5427580Z         }
2020-08-10T04:30:15.5427883Z       ]
2020-08-10T04:30:15.5428185Z     },
2020-08-10T04:30:15.5428485Z     {
2020-08-10T04:30:15.5428796Z       "mode": "managed",
2020-08-10T04:30:15.5429117Z       "type": "aws_instance",
2020-08-10T04:30:15.5429441Z       "name": "nginx",
2020-08-10T04:30:15.5429759Z       "each": "list",
2020-08-10T04:30:15.5430081Z       "provider": "provider.aws",
2020-08-10T04:30:15.5430401Z       "instances": [
2020-08-10T04:30:15.5430728Z         {
2020-08-10T04:30:15.5431126Z           "index_key": 0,
2020-08-10T04:30:15.5431396Z           "schema_version": 1,
2020-08-10T04:30:15.5431669Z           "attributes": {
2020-08-10T04:30:15.5432071Z             "ami": "ami-09d8b5222f2b93bf0",
2020-08-10T04:30:15.5432622Z             "arn": "arn:aws:ec2:***:***:instance/i-0b0f6b7357b1027fd",
2020-08-10T04:30:15.5432979Z             "associate_public_ip_address": ***,
2020-08-10T04:30:15.5433409Z             "availability_zone": "***a",
2020-08-10T04:30:15.5433696Z             "cpu_core_count": 1,
2020-08-10T04:30:15.5433983Z             "cpu_threads_per_core": 1,
2020-08-10T04:30:15.5434273Z             "credit_specification": [
2020-08-10T04:30:15.5434551Z               {
2020-08-10T04:30:15.5434847Z                 "cpu_credits": "standard"
2020-08-10T04:30:15.5435130Z               }
2020-08-10T04:30:15.5435395Z             ],
2020-08-10T04:30:15.5435680Z             "disable_api_termination": false,
2020-08-10T04:30:15.5435976Z             "ebs_block_device": [],
2020-08-10T04:30:15.5436261Z             "ebs_optimized": false,
2020-08-10T04:30:15.5436546Z             "ephemeral_block_device": [],
2020-08-10T04:30:15.5436944Z             "get_password_data": false,
2020-08-10T04:30:15.5437239Z             "hibernation": false,
2020-08-10T04:30:15.5437516Z             "host_id": null,
2020-08-10T04:30:15.5437959Z             "iam_instance_profile": "terraform-dev-46901_instance_profile",
2020-08-10T04:30:15.5438406Z             "id": "i-0b0f6b7357b1027fd",
2020-08-10T04:30:15.5438708Z             "instance_initiated_shutdown_behavior": null,
2020-08-10T04:30:15.5439022Z             "instance_state": "running",
2020-08-10T04:30:15.5439312Z             "instance_type": "t2.micro",
2020-08-10T04:30:15.5439595Z             "ipv6_address_count": 0,
2020-08-10T04:30:15.5439978Z             "ipv6_addresses": [],
2020-08-10T04:30:15.5440268Z             "key_name": "terraform",
2020-08-10T04:30:15.5440551Z             "metadata_options": [
2020-08-10T04:30:15.5440825Z               {
2020-08-10T04:30:15.5441119Z                 "http_endpoint": "enabled",
2020-08-10T04:30:15.5441419Z                 "http_put_response_hop_limit": 1,
2020-08-10T04:30:15.5441777Z                 "http_tokens": "optional"
2020-08-10T04:30:15.5442057Z               }
2020-08-10T04:30:15.5442337Z             ],
2020-08-10T04:30:15.5442616Z             "monitoring": false,
2020-08-10T04:30:15.5442895Z             "network_interface": [],
2020-08-10T04:30:15.5443179Z             "outpost_arn": "",
2020-08-10T04:30:15.5443463Z             "password_data": "",
2020-08-10T04:30:15.5443742Z             "placement_group": "",
2020-08-10T04:30:15.5444177Z             "primary_network_interface_id": "eni-08c8aad4009c400a7",
2020-08-10T04:30:15.5444634Z             "private_dns": "ip-10-0-0-228.ec2.internal",
2020-08-10T04:30:15.5444950Z             "private_ip": "10.0.0.228",
2020-08-10T04:30:15.5445247Z             "public_dns": "",
2020-08-10T04:30:15.5445538Z             "public_ip": "3.226.245.200",
2020-08-10T04:30:15.5445827Z             "root_block_device": [
2020-08-10T04:30:15.5446105Z               {
2020-08-10T04:30:15.5446410Z                 "delete_on_termination": ***,
2020-08-10T04:30:15.5446722Z                 "device_name": "/dev/xvda",
2020-08-10T04:30:15.5447009Z                 "encrypted": false,
2020-08-10T04:30:15.5447306Z                 "iops": 100,
2020-08-10T04:30:15.5447592Z                 "kms_key_id": "",
2020-08-10T04:30:15.5448008Z                 "volume_id": "vol-0cc326bbadcc63a11",
2020-08-10T04:30:15.5448313Z                 "volume_size": 8,
2020-08-10T04:30:15.5448601Z                 "volume_type": "gp2"
2020-08-10T04:30:15.5448879Z               }
2020-08-10T04:30:15.5449146Z             ],
2020-08-10T04:30:15.5449428Z             "secondary_private_ips": [],
2020-08-10T04:30:15.5449724Z             "security_groups": [],
2020-08-10T04:30:15.5450023Z             "source_dest_check": ***,
2020-08-10T04:30:15.5450445Z             "subnet_id": "subnet-0df9831d35036a1bc",
2020-08-10T04:30:15.5450747Z             "tags": {
2020-08-10T04:30:15.5451017Z               "BillingCode": "ACCT8675309",
2020-08-10T04:30:15.5451286Z               "Environment": "dev",
2020-08-10T04:30:15.5451664Z               "Name": "dev-nginx-46901-1"
2020-08-10T04:30:15.5451926Z             },
2020-08-10T04:30:15.5452196Z             "tenancy": "***",
2020-08-10T04:30:15.5452456Z             "timeouts": null,
2020-08-10T04:30:15.5452721Z             "user_data": null,
2020-08-10T04:30:15.5452987Z             "user_data_base64": null,
2020-08-10T04:30:15.5453249Z             "volume_tags": {},
2020-08-10T04:30:15.5453515Z             "vpc_security_group_ids": [
2020-08-10T04:30:15.5453890Z               "sg-008dcb9e14ed8b03c"
2020-08-10T04:30:15.5454154Z             ]
2020-08-10T04:30:15.5454408Z           },
2020-08-10T04:30:15.5454829Z           "private": "eyJlMmJmYjczMC1lY2FhLTExZTYtOGY4OC0zNDM2M2JjN2M0YzAiOnsiY3JlYXRlIjo2MDAwMDAwMDAwMDAsImRlbGV0ZSI6MTIwMDAwMDAwMDAwMCwidXBkYXRlIjo2MDAwMDAwMDAwMDB9LCJzY2hlbWFfdmVyc2lvbiI6IjEifQ==",
2020-08-10T04:30:15.5455253Z           "dependencies": [
2020-08-10T04:30:15.5455640Z             "aws_security_group.nginx-sg",
2020-08-10T04:30:15.5455941Z             "module.bucket.aws_iam_instance_profile.instance_profile",
2020-08-10T04:30:15.5456280Z             "module.bucket.aws_iam_role.allow_instance_s3",
2020-08-10T04:30:15.5456607Z             "module.bucket.aws_iam_role_policy.allow_s3_all",
2020-08-10T04:30:15.5456928Z             "module.bucket.aws_s3_bucket.web_bucket",
2020-08-10T04:30:15.5457242Z             "module.vpc.aws_subnet.public",
2020-08-10T04:30:15.5457532Z             "module.vpc.aws_vpc.this",
2020-08-10T04:30:15.5457833Z             "module.vpc.aws_vpc_ipv4_cidr_block_association.this",
2020-08-10T04:30:15.5458215Z             "random_integer.rand"
2020-08-10T04:30:15.5458491Z           ]
2020-08-10T04:30:15.5458764Z         },
2020-08-10T04:30:15.5459030Z         {
2020-08-10T04:30:15.5459299Z           "index_key": 1,
2020-08-10T04:30:15.5459579Z           "schema_version": 1,
2020-08-10T04:30:15.5459855Z           "attributes": {
2020-08-10T04:30:15.5460259Z             "ami": "ami-09d8b5222f2b93bf0",
2020-08-10T04:30:15.5460849Z             "arn": "arn:aws:ec2:***:***:instance/i-03f90c5623d4b8771",
2020-08-10T04:30:15.5461200Z             "associate_public_ip_address": ***,
2020-08-10T04:30:15.5461627Z             "availability_zone": "***b",
2020-08-10T04:30:15.5461913Z             "cpu_core_count": 1,
2020-08-10T04:30:15.5462201Z             "cpu_threads_per_core": 1,
2020-08-10T04:30:15.5462488Z             "credit_specification": [
2020-08-10T04:30:15.5462761Z               {
2020-08-10T04:30:15.5463066Z                 "cpu_credits": "standard"
2020-08-10T04:30:15.5463342Z               }
2020-08-10T04:30:15.5463612Z             ],
2020-08-10T04:30:15.5463899Z             "disable_api_termination": false,
2020-08-10T04:30:15.5464192Z             "ebs_block_device": [],
2020-08-10T04:30:15.5464475Z             "ebs_optimized": false,
2020-08-10T04:30:15.5464763Z             "ephemeral_block_device": [],
2020-08-10T04:30:15.5465051Z             "get_password_data": false,
2020-08-10T04:30:15.5465344Z             "hibernation": false,
2020-08-10T04:30:15.5465625Z             "host_id": null,
2020-08-10T04:30:15.5466060Z             "iam_instance_profile": "terraform-dev-46901_instance_profile",
2020-08-10T04:30:15.5466507Z             "id": "i-03f90c5623d4b8771",
2020-08-10T04:30:15.5466810Z             "instance_initiated_shutdown_behavior": null,
2020-08-10T04:30:15.5467123Z             "instance_state": "running",
2020-08-10T04:30:15.5467411Z             "instance_type": "t2.micro",
2020-08-10T04:30:15.5467699Z             "ipv6_address_count": 0,
2020-08-10T04:30:15.5467995Z             "ipv6_addresses": [],
2020-08-10T04:30:15.5468279Z             "key_name": "terraform",
2020-08-10T04:30:15.5468562Z             "metadata_options": [
2020-08-10T04:30:15.5468836Z               {
2020-08-10T04:30:15.5469133Z                 "http_endpoint": "enabled",
2020-08-10T04:30:15.5469425Z                 "http_put_response_hop_limit": 1,
2020-08-10T04:30:15.5470335Z                 "http_tokens": "optional"
2020-08-10T04:30:15.5470988Z               }
2020-08-10T04:30:15.5471561Z             ],
2020-08-10T04:30:15.5471939Z             "monitoring": false,
2020-08-10T04:30:15.5472329Z             "network_interface": [],
2020-08-10T04:30:15.5472716Z             "outpost_arn": "",
2020-08-10T04:30:15.5473106Z             "password_data": "",
2020-08-10T04:30:15.5473496Z             "placement_group": "",
2020-08-10T04:30:15.5474153Z             "primary_network_interface_id": "eni-009f4f5e890464fff",
2020-08-10T04:30:15.5474791Z             "private_dns": "ip-10-0-1-22.ec2.internal",
2020-08-10T04:30:15.5475226Z             "private_ip": "10.0.1.22",
2020-08-10T04:30:15.5475627Z             "public_dns": "",
2020-08-10T04:30:15.5476032Z             "public_ip": "54.197.40.17",
2020-08-10T04:30:15.5476426Z             "root_block_device": [
2020-08-10T04:30:15.5477090Z               {
2020-08-10T04:30:15.5477662Z                 "delete_on_termination": ***,
2020-08-10T04:30:15.5478212Z                 "device_name": "/dev/xvda",
2020-08-10T04:30:15.5478832Z                 "encrypted": false,
2020-08-10T04:30:15.5479349Z                 "iops": 100,
2020-08-10T04:30:15.5479949Z                 "kms_key_id": "",
2020-08-10T04:30:15.5480687Z                 "volume_id": "vol-061bffb5d600cdd49",
2020-08-10T04:30:15.5481242Z                 "volume_size": 8,
2020-08-10T04:30:15.5481782Z                 "volume_type": "gp2"
2020-08-10T04:30:15.5482556Z               }
2020-08-10T04:30:15.5482931Z             ],
2020-08-10T04:30:15.5483299Z             "secondary_private_ips": [],
2020-08-10T04:30:15.5483686Z             "security_groups": [],
2020-08-10T04:30:15.5484228Z             "source_dest_check": ***,
2020-08-10T04:30:15.5484765Z             "subnet_id": "subnet-086e5fb70c01151a8",
2020-08-10T04:30:15.5485171Z             "tags": {
2020-08-10T04:30:15.5485547Z               "BillingCode": "ACCT8675309",
2020-08-10T04:30:15.5485930Z               "Environment": "dev",
2020-08-10T04:30:15.5494236Z               "Name": "dev-nginx-46901-2"
2020-08-10T04:30:15.5494654Z             },
2020-08-10T04:30:15.5494976Z             "tenancy": "***",
2020-08-10T04:30:15.5495258Z             "timeouts": null,
2020-08-10T04:30:15.5495543Z             "user_data": null,
2020-08-10T04:30:15.5495832Z             "user_data_base64": null,
2020-08-10T04:30:15.5496113Z             "volume_tags": {},
2020-08-10T04:30:15.5496404Z             "vpc_security_group_ids": [
2020-08-10T04:30:15.5496817Z               "sg-008dcb9e14ed8b03c"
2020-08-10T04:30:15.5497104Z             ]
2020-08-10T04:30:15.5497375Z           },
2020-08-10T04:30:15.5497817Z           "private": "eyJlMmJmYjczMC1lY2FhLTExZTYtOGY4OC0zNDM2M2JjN2M0YzAiOnsiY3JlYXRlIjo2MDAwMDAwMDAwMDAsImRlbGV0ZSI6MTIwMDAwMDAwMDAwMCwidXBkYXRlIjo2MDAwMDAwMDAwMDB9LCJzY2hlbWFfdmVyc2lvbiI6IjEifQ==",
2020-08-10T04:30:15.5498235Z           "dependencies": [
2020-08-10T04:30:15.5498636Z             "aws_security_group.nginx-sg",
2020-08-10T04:30:15.5498937Z             "module.bucket.aws_iam_instance_profile.instance_profile",
2020-08-10T04:30:15.5499281Z             "module.bucket.aws_iam_role.allow_instance_s3",
2020-08-10T04:30:15.5499605Z             "module.bucket.aws_iam_role_policy.allow_s3_all",
2020-08-10T04:30:15.5499944Z             "module.bucket.aws_s3_bucket.web_bucket",
2020-08-10T04:30:15.5500257Z             "module.vpc.aws_subnet.public",
2020-08-10T04:30:15.5500552Z             "module.vpc.aws_vpc.this",
2020-08-10T04:30:15.5500859Z             "module.vpc.aws_vpc_ipv4_cidr_block_association.this",
2020-08-10T04:30:15.5501182Z             "random_integer.rand"
2020-08-10T04:30:15.5501459Z           ]
2020-08-10T04:30:15.5501728Z         }
2020-08-10T04:30:15.5501993Z       ]
2020-08-10T04:30:15.5502260Z     },
2020-08-10T04:30:15.5502515Z     {
2020-08-10T04:30:15.5502785Z       "module": "module.vpc",
2020-08-10T04:30:15.5503066Z       "mode": "managed",
2020-08-10T04:30:15.5503350Z       "type": "aws_internet_gateway",
2020-08-10T04:30:15.5503626Z       "name": "this",
2020-08-10T04:30:15.5503897Z       "each": "list",
2020-08-10T04:30:15.5504178Z       "provider": "provider.aws",
2020-08-10T04:30:15.5504453Z       "instances": [
2020-08-10T04:30:15.5504728Z         {
2020-08-10T04:30:15.5505000Z           "index_key": 0,
2020-08-10T04:30:15.5505275Z           "schema_version": 0,
2020-08-10T04:30:15.5505547Z           "attributes": {
2020-08-10T04:30:15.5506144Z             "arn": "arn:aws:ec2:***:***:internet-gateway/igw-0f2e00d72bcc53f58",
2020-08-10T04:30:15.5506603Z             "id": "igw-0f2e00d72bcc53f58",
2020-08-10T04:30:15.5506922Z             "owner_id": "***",
2020-08-10T04:30:15.5507207Z             "tags": {
2020-08-10T04:30:15.5507499Z               "BillingCode": "ACCT8675309",
2020-08-10T04:30:15.5507789Z               "Environment": "dev",
2020-08-10T04:30:15.5508181Z               "Name": "dev-vpc-46901"
2020-08-10T04:30:15.5508457Z             },
2020-08-10T04:30:15.5508852Z             "vpc_id": "vpc-089e4196754bb58bf"
2020-08-10T04:30:15.5509142Z           },
2020-08-10T04:30:15.5509440Z           "private": "bnVsbA==",
2020-08-10T04:30:15.5509720Z           "dependencies": [
2020-08-10T04:30:15.5510010Z             "module.vpc.aws_vpc.this",
2020-08-10T04:30:15.5510311Z             "module.vpc.aws_vpc_ipv4_cidr_block_association.this",
2020-08-10T04:30:15.5510627Z             "random_integer.rand"
2020-08-10T04:30:15.5510901Z           ]
2020-08-10T04:30:15.5511167Z         }
2020-08-10T04:30:15.5511430Z       ]
2020-08-10T04:30:15.5511689Z     },
2020-08-10T04:30:15.5511958Z     {
2020-08-10T04:30:15.5512231Z       "module": "module.vpc",
2020-08-10T04:30:15.5512509Z       "mode": "managed",
2020-08-10T04:30:15.5513058Z       "type": "aws_nat_gateway",
2020-08-10T04:30:15.5513556Z       "name": "this",
2020-08-10T04:30:15.5513920Z       "each": "list",
2020-08-10T04:30:15.5514286Z       "provider": "provider.aws",
2020-08-10T04:30:15.5514648Z       "instances": []
2020-08-10T04:30:15.5514997Z     },
2020-08-10T04:30:15.5515341Z     {
2020-08-10T04:30:15.5515689Z       "module": "module.vpc",
2020-08-10T04:30:15.5516105Z       "mode": "managed",
2020-08-10T04:30:15.5516471Z       "type": "aws_network_acl",
2020-08-10T04:30:15.5517001Z       "name": "database",
2020-08-10T04:30:15.5517366Z       "each": "list",
2020-08-10T04:30:15.5517729Z       "provider": "provider.aws",
2020-08-10T04:30:15.5518090Z       "instances": []
2020-08-10T04:30:15.5518434Z     },
2020-08-10T04:30:15.5518776Z     {
2020-08-10T04:30:15.5519140Z       "module": "module.vpc",
2020-08-10T04:30:15.5519512Z       "mode": "managed",
2020-08-10T04:30:15.5519877Z       "type": "aws_network_acl",
2020-08-10T04:30:15.5520254Z       "name": "elasticache",
2020-08-10T04:30:15.5520624Z       "each": "list",
2020-08-10T04:30:15.5520984Z       "provider": "provider.aws",
2020-08-10T04:30:15.5521339Z       "instances": []
2020-08-10T04:30:15.5521682Z     },
2020-08-10T04:30:15.5522025Z     {
2020-08-10T04:30:15.5522378Z       "module": "module.vpc",
2020-08-10T04:30:15.5522742Z       "mode": "managed",
2020-08-10T04:30:15.5523109Z       "type": "aws_network_acl",
2020-08-10T04:30:15.5523510Z       "name": "intra",
2020-08-10T04:30:15.5523874Z       "each": "list",
2020-08-10T04:30:15.5524236Z       "provider": "provider.aws",
2020-08-10T04:30:15.5524597Z       "instances": []
2020-08-10T04:30:15.5525061Z     },
2020-08-10T04:30:15.5525363Z     {
2020-08-10T04:30:15.5525679Z       "module": "module.vpc",
2020-08-10T04:30:15.5525998Z       "mode": "managed",
2020-08-10T04:30:15.5526322Z       "type": "aws_network_acl",
2020-08-10T04:30:15.5526641Z       "name": "private",
2020-08-10T04:30:15.5526962Z       "each": "list",
2020-08-10T04:30:15.5527286Z       "provider": "provider.aws",
2020-08-10T04:30:15.5527604Z       "instances": []
2020-08-10T04:30:15.5527912Z     },
2020-08-10T04:30:15.5528215Z     {
2020-08-10T04:30:15.5528527Z       "module": "module.vpc",
2020-08-10T04:30:15.5528957Z       "mode": "managed",
2020-08-10T04:30:15.5529278Z       "type": "aws_network_acl",
2020-08-10T04:30:15.5529595Z       "name": "public",
2020-08-10T04:30:15.5529924Z       "each": "list",
2020-08-10T04:30:15.5530253Z       "provider": "provider.aws",
2020-08-10T04:30:15.5530671Z       "instances": []
2020-08-10T04:30:15.5530939Z     },
2020-08-10T04:30:15.5531198Z     {
2020-08-10T04:30:15.5531469Z       "module": "module.vpc",
2020-08-10T04:30:15.5531742Z       "mode": "managed",
2020-08-10T04:30:15.5532029Z       "type": "aws_network_acl",
2020-08-10T04:30:15.5532309Z       "name": "redshift",
2020-08-10T04:30:15.5532595Z       "each": "list",
2020-08-10T04:30:15.5532874Z       "provider": "provider.aws",
2020-08-10T04:30:15.5533152Z       "instances": []
2020-08-10T04:30:15.5533425Z     },
2020-08-10T04:30:15.5533686Z     {
2020-08-10T04:30:15.5533964Z       "module": "module.vpc",
2020-08-10T04:30:15.5534244Z       "mode": "managed",
2020-08-10T04:30:15.5534527Z       "type": "aws_network_acl_rule",
2020-08-10T04:30:15.5534815Z       "name": "database_inbound",
2020-08-10T04:30:15.5535102Z       "each": "list",
2020-08-10T04:30:15.5535381Z       "provider": "provider.aws",
2020-08-10T04:30:15.5535663Z       "instances": []
2020-08-10T04:30:15.5535931Z     },
2020-08-10T04:30:15.5536196Z     {
2020-08-10T04:30:15.5536469Z       "module": "module.vpc",
2020-08-10T04:30:15.5536746Z       "mode": "managed",
2020-08-10T04:30:15.5537032Z       "type": "aws_network_acl_rule",
2020-08-10T04:30:15.5537315Z       "name": "database_outbound",
2020-08-10T04:30:15.5537611Z       "each": "list",
2020-08-10T04:30:15.5537895Z       "provider": "provider.aws",
2020-08-10T04:30:15.5538169Z       "instances": []
2020-08-10T04:30:15.5538434Z     },
2020-08-10T04:30:15.5538694Z     {
2020-08-10T04:30:15.5539045Z       "module": "module.vpc",
2020-08-10T04:30:15.5539327Z       "mode": "managed",
2020-08-10T04:30:15.5539612Z       "type": "aws_network_acl_rule",
2020-08-10T04:30:15.5539894Z       "name": "elasticache_inbound",
2020-08-10T04:30:15.5540182Z       "each": "list",
2020-08-10T04:30:15.5540459Z       "provider": "provider.aws",
2020-08-10T04:30:15.5540738Z       "instances": []
2020-08-10T04:30:15.5541057Z     },
2020-08-10T04:30:15.5541316Z     {
2020-08-10T04:30:15.5541584Z       "module": "module.vpc",
2020-08-10T04:30:15.5541868Z       "mode": "managed",
2020-08-10T04:30:15.5542152Z       "type": "aws_network_acl_rule",
2020-08-10T04:30:15.5542440Z       "name": "elasticache_outbound",
2020-08-10T04:30:15.5542730Z       "each": "list",
2020-08-10T04:30:15.5543011Z       "provider": "provider.aws",
2020-08-10T04:30:15.5543284Z       "instances": []
2020-08-10T04:30:15.5543547Z     },
2020-08-10T04:30:15.5543811Z     {
2020-08-10T04:30:15.5544083Z       "module": "module.vpc",
2020-08-10T04:30:15.5544363Z       "mode": "managed",
2020-08-10T04:30:15.5544647Z       "type": "aws_network_acl_rule",
2020-08-10T04:30:15.5544928Z       "name": "intra_inbound",
2020-08-10T04:30:15.5545216Z       "each": "list",
2020-08-10T04:30:15.5545494Z       "provider": "provider.aws",
2020-08-10T04:30:15.5545774Z       "instances": []
2020-08-10T04:30:15.5546042Z     },
2020-08-10T04:30:15.5546309Z     {
2020-08-10T04:30:15.5546582Z       "module": "module.vpc",
2020-08-10T04:30:15.5546860Z       "mode": "managed",
2020-08-10T04:30:15.5547140Z       "type": "aws_network_acl_rule",
2020-08-10T04:30:15.5547591Z       "name": "intra_outbound",
2020-08-10T04:30:15.5547926Z       "each": "list",
2020-08-10T04:30:15.5548247Z       "provider": "provider.aws",
2020-08-10T04:30:15.5548562Z       "instances": []
2020-08-10T04:30:15.5548864Z     },
2020-08-10T04:30:15.5549352Z     {
2020-08-10T04:30:15.5549706Z       "module": "module.vpc",
2020-08-10T04:30:15.5550070Z       "mode": "managed",
2020-08-10T04:30:15.5550437Z       "type": "aws_network_acl_rule",
2020-08-10T04:30:15.5550801Z       "name": "private_inbound",
2020-08-10T04:30:15.5551175Z       "each": "list",
2020-08-10T04:30:15.5551533Z       "provider": "provider.aws",
2020-08-10T04:30:15.5551886Z       "instances": []
2020-08-10T04:30:15.5552232Z     },
2020-08-10T04:30:15.5552564Z     {
2020-08-10T04:30:15.5552910Z       "module": "module.vpc",
2020-08-10T04:30:15.5553274Z       "mode": "managed",
2020-08-10T04:30:15.5553641Z       "type": "aws_network_acl_rule",
2020-08-10T04:30:15.5554003Z       "name": "private_outbound",
2020-08-10T04:30:15.5554368Z       "each": "list",
2020-08-10T04:30:15.5554727Z       "provider": "provider.aws",
2020-08-10T04:30:15.5555078Z       "instances": []
2020-08-10T04:30:15.5555424Z     },
2020-08-10T04:30:15.5555764Z     {
2020-08-10T04:30:15.5556116Z       "module": "module.vpc",
2020-08-10T04:30:15.5556484Z       "mode": "managed",
2020-08-10T04:30:15.5556966Z       "type": "aws_network_acl_rule",
2020-08-10T04:30:15.5557334Z       "name": "public_inbound",
2020-08-10T04:30:15.5557708Z       "each": "list",
2020-08-10T04:30:15.5558069Z       "provider": "provider.aws",
2020-08-10T04:30:15.5558429Z       "instances": []
2020-08-10T04:30:15.5558774Z     },
2020-08-10T04:30:15.5559117Z     {
2020-08-10T04:30:15.5559470Z       "module": "module.vpc",
2020-08-10T04:30:15.5559836Z       "mode": "managed",
2020-08-10T04:30:15.5560303Z       "type": "aws_network_acl_rule",
2020-08-10T04:30:15.5560638Z       "name": "public_outbound",
2020-08-10T04:30:15.5560953Z       "each": "list",
2020-08-10T04:30:15.5561366Z       "provider": "provider.aws",
2020-08-10T04:30:15.5561644Z       "instances": []
2020-08-10T04:30:15.5561907Z     },
2020-08-10T04:30:15.5562167Z     {
2020-08-10T04:30:15.5562435Z       "module": "module.vpc",
2020-08-10T04:30:15.5562714Z       "mode": "managed",
2020-08-10T04:30:15.5562992Z       "type": "aws_network_acl_rule",
2020-08-10T04:30:15.5563281Z       "name": "redshift_inbound",
2020-08-10T04:30:15.5563637Z       "each": "list",
2020-08-10T04:30:15.5563917Z       "provider": "provider.aws",
2020-08-10T04:30:15.5564195Z       "instances": []
2020-08-10T04:30:15.5564463Z     },
2020-08-10T04:30:15.5564724Z     {
2020-08-10T04:30:15.5565002Z       "module": "module.vpc",
2020-08-10T04:30:15.5565282Z       "mode": "managed",
2020-08-10T04:30:15.5565565Z       "type": "aws_network_acl_rule",
2020-08-10T04:30:15.5565901Z       "name": "redshift_outbound",
2020-08-10T04:30:15.5566172Z       "each": "list",
2020-08-10T04:30:15.5566449Z       "provider": "provider.aws",
2020-08-10T04:30:15.5566725Z       "instances": []
2020-08-10T04:30:15.5566992Z     },
2020-08-10T04:30:15.5567260Z     {
2020-08-10T04:30:15.5567529Z       "module": "module.vpc",
2020-08-10T04:30:15.5567809Z       "mode": "managed",
2020-08-10T04:30:15.5568096Z       "type": "aws_redshift_subnet_group",
2020-08-10T04:30:15.5568392Z       "name": "redshift",
2020-08-10T04:30:15.5568663Z       "each": "list",
2020-08-10T04:30:15.5568942Z       "provider": "provider.aws",
2020-08-10T04:30:15.5569215Z       "instances": []
2020-08-10T04:30:15.5569481Z     },
2020-08-10T04:30:15.5569745Z     {
2020-08-10T04:30:15.5570013Z       "module": "module.vpc",
2020-08-10T04:30:15.5570293Z       "mode": "managed",
2020-08-10T04:30:15.5570571Z       "type": "aws_route",
2020-08-10T04:30:15.5570867Z       "name": "database_internet_gateway",
2020-08-10T04:30:15.5571143Z       "each": "list",
2020-08-10T04:30:15.5571421Z       "provider": "provider.aws",
2020-08-10T04:30:15.5571690Z       "instances": []
2020-08-10T04:30:15.5571953Z     },
2020-08-10T04:30:15.5572395Z     {
2020-08-10T04:30:15.5572707Z       "module": "module.vpc",
2020-08-10T04:30:15.5573023Z       "mode": "managed",
2020-08-10T04:30:15.5573346Z       "type": "aws_route",
2020-08-10T04:30:15.5573683Z       "name": "database_ipv6_egress",
2020-08-10T04:30:15.5574181Z       "each": "list",
2020-08-10T04:30:15.5574540Z       "provider": "provider.aws",
2020-08-10T04:30:15.5574899Z       "instances": []
2020-08-10T04:30:15.5575241Z     },
2020-08-10T04:30:15.5575578Z     {
2020-08-10T04:30:15.5575929Z       "module": "module.vpc",
2020-08-10T04:30:15.5576289Z       "mode": "managed",
2020-08-10T04:30:15.5576647Z       "type": "aws_route",
2020-08-10T04:30:15.5577025Z       "name": "database_nat_gateway",
2020-08-10T04:30:15.5577387Z       "each": "list",
2020-08-10T04:30:15.5577743Z       "provider": "provider.aws",
2020-08-10T04:30:15.5578101Z       "instances": []
2020-08-10T04:30:15.5578440Z     },
2020-08-10T04:30:15.5578781Z     {
2020-08-10T04:30:15.5579131Z       "module": "module.vpc",
2020-08-10T04:30:15.5579490Z       "mode": "managed",
2020-08-10T04:30:15.5579849Z       "type": "aws_route",
2020-08-10T04:30:15.5580224Z       "name": "private_ipv6_egress",
2020-08-10T04:30:15.5580588Z       "each": "list",
2020-08-10T04:30:15.5580948Z       "provider": "provider.aws",
2020-08-10T04:30:15.5581309Z       "instances": []
2020-08-10T04:30:15.5581657Z     },
2020-08-10T04:30:15.5582003Z     {
2020-08-10T04:30:15.5582355Z       "module": "module.vpc",
2020-08-10T04:30:15.5582712Z       "mode": "managed",
2020-08-10T04:30:15.5583072Z       "type": "aws_route",
2020-08-10T04:30:15.5583449Z       "name": "private_nat_gateway",
2020-08-10T04:30:15.5583809Z       "each": "list",
2020-08-10T04:30:15.5584169Z       "provider": "provider.aws",
2020-08-10T04:30:15.5584523Z       "instances": []
2020-08-10T04:30:15.5584874Z     },
2020-08-10T04:30:15.5585220Z     {
2020-08-10T04:30:15.5585673Z       "module": "module.vpc",
2020-08-10T04:30:15.5585991Z       "mode": "managed",
2020-08-10T04:30:15.5586427Z       "type": "aws_route",
2020-08-10T04:30:15.5586724Z       "name": "public_internet_gateway",
2020-08-10T04:30:15.5587008Z       "each": "list",
2020-08-10T04:30:15.5587286Z       "provider": "provider.aws",
2020-08-10T04:30:15.5587562Z       "instances": [
2020-08-10T04:30:15.5587832Z         {
2020-08-10T04:30:15.5588102Z           "index_key": 0,
2020-08-10T04:30:15.5588377Z           "schema_version": 0,
2020-08-10T04:30:15.5588698Z           "attributes": {
2020-08-10T04:30:15.5588997Z             "destination_cidr_block": "0.0.0.0/0",
2020-08-10T04:30:15.5589325Z             "destination_ipv6_cidr_block": "",
2020-08-10T04:30:15.5589632Z             "destination_prefix_list_id": "",
2020-08-10T04:30:15.5589931Z             "egress_only_gateway_id": "",
2020-08-10T04:30:15.5590441Z             "gateway_id": "igw-0f2e00d72bcc53f58",
2020-08-10T04:30:15.5590934Z             "id": "r-rtb-06dd45dba9eee6bbe1080289494",
2020-08-10T04:30:15.5591239Z             "instance_id": "",
2020-08-10T04:30:15.5591520Z             "instance_owner_id": "",
2020-08-10T04:30:15.5591799Z             "nat_gateway_id": "",
2020-08-10T04:30:15.5592088Z             "network_interface_id": "",
2020-08-10T04:30:15.5592370Z             "origin": "CreateRoute",
2020-08-10T04:30:15.5592779Z             "route_table_id": "rtb-06dd45dba9eee6bbe",
2020-08-10T04:30:15.5593077Z             "state": "active",
2020-08-10T04:30:15.5593354Z             "timeouts": {
2020-08-10T04:30:15.5593630Z               "create": "5m",
2020-08-10T04:30:15.5593907Z               "delete": null
2020-08-10T04:30:15.5594180Z             },
2020-08-10T04:30:15.5594466Z             "transit_gateway_id": "",
2020-08-10T04:30:15.5594749Z             "vpc_peering_connection_id": ""
2020-08-10T04:30:15.5595016Z           },
2020-08-10T04:30:15.5595392Z           "private": "eyJlMmJmYjczMC1lY2FhLTExZTYtOGY4OC0zNDM2M2JjN2M0YzAiOnsiY3JlYXRlIjozMDAwMDAwMDAwMDAsImRlbGV0ZSI6MzAwMDAwMDAwMDAwfX0=",
2020-08-10T04:30:15.5595768Z           "dependencies": [
2020-08-10T04:30:15.5596064Z             "module.vpc.aws_internet_gateway.this",
2020-08-10T04:30:15.5596375Z             "module.vpc.aws_route_table.public",
2020-08-10T04:30:15.5596681Z             "module.vpc.aws_vpc.this",
2020-08-10T04:30:15.5597095Z             "module.vpc.aws_vpc_ipv4_cidr_block_association.this",
2020-08-10T04:30:15.5597417Z             "random_integer.rand"
2020-08-10T04:30:15.5597690Z           ]
2020-08-10T04:30:15.5597960Z         }
2020-08-10T04:30:15.5598227Z       ]
2020-08-10T04:30:15.5598492Z     },
2020-08-10T04:30:15.5598756Z     {
2020-08-10T04:30:15.5599030Z       "module": "module.vpc",
2020-08-10T04:30:15.5599313Z       "mode": "managed",
2020-08-10T04:30:15.5599606Z       "type": "aws_route",
2020-08-10T04:30:15.5599893Z       "name": "public_internet_gateway_ipv6",
2020-08-10T04:30:15.5600177Z       "each": "list",
2020-08-10T04:30:15.5600456Z       "provider": "provider.aws",
2020-08-10T04:30:15.5600731Z       "instances": []
2020-08-10T04:30:15.5600996Z     },
2020-08-10T04:30:15.5601257Z     {
2020-08-10T04:30:15.5601524Z       "module": "module.vpc",
2020-08-10T04:30:15.5601792Z       "mode": "managed",
2020-08-10T04:30:15.5602072Z       "type": "aws_route_table",
2020-08-10T04:30:15.5602338Z       "name": "database",
2020-08-10T04:30:15.5602605Z       "each": "list",
2020-08-10T04:30:15.5602878Z       "provider": "provider.aws",
2020-08-10T04:30:15.5603157Z       "instances": []
2020-08-10T04:30:15.5603426Z     },
2020-08-10T04:30:15.5603684Z     {
2020-08-10T04:30:15.5603948Z       "module": "module.vpc",
2020-08-10T04:30:15.5604217Z       "mode": "managed",
2020-08-10T04:30:15.5604505Z       "type": "aws_route_table",
2020-08-10T04:30:15.5604785Z       "name": "elasticache",
2020-08-10T04:30:15.5605060Z       "each": "list",
2020-08-10T04:30:15.5605339Z       "provider": "provider.aws",
2020-08-10T04:30:15.5605620Z       "instances": []
2020-08-10T04:30:15.5605885Z     },
2020-08-10T04:30:15.5606138Z     {
2020-08-10T04:30:15.5606407Z       "module": "module.vpc",
2020-08-10T04:30:15.5606685Z       "mode": "managed",
2020-08-10T04:30:15.5606974Z       "type": "aws_route_table",
2020-08-10T04:30:15.5607246Z       "name": "intra",
2020-08-10T04:30:15.5607515Z       "each": "list",
2020-08-10T04:30:15.5607791Z       "provider": "provider.aws",
2020-08-10T04:30:15.5608068Z       "instances": []
2020-08-10T04:30:15.5608330Z     },
2020-08-10T04:30:15.5608586Z     {
2020-08-10T04:30:15.5608937Z       "module": "module.vpc",
2020-08-10T04:30:15.5609227Z       "mode": "managed",
2020-08-10T04:30:15.5609522Z       "type": "aws_route_table",
2020-08-10T04:30:15.5609799Z       "name": "private",
2020-08-10T04:30:15.5610077Z       "each": "list",
2020-08-10T04:30:15.5610350Z       "provider": "provider.aws",
2020-08-10T04:30:15.5610626Z       "instances": []
2020-08-10T04:30:15.5610889Z     },
2020-08-10T04:30:15.5611194Z     {
2020-08-10T04:30:15.5611468Z       "module": "module.vpc",
2020-08-10T04:30:15.5611745Z       "mode": "managed",
2020-08-10T04:30:15.5612037Z       "type": "aws_route_table",
2020-08-10T04:30:15.5612316Z       "name": "public",
2020-08-10T04:30:15.5612590Z       "each": "list",
2020-08-10T04:30:15.5612871Z       "provider": "provider.aws",
2020-08-10T04:30:15.5613144Z       "instances": [
2020-08-10T04:30:15.5613408Z         {
2020-08-10T04:30:15.5613678Z           "index_key": 0,
2020-08-10T04:30:15.5613961Z           "schema_version": 0,
2020-08-10T04:30:15.5614246Z           "attributes": {
2020-08-10T04:30:15.5614713Z             "id": "rtb-06dd45dba9eee6bbe",
2020-08-10T04:30:15.5615034Z             "owner_id": "***",
2020-08-10T04:30:15.5615317Z             "propagating_vgws": [],
2020-08-10T04:30:15.5615595Z             "route": [],
2020-08-10T04:30:15.5615870Z             "tags": {
2020-08-10T04:30:15.5616321Z               "BillingCode": "ACCT8675309",
2020-08-10T04:30:15.5616655Z               "Environment": "dev",
2020-08-10T04:30:15.5617131Z               "Name": "dev-vpc-46901-public"
2020-08-10T04:30:15.5617455Z             },
2020-08-10T04:30:15.5617903Z             "vpc_id": "vpc-089e4196754bb58bf"
2020-08-10T04:30:15.5618230Z           },
2020-08-10T04:30:15.5618544Z           "private": "bnVsbA==",
2020-08-10T04:30:15.5618866Z           "dependencies": [
2020-08-10T04:30:15.5619191Z             "module.vpc.aws_vpc.this",
2020-08-10T04:30:15.5619538Z             "module.vpc.aws_vpc_ipv4_cidr_block_association.this",
2020-08-10T04:30:15.5619914Z             "random_integer.rand"
2020-08-10T04:30:15.5620230Z           ]
2020-08-10T04:30:15.5620532Z         }
2020-08-10T04:30:15.5620833Z       ]
2020-08-10T04:30:15.5621129Z     },
2020-08-10T04:30:15.5621412Z     {
2020-08-10T04:30:15.5621751Z       "module": "module.vpc",
2020-08-10T04:30:15.5622063Z       "mode": "managed",
2020-08-10T04:30:15.5622375Z       "type": "aws_route_table",
2020-08-10T04:30:15.5622684Z       "name": "redshift",
2020-08-10T04:30:15.5623010Z       "each": "list",
2020-08-10T04:30:15.5623327Z       "provider": "provider.aws",
2020-08-10T04:30:15.5623639Z       "instances": []
2020-08-10T04:30:15.5623937Z     },
2020-08-10T04:30:15.5624232Z     {
2020-08-10T04:30:15.5624536Z       "module": "module.vpc",
2020-08-10T04:30:15.5624850Z       "mode": "managed",
2020-08-10T04:30:15.5625183Z       "type": "aws_route_table_association",
2020-08-10T04:30:15.5625724Z       "name": "database",
2020-08-10T04:30:15.5626506Z       "each": "list",
2020-08-10T04:30:15.5626891Z       "provider": "provider.aws",
2020-08-10T04:30:15.5628302Z       "instances": []
2020-08-10T04:30:15.5628669Z     },
2020-08-10T04:30:15.5629027Z     {
2020-08-10T04:30:15.5629407Z       "module": "module.vpc",
2020-08-10T04:30:15.5629793Z       "mode": "managed",
2020-08-10T04:30:15.5630190Z       "type": "aws_route_table_association",
2020-08-10T04:30:15.5630601Z       "name": "elasticache",
2020-08-10T04:30:15.5630981Z       "each": "list",
2020-08-10T04:30:15.5631368Z       "provider": "provider.aws",
2020-08-10T04:30:15.5631749Z       "instances": []
2020-08-10T04:30:15.5632118Z     },
2020-08-10T04:30:15.5632475Z     {
2020-08-10T04:30:15.5632853Z       "module": "module.vpc",
2020-08-10T04:30:15.5633237Z       "mode": "managed",
2020-08-10T04:30:15.5633632Z       "type": "aws_route_table_association",
2020-08-10T04:30:15.5634040Z       "name": "intra",
2020-08-10T04:30:15.5634423Z       "each": "list",
2020-08-10T04:30:15.5634810Z       "provider": "provider.aws",
2020-08-10T04:30:15.5635191Z       "instances": []
2020-08-10T04:30:15.5635554Z     },
2020-08-10T04:30:15.5636058Z     {
2020-08-10T04:30:15.5636435Z       "module": "module.vpc",
2020-08-10T04:30:15.5636934Z       "mode": "managed",
2020-08-10T04:30:15.5637334Z       "type": "aws_route_table_association",
2020-08-10T04:30:15.5637744Z       "name": "private",
2020-08-10T04:30:15.5638122Z       "each": "list",
2020-08-10T04:30:15.5638622Z       "provider": "provider.aws",
2020-08-10T04:30:15.5639042Z       "instances": []
2020-08-10T04:30:15.5639386Z     },
2020-08-10T04:30:15.5639722Z     {
2020-08-10T04:30:15.5640071Z       "module": "module.vpc",
2020-08-10T04:30:15.5640496Z       "mode": "managed",
2020-08-10T04:30:15.5640829Z       "type": "aws_route_table_association",
2020-08-10T04:30:15.5641169Z       "name": "public",
2020-08-10T04:30:15.5641476Z       "each": "list",
2020-08-10T04:30:15.5641784Z       "provider": "provider.aws",
2020-08-10T04:30:15.5642099Z       "instances": [
2020-08-10T04:30:15.5642402Z         {
2020-08-10T04:30:15.5642706Z           "index_key": 0,
2020-08-10T04:30:15.5643026Z           "schema_version": 0,
2020-08-10T04:30:15.5643338Z           "attributes": {
2020-08-10T04:30:15.5643649Z             "gateway_id": null,
2020-08-10T04:30:15.5644235Z             "id": "rtbassoc-0caae05a9560e4893",
2020-08-10T04:30:15.5644730Z             "route_table_id": "rtb-06dd45dba9eee6bbe",
2020-08-10T04:30:15.5645225Z             "subnet_id": "subnet-0df9831d35036a1bc"
2020-08-10T04:30:15.5645567Z           },
2020-08-10T04:30:15.5645881Z           "private": "bnVsbA==",
2020-08-10T04:30:15.5646203Z           "dependencies": [
2020-08-10T04:30:15.5646534Z             "module.vpc.aws_route_table.public",
2020-08-10T04:30:15.5646882Z             "module.vpc.aws_subnet.public",
2020-08-10T04:30:15.5647227Z             "module.vpc.aws_vpc.this",
2020-08-10T04:30:15.5647564Z             "module.vpc.aws_vpc_ipv4_cidr_block_association.this",
2020-08-10T04:30:15.5647919Z             "random_integer.rand"
2020-08-10T04:30:15.5648226Z           ]
2020-08-10T04:30:15.5648526Z         },
2020-08-10T04:30:15.5648830Z         {
2020-08-10T04:30:15.5649134Z           "index_key": 1,
2020-08-10T04:30:15.5649445Z           "schema_version": 0,
2020-08-10T04:30:15.5649753Z           "attributes": {
2020-08-10T04:30:15.5650078Z             "gateway_id": null,
2020-08-10T04:30:15.5650534Z             "id": "rtbassoc-06026696e6997b904",
2020-08-10T04:30:15.5651015Z             "route_table_id": "rtb-06dd45dba9eee6bbe",
2020-08-10T04:30:15.5651506Z             "subnet_id": "subnet-086e5fb70c01151a8"
2020-08-10T04:30:15.5651829Z           },
2020-08-10T04:30:15.5652143Z           "private": "bnVsbA==",
2020-08-10T04:30:15.5652463Z           "dependencies": [
2020-08-10T04:30:15.5652798Z             "module.vpc.aws_route_table.public",
2020-08-10T04:30:15.5653156Z             "module.vpc.aws_subnet.public",
2020-08-10T04:30:15.5653484Z             "module.vpc.aws_vpc.this",
2020-08-10T04:30:15.5653825Z             "module.vpc.aws_vpc_ipv4_cidr_block_association.this",
2020-08-10T04:30:15.5654184Z             "random_integer.rand"
2020-08-10T04:30:15.5654492Z           ]
2020-08-10T04:30:15.5654786Z         }
2020-08-10T04:30:15.5655082Z       ]
2020-08-10T04:30:15.5655376Z     },
2020-08-10T04:30:15.5655668Z     {
2020-08-10T04:30:15.5655986Z       "module": "module.vpc",
2020-08-10T04:30:15.5656300Z       "mode": "managed",
2020-08-10T04:30:15.5656625Z       "type": "aws_route_table_association",
2020-08-10T04:30:15.5657150Z       "name": "redshift",
2020-08-10T04:30:15.5657509Z       "each": "list",
2020-08-10T04:30:15.5657877Z       "provider": "provider.aws",
2020-08-10T04:30:15.5658236Z       "instances": []
2020-08-10T04:30:15.5658579Z     },
2020-08-10T04:30:15.5658913Z     {
2020-08-10T04:30:15.5659270Z       "module": "module.vpc",
2020-08-10T04:30:15.5659634Z       "mode": "managed",
2020-08-10T04:30:15.5660004Z       "type": "aws_route_table_association",
2020-08-10T04:30:15.5660382Z       "name": "redshift_public",
2020-08-10T04:30:15.5660744Z       "each": "list",
2020-08-10T04:30:15.5661182Z       "provider": "provider.aws",
2020-08-10T04:30:15.5661532Z       "instances": []
2020-08-10T04:30:15.5661870Z     },
2020-08-10T04:30:15.5662201Z     {
2020-08-10T04:30:15.5662564Z       "module": "module.bucket",
2020-08-10T04:30:15.5662924Z       "mode": "managed",
2020-08-10T04:30:15.5663282Z       "type": "aws_s3_bucket",
2020-08-10T04:30:15.5663645Z       "name": "web_bucket",
2020-08-10T04:30:15.5664057Z       "provider": "provider.aws",
2020-08-10T04:30:15.5664417Z       "instances": [
2020-08-10T04:30:15.5664756Z         {
2020-08-10T04:30:15.5665107Z           "schema_version": 0,
2020-08-10T04:30:15.5665463Z           "attributes": {
2020-08-10T04:30:15.5665832Z             "acceleration_status": "",
2020-08-10T04:30:15.5666188Z             "acl": "private",
2020-08-10T04:30:15.5667040Z             "arn": "arn:aws:s3:::terraform-dev-46901",
2020-08-10T04:30:15.5667578Z             "bucket": "terraform-dev-46901",
2020-08-10T04:30:15.5668147Z             "bucket_domain_name": "terraform-dev-46901.s3.amazonaws.com",
2020-08-10T04:30:15.5668569Z             "bucket_prefix": null,
2020-08-10T04:30:15.5669138Z             "bucket_regional_domain_name": "terraform-dev-46901.s3.amazonaws.com",
2020-08-10T04:30:15.5669582Z             "cors_rule": [],
2020-08-10T04:30:15.5670066Z             "force_destroy": ***,
2020-08-10T04:30:15.5670386Z             "grant": [],
2020-08-10T04:30:15.5670718Z             "hosted_zone_id": "Z3AQBSTGFYJSTF",
2020-08-10T04:30:15.5671187Z             "id": "terraform-dev-46901",
2020-08-10T04:30:15.5671513Z             "lifecycle_rule": [],
2020-08-10T04:30:15.5671823Z             "logging": [],
2020-08-10T04:30:15.5672156Z             "object_lock_configuration": [],
2020-08-10T04:30:15.5672485Z             "policy": null,
2020-08-10T04:30:15.5672930Z             "region": "***",
2020-08-10T04:30:15.5673460Z             "replication_configuration": [],
2020-08-10T04:30:15.5673848Z             "request_payer": "BucketOwner",
2020-08-10T04:30:15.5674240Z             "server_side_encryption_configuration": [],
2020-08-10T04:30:15.5674633Z             "tags": {
2020-08-10T04:30:15.5674995Z               "BillingCode": "ACCT8675309",
2020-08-10T04:30:15.5675366Z               "Environment": "dev",
2020-08-10T04:30:15.5675896Z               "Name": "terraform-dev-46901-web-bucket"
2020-08-10T04:30:15.5676277Z             },
2020-08-10T04:30:15.5676626Z             "versioning": [
2020-08-10T04:30:15.5677146Z               {
2020-08-10T04:30:15.5677500Z                 "enabled": false,
2020-08-10T04:30:15.5677867Z                 "mfa_delete": false
2020-08-10T04:30:15.5678218Z               }
2020-08-10T04:30:15.5678577Z             ],
2020-08-10T04:30:15.5678922Z             "website": [],
2020-08-10T04:30:15.5679278Z             "website_domain": null,
2020-08-10T04:30:15.5679644Z             "website_endpoint": null
2020-08-10T04:30:15.5679995Z           },
2020-08-10T04:30:15.5680337Z           "private": "bnVsbA==",
2020-08-10T04:30:15.5680693Z           "dependencies": [
2020-08-10T04:30:15.5681056Z             "random_integer.rand"
2020-08-10T04:30:15.5681400Z           ]
2020-08-10T04:30:15.5681751Z         }
2020-08-10T04:30:15.5682084Z       ]
2020-08-10T04:30:15.5682421Z     },
2020-08-10T04:30:15.5682755Z     {
2020-08-10T04:30:15.5683091Z       "mode": "managed",
2020-08-10T04:30:15.5683453Z       "type": "aws_s3_bucket_object",
2020-08-10T04:30:15.5683809Z       "name": "graphic",
2020-08-10T04:30:15.5684280Z       "provider": "provider.aws",
2020-08-10T04:30:15.5684596Z       "instances": [
2020-08-10T04:30:15.5684904Z         {
2020-08-10T04:30:15.5685208Z           "schema_version": 0,
2020-08-10T04:30:15.5685516Z           "attributes": {
2020-08-10T04:30:15.5685830Z             "acl": "private",
2020-08-10T04:30:15.5686300Z             "bucket": "terraform-dev-46901",
2020-08-10T04:30:15.5686632Z             "cache_control": "",
2020-08-10T04:30:15.5686949Z             "content": null,
2020-08-10T04:30:15.5687263Z             "content_base64": null,
2020-08-10T04:30:15.5687680Z             "content_disposition": "",
2020-08-10T04:30:15.5688005Z             "content_encoding": "",
2020-08-10T04:30:15.5688313Z             "content_language": "",
2020-08-10T04:30:15.5688774Z             "content_type": "binary/octet-stream",
2020-08-10T04:30:15.5689123Z             "etag": "e687fb69f04d709058ec93b505e8c8ee",
2020-08-10T04:30:15.5689466Z             "force_destroy": false,
2020-08-10T04:30:15.5689861Z             "id": "/website/Globo_logo_Vert.png",
2020-08-10T04:30:15.5690203Z             "key": "/website/Globo_logo_Vert.png",
2020-08-10T04:30:15.5690538Z             "kms_key_id": null,
2020-08-10T04:30:15.5690863Z             "metadata": null,
2020-08-10T04:30:15.5691192Z             "object_lock_legal_hold_status": "",
2020-08-10T04:30:15.5693978Z             "object_lock_mode": "",
2020-08-10T04:30:15.5694363Z             "object_lock_retain_until_date": "",
2020-08-10T04:30:15.5694759Z             "server_side_encryption": "",
2020-08-10T04:30:15.5695144Z             "source": "./Globo_logo_Vert.png",
2020-08-10T04:30:15.5695525Z             "storage_class": "STANDARD",
2020-08-10T04:30:15.5695879Z             "tags": null,
2020-08-10T04:30:15.5696246Z             "version_id": "",
2020-08-10T04:30:15.5696608Z             "website_redirect": ""
2020-08-10T04:30:15.5696955Z           },
2020-08-10T04:30:15.5697312Z           "private": "bnVsbA==",
2020-08-10T04:30:15.5697682Z           "dependencies": [
2020-08-10T04:30:15.5698066Z             "module.bucket.aws_s3_bucket.web_bucket",
2020-08-10T04:30:15.5698459Z             "random_integer.rand"
2020-08-10T04:30:15.5698805Z           ]
2020-08-10T04:30:15.5699155Z         }
2020-08-10T04:30:15.5699485Z       ]
2020-08-10T04:30:15.5699814Z     },
2020-08-10T04:30:15.5700144Z     {
2020-08-10T04:30:15.5700486Z       "mode": "managed",
2020-08-10T04:30:15.5700852Z       "type": "aws_s3_bucket_object",
2020-08-10T04:30:15.5701211Z       "name": "website",
2020-08-10T04:30:15.5701570Z       "provider": "provider.aws",
2020-08-10T04:30:15.5701930Z       "instances": [
2020-08-10T04:30:15.5702277Z         {
2020-08-10T04:30:15.5702631Z           "schema_version": 0,
2020-08-10T04:30:15.5702986Z           "attributes": {
2020-08-10T04:30:15.5703333Z             "acl": "private",
2020-08-10T04:30:15.5703986Z             "bucket": "terraform-dev-46901",
2020-08-10T04:30:15.5704372Z             "cache_control": "",
2020-08-10T04:30:15.5704737Z             "content": null,
2020-08-10T04:30:15.5705104Z             "content_base64": null,
2020-08-10T04:30:15.5705477Z             "content_disposition": "",
2020-08-10T04:30:15.5705851Z             "content_encoding": "",
2020-08-10T04:30:15.5706209Z             "content_language": "",
2020-08-10T04:30:15.5706734Z             "content_type": "binary/octet-stream",
2020-08-10T04:30:15.5707136Z             "etag": "faf4d8170b07925ed92bc3eb56432e63",
2020-08-10T04:30:15.5707529Z             "force_destroy": false,
2020-08-10T04:30:15.5707898Z             "id": "/website/index.html",
2020-08-10T04:30:15.5708275Z             "key": "/website/index.html",
2020-08-10T04:30:15.5708637Z             "kms_key_id": null,
2020-08-10T04:30:15.5709005Z             "metadata": null,
2020-08-10T04:30:15.5709382Z             "object_lock_legal_hold_status": "",
2020-08-10T04:30:15.5709768Z             "object_lock_mode": "",
2020-08-10T04:30:15.5710151Z             "object_lock_retain_until_date": "",
2020-08-10T04:30:15.5710540Z             "server_side_encryption": "",
2020-08-10T04:30:15.5710904Z             "source": "./index.html",
2020-08-10T04:30:15.5711269Z             "storage_class": "STANDARD",
2020-08-10T04:30:15.5711624Z             "tags": null,
2020-08-10T04:30:15.5711984Z             "version_id": "",
2020-08-10T04:30:15.5712341Z             "website_redirect": ""
2020-08-10T04:30:15.5712689Z           },
2020-08-10T04:30:15.5713034Z           "private": "bnVsbA==",
2020-08-10T04:30:15.5713381Z           "dependencies": [
2020-08-10T04:30:15.5713748Z             "module.bucket.aws_s3_bucket.web_bucket",
2020-08-10T04:30:15.5714267Z             "random_integer.rand"
2020-08-10T04:30:15.5714616Z           ]
2020-08-10T04:30:15.5714951Z         }
2020-08-10T04:30:15.5715287Z       ]
2020-08-10T04:30:15.5715611Z     },
2020-08-10T04:30:15.5715936Z     {
2020-08-10T04:30:15.5716270Z       "mode": "managed",
2020-08-10T04:30:15.5716626Z       "type": "aws_security_group",
2020-08-10T04:30:15.5717325Z       "name": "elb-sg",
2020-08-10T04:30:15.5717679Z       "provider": "provider.aws",
2020-08-10T04:30:15.5718026Z       "instances": [
2020-08-10T04:30:15.5718361Z         {
2020-08-10T04:30:15.5718710Z           "schema_version": 1,
2020-08-10T04:30:15.5719060Z           "attributes": {
2020-08-10T04:30:15.5719810Z             "arn": "arn:aws:ec2:***:***:security-group/sg-08a54299a0ab27ed7",
2020-08-10T04:30:15.5720249Z             "description": "Managed by Terraform",
2020-08-10T04:30:15.5720626Z             "egress": [
2020-08-10T04:30:15.5720977Z               {
2020-08-10T04:30:15.5721338Z                 "cidr_blocks": [
2020-08-10T04:30:15.5721702Z                   "0.0.0.0/0"
2020-08-10T04:30:15.5722048Z                 ],
2020-08-10T04:30:15.5722396Z                 "description": "",
2020-08-10T04:30:15.5722752Z                 "from_port": 0,
2020-08-10T04:30:15.5723143Z                 "ipv6_cidr_blocks": [],
2020-08-10T04:30:15.5723505Z                 "prefix_list_ids": [],
2020-08-10T04:30:15.5724017Z                 "protocol": "-1",
2020-08-10T04:30:15.5724380Z                 "security_groups": [],
2020-08-10T04:30:15.5724737Z                 "self": false,
2020-08-10T04:30:15.5725093Z                 "to_port": 0
2020-08-10T04:30:15.5725442Z               }
2020-08-10T04:30:15.5725785Z             ],
2020-08-10T04:30:15.5726290Z             "id": "sg-08a54299a0ab27ed7",
2020-08-10T04:30:15.5726650Z             "ingress": [
2020-08-10T04:30:15.5726996Z               {
2020-08-10T04:30:15.5727351Z                 "cidr_blocks": [
2020-08-10T04:30:15.5727811Z                   "0.0.0.0/0"
2020-08-10T04:30:15.5728132Z                 ],
2020-08-10T04:30:15.5728445Z                 "description": "",
2020-08-10T04:30:15.5728761Z                 "from_port": 80,
2020-08-10T04:30:15.5729079Z                 "ipv6_cidr_blocks": [],
2020-08-10T04:30:15.5729398Z                 "prefix_list_ids": [],
2020-08-10T04:30:15.5729715Z                 "protocol": "tcp",
2020-08-10T04:30:15.5730039Z                 "security_groups": [],
2020-08-10T04:30:15.5730351Z                 "self": false,
2020-08-10T04:30:15.5730665Z                 "to_port": 80
2020-08-10T04:30:15.5730983Z               }
2020-08-10T04:30:15.5731281Z             ],
2020-08-10T04:30:15.5731718Z             "name": "nginx_elb_sg-46901",
2020-08-10T04:30:15.5732038Z             "name_prefix": "",
2020-08-10T04:30:15.5732380Z             "owner_id": "***",
2020-08-10T04:30:15.5732708Z             "revoke_rules_on_delete": false,
2020-08-10T04:30:15.5733038Z             "tags": {
2020-08-10T04:30:15.5733366Z               "BillingCode": "ACCT8675309",
2020-08-10T04:30:15.5733687Z               "Environment": "dev",
2020-08-10T04:30:15.5734135Z               "Name": "dev-elb-sg-46901"
2020-08-10T04:30:15.5734450Z             },
2020-08-10T04:30:15.5734757Z             "timeouts": null,
2020-08-10T04:30:15.5735199Z             "vpc_id": "vpc-089e4196754bb58bf"
2020-08-10T04:30:15.5735513Z           },
2020-08-10T04:30:15.5735985Z           "private": "eyJlMmJmYjczMC1lY2FhLTExZTYtOGY4OC0zNDM2M2JjN2M0YzAiOnsiY3JlYXRlIjo2MDAwMDAwMDAwMDAsImRlbGV0ZSI6NjAwMDAwMDAwMDAwfSwic2NoZW1hX3ZlcnNpb24iOiIxIn0=",
2020-08-10T04:30:15.5736470Z           "dependencies": [
2020-08-10T04:30:15.5736788Z             "module.vpc.aws_vpc.this",
2020-08-10T04:30:15.5737106Z             "random_integer.rand"
2020-08-10T04:30:15.5737407Z           ]
2020-08-10T04:30:15.5737707Z         }
2020-08-10T04:30:15.5738002Z       ]
2020-08-10T04:30:15.5738287Z     },
2020-08-10T04:30:15.5738577Z     {
2020-08-10T04:30:15.5738877Z       "mode": "managed",
2020-08-10T04:30:15.5739296Z       "type": "aws_security_group",
2020-08-10T04:30:15.5739730Z       "name": "nginx-sg",
2020-08-10T04:30:15.5740045Z       "provider": "provider.aws",
2020-08-10T04:30:15.5740355Z       "instances": [
2020-08-10T04:30:15.5740656Z         {
2020-08-10T04:30:15.5740971Z           "schema_version": 1,
2020-08-10T04:30:15.5741282Z           "attributes": {
2020-08-10T04:30:15.5741910Z             "arn": "arn:aws:ec2:***:***:security-group/sg-008dcb9e14ed8b03c",
2020-08-10T04:30:15.5742367Z             "description": "Managed by Terraform",
2020-08-10T04:30:15.5742709Z             "egress": [
2020-08-10T04:30:15.5743013Z               {
2020-08-10T04:30:15.5743329Z                 "cidr_blocks": [
2020-08-10T04:30:15.5743650Z                   "0.0.0.0/0"
2020-08-10T04:30:15.5743965Z                 ],
2020-08-10T04:30:15.5744281Z                 "description": "",
2020-08-10T04:30:15.5744608Z                 "from_port": 0,
2020-08-10T04:30:15.5744927Z                 "ipv6_cidr_blocks": [],
2020-08-10T04:30:15.5745253Z                 "prefix_list_ids": [],
2020-08-10T04:30:15.5745708Z                 "protocol": "-1",
2020-08-10T04:30:15.5746119Z                 "security_groups": [],
2020-08-10T04:30:15.5746621Z                 "self": false,
2020-08-10T04:30:15.5753637Z                 "to_port": 0
2020-08-10T04:30:15.5753995Z               }
2020-08-10T04:30:15.5754303Z             ],
2020-08-10T04:30:15.5754896Z             "id": "sg-008dcb9e14ed8b03c",
2020-08-10T04:30:15.5755213Z             "ingress": [
2020-08-10T04:30:15.5755518Z               {
2020-08-10T04:30:15.5755839Z                 "cidr_blocks": [
2020-08-10T04:30:15.5756161Z                   "0.0.0.0/0"
2020-08-10T04:30:15.5756468Z                 ],
2020-08-10T04:30:15.5757333Z                 "description": "",
2020-08-10T04:30:15.5757656Z                 "from_port": 22,
2020-08-10T04:30:15.5757976Z                 "ipv6_cidr_blocks": [],
2020-08-10T04:30:15.5758299Z                 "prefix_list_ids": [],
2020-08-10T04:30:15.5758627Z                 "protocol": "tcp",
2020-08-10T04:30:15.5758944Z                 "security_groups": [],
2020-08-10T04:30:15.5759270Z                 "self": false,
2020-08-10T04:30:15.5759583Z                 "to_port": 22
2020-08-10T04:30:15.5759889Z               },
2020-08-10T04:30:15.5760190Z               {
2020-08-10T04:30:15.5760503Z                 "cidr_blocks": [
2020-08-10T04:30:15.5760820Z                   "10.0.0.0/16"
2020-08-10T04:30:15.5761129Z                 ],
2020-08-10T04:30:15.5761441Z                 "description": "",
2020-08-10T04:30:15.5761762Z                 "from_port": 80,
2020-08-10T04:30:15.5762075Z                 "ipv6_cidr_blocks": [],
2020-08-10T04:30:15.5762391Z                 "prefix_list_ids": [],
2020-08-10T04:30:15.5762707Z                 "protocol": "tcp",
2020-08-10T04:30:15.5763022Z                 "security_groups": [],
2020-08-10T04:30:15.5763334Z                 "self": false,
2020-08-10T04:30:15.5763646Z                 "to_port": 80
2020-08-10T04:30:15.5763959Z               }
2020-08-10T04:30:15.5764261Z             ],
2020-08-10T04:30:15.5764733Z             "name": "nginx_sg-46901",
2020-08-10T04:30:15.5765046Z             "name_prefix": "",
2020-08-10T04:30:15.5765600Z             "owner_id": "***",
2020-08-10T04:30:15.5765970Z             "revoke_rules_on_delete": false,
2020-08-10T04:30:15.5766345Z             "tags": {
2020-08-10T04:30:15.5766711Z               "BillingCode": "ACCT8675309",
2020-08-10T04:30:15.5767069Z               "Environment": "dev",
2020-08-10T04:30:15.5767793Z               "Name": "dev-nginx-sg-46901"
2020-08-10T04:30:15.5768175Z             },
2020-08-10T04:30:15.5768555Z             "timeouts": null,
2020-08-10T04:30:15.5769109Z             "vpc_id": "vpc-089e4196754bb58bf"
2020-08-10T04:30:15.5769508Z           },
2020-08-10T04:30:15.5770080Z           "private": "eyJlMmJmYjczMC1lY2FhLTExZTYtOGY4OC0zNDM2M2JjN2M0YzAiOnsiY3JlYXRlIjo2MDAwMDAwMDAwMDAsImRlbGV0ZSI6NjAwMDAwMDAwMDAwfSwic2NoZW1hX3ZlcnNpb24iOiIxIn0=",
2020-08-10T04:30:15.5770805Z           "dependencies": [
2020-08-10T04:30:15.5771208Z             "module.vpc.aws_vpc.this",
2020-08-10T04:30:15.5771616Z             "random_integer.rand"
2020-08-10T04:30:15.5771995Z           ]
2020-08-10T04:30:15.5772363Z         }
2020-08-10T04:30:15.5772725Z       ]
2020-08-10T04:30:15.5773093Z     },
2020-08-10T04:30:15.5773450Z     {
2020-08-10T04:30:15.5773822Z       "module": "module.vpc",
2020-08-10T04:30:15.5774273Z       "mode": "managed",
2020-08-10T04:30:15.5774659Z       "type": "aws_subnet",
2020-08-10T04:30:15.5775056Z       "name": "database",
2020-08-10T04:30:15.5775435Z       "each": "list",
2020-08-10T04:30:15.5776203Z       "provider": "provider.aws",
2020-08-10T04:30:15.5776596Z       "instances": []
2020-08-10T04:30:15.5776966Z     },
2020-08-10T04:30:15.5777323Z     {
2020-08-10T04:30:15.5777700Z       "module": "module.vpc",
2020-08-10T04:30:15.5778084Z       "mode": "managed",
2020-08-10T04:30:15.5778470Z       "type": "aws_subnet",
2020-08-10T04:30:15.5778864Z       "name": "elasticache",
2020-08-10T04:30:15.5779243Z       "each": "list",
2020-08-10T04:30:15.5779634Z       "provider": "provider.aws",
2020-08-10T04:30:15.5780106Z       "instances": []
2020-08-10T04:30:15.5780443Z     },
2020-08-10T04:30:15.5780770Z     {
2020-08-10T04:30:15.5781121Z       "module": "module.vpc",
2020-08-10T04:30:15.5781477Z       "mode": "managed",
2020-08-10T04:30:15.5781840Z       "type": "aws_subnet",
2020-08-10T04:30:15.5782619Z       "name": "intra",
2020-08-10T04:30:15.5783013Z       "each": "list",
2020-08-10T04:30:15.5783403Z       "provider": "provider.aws",
2020-08-10T04:30:15.5783796Z       "instances": []
2020-08-10T04:30:15.5784167Z     },
2020-08-10T04:30:15.5784535Z     {
2020-08-10T04:30:15.5784920Z       "module": "module.vpc",
2020-08-10T04:30:15.5785306Z       "mode": "managed",
2020-08-10T04:30:15.5785708Z       "type": "aws_subnet",
2020-08-10T04:30:15.5786092Z       "name": "private",
2020-08-10T04:30:15.5786463Z       "each": "list",
2020-08-10T04:30:15.5786852Z       "provider": "provider.aws",
2020-08-10T04:30:15.5787236Z       "instances": []
2020-08-10T04:30:15.5787605Z     },
2020-08-10T04:30:15.5787961Z     {
2020-08-10T04:30:15.5788336Z       "module": "module.vpc",
2020-08-10T04:30:15.5788721Z       "mode": "managed",
2020-08-10T04:30:15.5789122Z       "type": "aws_subnet",
2020-08-10T04:30:15.5789505Z       "name": "public",
2020-08-10T04:30:15.5789886Z       "each": "list",
2020-08-10T04:30:15.5790283Z       "provider": "provider.aws",
2020-08-10T04:30:15.5790672Z       "instances": [
2020-08-10T04:30:15.5791041Z         {
2020-08-10T04:30:15.5791413Z           "index_key": 0,
2020-08-10T04:30:15.5791803Z           "schema_version": 1,
2020-08-10T04:30:15.5792187Z           "attributes": {
2020-08-10T04:30:15.5793119Z             "arn": "arn:aws:ec2:***:***:subnet/subnet-0df9831d35036a1bc",
2020-08-10T04:30:15.5793605Z             "assign_ipv6_address_on_creation": false,
2020-08-10T04:30:15.5794326Z             "availability_zone": "***a",
2020-08-10T04:30:15.5794847Z             "availability_zone_id": "use1-az1",
2020-08-10T04:30:15.5795231Z             "cidr_block": "10.0.0.0/24",
2020-08-10T04:30:15.5795766Z             "id": "subnet-0df9831d35036a1bc",
2020-08-10T04:30:15.5796148Z             "ipv6_cidr_block": "",
2020-08-10T04:30:15.5796521Z             "ipv6_cidr_block_association_id": "",
2020-08-10T04:30:15.5797068Z             "map_public_ip_on_launch": ***,
2020-08-10T04:30:15.5797444Z             "outpost_arn": "",
2020-08-10T04:30:15.5797825Z             "owner_id": "***",
2020-08-10T04:30:15.5798190Z             "tags": {
2020-08-10T04:30:15.5798553Z               "BillingCode": "ACCT8675309",
2020-08-10T04:30:15.5798915Z               "Environment": "dev",
2020-08-10T04:30:15.5799482Z               "Name": "dev-vpc-46901-public-***a"
2020-08-10T04:30:15.5799869Z             },
2020-08-10T04:30:15.5800224Z             "timeouts": null,
2020-08-10T04:30:15.5800745Z             "vpc_id": "vpc-089e4196754bb58bf"
2020-08-10T04:30:15.5801123Z           },
2020-08-10T04:30:15.5801781Z           "private": "eyJlMmJmYjczMC1lY2FhLTExZTYtOGY4OC0zNDM2M2JjN2M0YzAiOnsiY3JlYXRlIjo2MDAwMDAwMDAwMDAsImRlbGV0ZSI6MTIwMDAwMDAwMDAwMH0sInNjaGVtYV92ZXJzaW9uIjoiMSJ9",
2020-08-10T04:30:15.5802316Z           "dependencies": [
2020-08-10T04:30:15.5802694Z             "module.vpc.aws_vpc.this",
2020-08-10T04:30:15.5803086Z             "module.vpc.aws_vpc_ipv4_cidr_block_association.this",
2020-08-10T04:30:15.5803555Z             "random_integer.rand"
2020-08-10T04:30:15.5803910Z           ]
2020-08-10T04:30:15.5804251Z         },
2020-08-10T04:30:15.5804605Z         {
2020-08-10T04:30:15.5804963Z           "index_key": 1,
2020-08-10T04:30:15.5805331Z           "schema_version": 1,
2020-08-10T04:30:15.5805689Z           "attributes": {
2020-08-10T04:30:15.5806588Z             "arn": "arn:aws:ec2:***:***:subnet/subnet-086e5fb70c01151a8",
2020-08-10T04:30:15.5807036Z             "assign_ipv6_address_on_creation": false,
2020-08-10T04:30:15.5807643Z             "availability_zone": "***b",
2020-08-10T04:30:15.5808177Z             "availability_zone_id": "use1-az2",
2020-08-10T04:30:15.5808573Z             "cidr_block": "10.0.1.0/24",
2020-08-10T04:30:15.5809102Z             "id": "subnet-086e5fb70c01151a8",
2020-08-10T04:30:15.5809487Z             "ipv6_cidr_block": "",
2020-08-10T04:30:15.5809871Z             "ipv6_cidr_block_association_id": "",
2020-08-10T04:30:15.5810298Z             "map_public_ip_on_launch": ***,
2020-08-10T04:30:15.5810668Z             "outpost_arn": "",
2020-08-10T04:30:15.5811041Z             "owner_id": "***",
2020-08-10T04:30:15.5811401Z             "tags": {
2020-08-10T04:30:15.5811766Z               "BillingCode": "ACCT8675309",
2020-08-10T04:30:15.5812136Z               "Environment": "dev",
2020-08-10T04:30:15.5812693Z               "Name": "dev-vpc-46901-public-***b"
2020-08-10T04:30:15.5813068Z             },
2020-08-10T04:30:15.5813421Z             "timeouts": null,
2020-08-10T04:30:15.5813943Z             "vpc_id": "vpc-089e4196754bb58bf"
2020-08-10T04:30:15.5814324Z           },
2020-08-10T04:30:15.5814922Z           "private": "eyJlMmJmYjczMC1lY2FhLTExZTYtOGY4OC0zNDM2M2JjN2M0YzAiOnsiY3JlYXRlIjo2MDAwMDAwMDAwMDAsImRlbGV0ZSI6MTIwMDAwMDAwMDAwMH0sInNjaGVtYV92ZXJzaW9uIjoiMSJ9",
2020-08-10T04:30:15.5815386Z           "dependencies": [
2020-08-10T04:30:15.5815721Z             "module.vpc.aws_vpc.this",
2020-08-10T04:30:15.5816078Z             "module.vpc.aws_vpc_ipv4_cidr_block_association.this",
2020-08-10T04:30:15.5816441Z             "random_integer.rand"
2020-08-10T04:30:15.5816752Z           ]
2020-08-10T04:30:15.5817058Z         }
2020-08-10T04:30:15.5817360Z       ]
2020-08-10T04:30:15.5817660Z     },
2020-08-10T04:30:15.5817957Z     {
2020-08-10T04:30:15.5818265Z       "module": "module.vpc",
2020-08-10T04:30:15.5818584Z       "mode": "managed",
2020-08-10T04:30:15.5818915Z       "type": "aws_subnet",
2020-08-10T04:30:15.5819232Z       "name": "redshift",
2020-08-10T04:30:15.5819547Z       "each": "list",
2020-08-10T04:30:15.5819867Z       "provider": "provider.aws",
2020-08-10T04:30:15.5820188Z       "instances": []
2020-08-10T04:30:15.5820486Z     },
2020-08-10T04:30:15.5820782Z     {
2020-08-10T04:30:15.5821084Z       "module": "module.vpc",
2020-08-10T04:30:15.5821401Z       "mode": "managed",
2020-08-10T04:30:15.5821733Z       "type": "aws_vpc",
2020-08-10T04:30:15.5822080Z       "name": "this",
2020-08-10T04:30:15.5822388Z       "each": "list",
2020-08-10T04:30:15.5822712Z       "provider": "provider.aws",
2020-08-10T04:30:15.5823030Z       "instances": [
2020-08-10T04:30:15.5823331Z         {
2020-08-10T04:30:15.5823635Z           "index_key": 0,
2020-08-10T04:30:15.5823957Z           "schema_version": 1,
2020-08-10T04:30:15.5824275Z           "attributes": {
2020-08-10T04:30:15.5824917Z             "arn": "arn:aws:ec2:***:***:vpc/vpc-089e4196754bb58bf",
2020-08-10T04:30:15.5825289Z             "assign_generated_ipv6_cidr_block": false,
2020-08-10T04:30:15.5825654Z             "cidr_block": "10.0.0.0/16",
2020-08-10T04:30:15.5826260Z             "***_network_acl_id": "acl-01c676fa2f9199a2f",
2020-08-10T04:30:15.5826803Z             "***_route_table_id": "rtb-0d303b5f72ee2a521",
2020-08-10T04:30:15.5827321Z             "***_security_group_id": "sg-06b10e5eb77392de3",
2020-08-10T04:30:15.5827815Z             "dhcp_options_id": "dopt-b1e813ca",
2020-08-10T04:30:15.5828157Z             "enable_classiclink": false,
2020-08-10T04:30:15.5828496Z             "enable_classiclink_dns_support": false,
2020-08-10T04:30:15.5828901Z             "enable_dns_hostnames": false,
2020-08-10T04:30:15.5829248Z             "enable_dns_support": ***,
2020-08-10T04:30:15.5829704Z             "id": "vpc-089e4196754bb58bf",
2020-08-10T04:30:15.5830054Z             "instance_tenancy": "***",
2020-08-10T04:30:15.5830379Z             "ipv6_association_id": "",
2020-08-10T04:30:15.5830701Z             "ipv6_cidr_block": "",
2020-08-10T04:30:15.5831175Z             "main_route_table_id": "rtb-0d303b5f72ee2a521",
2020-08-10T04:30:15.5831539Z             "owner_id": "***",
2020-08-10T04:30:15.5831854Z             "tags": {
2020-08-10T04:30:15.5832174Z               "BillingCode": "ACCT8675309",
2020-08-10T04:30:15.5832583Z               "Environment": "dev",
2020-08-10T04:30:15.5832973Z               "Name": "dev-vpc-46901"
2020-08-10T04:30:15.5833251Z             }
2020-08-10T04:30:15.5833515Z           },
2020-08-10T04:30:15.5833804Z           "private": "eyJzY2hlbWFfdmVyc2lvbiI6IjEifQ==",
2020-08-10T04:30:15.5834116Z           "dependencies": [
2020-08-10T04:30:15.5834397Z             "random_integer.rand"
2020-08-10T04:30:15.5834663Z           ]
2020-08-10T04:30:15.5834924Z         }
2020-08-10T04:30:15.5835184Z       ]
2020-08-10T04:30:15.5835441Z     },
2020-08-10T04:30:15.5835694Z     {
2020-08-10T04:30:15.5835964Z       "module": "module.vpc",
2020-08-10T04:30:15.5836237Z       "mode": "managed",
2020-08-10T04:30:15.5836813Z       "type": "aws_vpc_dhcp_options",
2020-08-10T04:30:15.5837127Z       "name": "this",
2020-08-10T04:30:15.5837430Z       "each": "list",
2020-08-10T04:30:15.5837746Z       "provider": "provider.aws",
2020-08-10T04:30:15.5838054Z       "instances": []
2020-08-10T04:30:15.5838358Z     },
2020-08-10T04:30:15.5838651Z     {
2020-08-10T04:30:15.5838960Z       "module": "module.vpc",
2020-08-10T04:30:15.5839281Z       "mode": "managed",
2020-08-10T04:30:15.5839619Z       "type": "aws_vpc_dhcp_options_association",
2020-08-10T04:30:15.5839945Z       "name": "this",
2020-08-10T04:30:15.5840244Z       "each": "list",
2020-08-10T04:30:15.5840559Z       "provider": "provider.aws",
2020-08-10T04:30:15.5840868Z       "instances": []
2020-08-10T04:30:15.5841163Z     },
2020-08-10T04:30:15.5841461Z     {
2020-08-10T04:30:15.5841767Z       "module": "module.vpc",
2020-08-10T04:30:15.5842081Z       "mode": "managed",
2020-08-10T04:30:15.5842413Z       "type": "aws_vpc_endpoint",
2020-08-10T04:30:15.5842720Z       "name": "apigw",
2020-08-10T04:30:15.5843027Z       "each": "list",
2020-08-10T04:30:15.5843345Z       "provider": "provider.aws",
2020-08-10T04:30:15.5843656Z       "instances": []
2020-08-10T04:30:15.5843961Z     },
2020-08-10T04:30:15.5844255Z     {
2020-08-10T04:30:15.5844562Z       "module": "module.vpc",
2020-08-10T04:30:15.5844878Z       "mode": "managed",
2020-08-10T04:30:15.5845415Z       "type": "aws_vpc_endpoint",
2020-08-10T04:30:15.5845783Z       "name": "appmesh_envoy_management",
2020-08-10T04:30:15.5846136Z       "each": "list",
2020-08-10T04:30:15.5848864Z       "provider": "provider.aws",
2020-08-10T04:30:15.5849203Z       "instances": []
2020-08-10T04:30:15.5849505Z     },
2020-08-10T04:30:15.5849799Z     {
2020-08-10T04:30:15.5850291Z       "module": "module.vpc",
2020-08-10T04:30:15.5850652Z       "mode": "managed",
2020-08-10T04:30:15.5851028Z       "type": "aws_vpc_endpoint",
2020-08-10T04:30:15.5851392Z       "name": "cloudformation",
2020-08-10T04:30:15.5851751Z       "each": "list",
2020-08-10T04:30:15.5852104Z       "provider": "provider.aws",
2020-08-10T04:30:15.5852464Z       "instances": []
2020-08-10T04:30:15.5852801Z     },
2020-08-10T04:30:15.5853135Z     {
2020-08-10T04:30:15.5853630Z       "module": "module.vpc",
2020-08-10T04:30:15.5853989Z       "mode": "managed",
2020-08-10T04:30:15.5854365Z       "type": "aws_vpc_endpoint",
2020-08-10T04:30:15.5854725Z       "name": "cloudtrail",
2020-08-10T04:30:15.5855077Z       "each": "list",
2020-08-10T04:30:15.5855430Z       "provider": "provider.aws",
2020-08-10T04:30:15.5855780Z       "instances": []
2020-08-10T04:30:15.5856206Z     },
2020-08-10T04:30:15.5856543Z     {
2020-08-10T04:30:15.5856891Z       "module": "module.vpc",
2020-08-10T04:30:15.5857331Z       "mode": "managed",
2020-08-10T04:30:15.5857660Z       "type": "aws_vpc_endpoint",
2020-08-10T04:30:15.5857982Z       "name": "codebuild",
2020-08-10T04:30:15.5858293Z       "each": "list",
2020-08-10T04:30:15.5858603Z       "provider": "provider.aws",
2020-08-10T04:30:15.5858915Z       "instances": []
2020-08-10T04:30:15.5859215Z     },
2020-08-10T04:30:15.5859509Z     {
2020-08-10T04:30:15.5859814Z       "module": "module.vpc",
2020-08-10T04:30:15.5860130Z       "mode": "managed",
2020-08-10T04:30:15.5860464Z       "type": "aws_vpc_endpoint",
2020-08-10T04:30:15.5860773Z       "name": "codecommit",
2020-08-10T04:30:15.5861080Z       "each": "list",
2020-08-10T04:30:15.5861392Z       "provider": "provider.aws",
2020-08-10T04:30:15.5861701Z       "instances": []
2020-08-10T04:30:15.5862002Z     },
2020-08-10T04:30:15.5862294Z     {
2020-08-10T04:30:15.5862604Z       "module": "module.vpc",
2020-08-10T04:30:15.5862915Z       "mode": "managed",
2020-08-10T04:30:15.5863242Z       "type": "aws_vpc_endpoint",
2020-08-10T04:30:15.5863555Z       "name": "codepipeline",
2020-08-10T04:30:15.5863869Z       "each": "list",
2020-08-10T04:30:15.5864177Z       "provider": "provider.aws",
2020-08-10T04:30:15.5864479Z       "instances": []
2020-08-10T04:30:15.5864780Z     },
2020-08-10T04:30:15.5865067Z     {
2020-08-10T04:30:15.5865366Z       "module": "module.vpc",
2020-08-10T04:30:15.5865673Z       "mode": "managed",
2020-08-10T04:30:15.5866002Z       "type": "aws_vpc_endpoint",
2020-08-10T04:30:15.5866310Z       "name": "config",
2020-08-10T04:30:15.5866613Z       "each": "list",
2020-08-10T04:30:15.5866918Z       "provider": "provider.aws",
2020-08-10T04:30:15.5867221Z       "instances": []
2020-08-10T04:30:15.5867514Z     },
2020-08-10T04:30:15.5867807Z     {
2020-08-10T04:30:15.5868113Z       "module": "module.vpc",
2020-08-10T04:30:15.5868421Z       "mode": "managed",
2020-08-10T04:30:15.5868745Z       "type": "aws_vpc_endpoint",
2020-08-10T04:30:15.5869054Z       "name": "dynamodb",
2020-08-10T04:30:15.5869361Z       "each": "list",
2020-08-10T04:30:15.5869664Z       "provider": "provider.aws",
2020-08-10T04:30:15.5869972Z       "instances": []
2020-08-10T04:30:15.5870271Z     },
2020-08-10T04:30:15.5870559Z     {
2020-08-10T04:30:15.5870863Z       "module": "module.vpc",
2020-08-10T04:30:15.5871171Z       "mode": "managed",
2020-08-10T04:30:15.5871679Z       "type": "aws_vpc_endpoint",
2020-08-10T04:30:15.5872032Z       "name": "ec2",
2020-08-10T04:30:15.5872383Z       "each": "list",
2020-08-10T04:30:15.5872740Z       "provider": "provider.aws",
2020-08-10T04:30:15.5873093Z       "instances": []
2020-08-10T04:30:15.5873432Z     },
2020-08-10T04:30:15.5873766Z     {
2020-08-10T04:30:15.5874108Z       "module": "module.vpc",
2020-08-10T04:30:15.5874558Z       "mode": "managed",
2020-08-10T04:30:15.5874882Z       "type": "aws_vpc_endpoint",
2020-08-10T04:30:15.5875203Z       "name": "ec2messages",
2020-08-10T04:30:15.5875520Z       "each": "list",
2020-08-10T04:30:15.5875832Z       "provider": "provider.aws",
2020-08-10T04:30:15.5876144Z       "instances": []
2020-08-10T04:30:15.5876442Z     },
2020-08-10T04:30:15.5876856Z     {
2020-08-10T04:30:15.5877166Z       "module": "module.vpc",
2020-08-10T04:30:15.5877483Z       "mode": "managed",
2020-08-10T04:30:15.5877809Z       "type": "aws_vpc_endpoint",
2020-08-10T04:30:15.5878123Z       "name": "ecr_api",
2020-08-10T04:30:15.5878433Z       "each": "list",
2020-08-10T04:30:15.5878746Z       "provider": "provider.aws",
2020-08-10T04:30:15.5879132Z       "instances": []
2020-08-10T04:30:15.5879430Z     },
2020-08-10T04:30:15.5879717Z     {
2020-08-10T04:30:15.5880017Z       "module": "module.vpc",
2020-08-10T04:30:15.5880327Z       "mode": "managed",
2020-08-10T04:30:15.5880647Z       "type": "aws_vpc_endpoint",
2020-08-10T04:30:15.5880962Z       "name": "ecr_dkr",
2020-08-10T04:30:15.5881266Z       "each": "list",
2020-08-10T04:30:15.5881629Z       "provider": "provider.aws",
2020-08-10T04:30:15.5881937Z       "instances": []
2020-08-10T04:30:15.5882232Z     },
2020-08-10T04:30:15.5882523Z     {
2020-08-10T04:30:15.5882829Z       "module": "module.vpc",
2020-08-10T04:30:15.5883143Z       "mode": "managed",
2020-08-10T04:30:15.5883560Z       "type": "aws_vpc_endpoint",
2020-08-10T04:30:15.5883832Z       "name": "ecs",
2020-08-10T04:30:15.5884268Z       "each": "list",
2020-08-10T04:30:15.5884583Z       "provider": "provider.aws",
2020-08-10T04:30:15.5884897Z       "instances": []
2020-08-10T04:30:15.5885197Z     },
2020-08-10T04:30:15.5885493Z     {
2020-08-10T04:30:15.5885797Z       "module": "module.vpc",
2020-08-10T04:30:15.5886108Z       "mode": "managed",
2020-08-10T04:30:15.5886431Z       "type": "aws_vpc_endpoint",
2020-08-10T04:30:15.5886745Z       "name": "ecs_agent",
2020-08-10T04:30:15.5887056Z       "each": "list",
2020-08-10T04:30:15.5887364Z       "provider": "provider.aws",
2020-08-10T04:30:15.5887673Z       "instances": []
2020-08-10T04:30:15.5887981Z     },
2020-08-10T04:30:15.5888276Z     {
2020-08-10T04:30:15.5888583Z       "module": "module.vpc",
2020-08-10T04:30:15.5888902Z       "mode": "managed",
2020-08-10T04:30:15.5889241Z       "type": "aws_vpc_endpoint",
2020-08-10T04:30:15.5889560Z       "name": "ecs_telemetry",
2020-08-10T04:30:15.5889875Z       "each": "list",
2020-08-10T04:30:15.5890187Z       "provider": "provider.aws",
2020-08-10T04:30:15.5890502Z       "instances": []
2020-08-10T04:30:15.5890803Z     },
2020-08-10T04:30:15.5891096Z     {
2020-08-10T04:30:15.5891403Z       "module": "module.vpc",
2020-08-10T04:30:15.5891718Z       "mode": "managed",
2020-08-10T04:30:15.5892048Z       "type": "aws_vpc_endpoint",
2020-08-10T04:30:15.5892367Z       "name": "elasticloadbalancing",
2020-08-10T04:30:15.5892677Z       "each": "list",
2020-08-10T04:30:15.5892989Z       "provider": "provider.aws",
2020-08-10T04:30:15.5893301Z       "instances": []
2020-08-10T04:30:15.5893599Z     },
2020-08-10T04:30:15.5893891Z     {
2020-08-10T04:30:15.5894191Z       "module": "module.vpc",
2020-08-10T04:30:15.5894514Z       "mode": "managed",
2020-08-10T04:30:15.5894835Z       "type": "aws_vpc_endpoint",
2020-08-10T04:30:15.5895146Z       "name": "events",
2020-08-10T04:30:15.5895455Z       "each": "list",
2020-08-10T04:30:15.5895766Z       "provider": "provider.aws",
2020-08-10T04:30:15.5896076Z       "instances": []
2020-08-10T04:30:15.5896371Z     },
2020-08-10T04:30:15.5896658Z     {
2020-08-10T04:30:15.5897075Z       "module": "module.vpc",
2020-08-10T04:30:15.5897357Z       "mode": "managed",
2020-08-10T04:30:15.5897639Z       "type": "aws_vpc_endpoint",
2020-08-10T04:30:15.5897915Z       "name": "git_codecommit",
2020-08-10T04:30:15.5898189Z       "each": "list",
2020-08-10T04:30:15.5898463Z       "provider": "provider.aws",
2020-08-10T04:30:15.5898732Z       "instances": []
2020-08-10T04:30:15.5898986Z     },
2020-08-10T04:30:15.5899240Z     {
2020-08-10T04:30:15.5899505Z       "module": "module.vpc",
2020-08-10T04:30:15.5899796Z       "mode": "managed",
2020-08-10T04:30:15.5900063Z       "type": "aws_vpc_endpoint",
2020-08-10T04:30:15.5900326Z       "name": "glue",
2020-08-10T04:30:15.5900585Z       "each": "list",
2020-08-10T04:30:15.5900855Z       "provider": "provider.aws",
2020-08-10T04:30:15.5901121Z       "instances": []
2020-08-10T04:30:15.5901377Z     },
2020-08-10T04:30:15.5901632Z     {
2020-08-10T04:30:15.5901899Z       "module": "module.vpc",
2020-08-10T04:30:15.5902180Z       "mode": "managed",
2020-08-10T04:30:15.5902458Z       "type": "aws_vpc_endpoint",
2020-08-10T04:30:15.5902729Z       "name": "kinesis_firehose",
2020-08-10T04:30:15.5903048Z       "each": "list",
2020-08-10T04:30:15.5903328Z       "provider": "provider.aws",
2020-08-10T04:30:15.5903604Z       "instances": []
2020-08-10T04:30:15.5903865Z     },
2020-08-10T04:30:15.5904123Z     {
2020-08-10T04:30:15.5904384Z       "module": "module.vpc",
2020-08-10T04:30:15.5904664Z       "mode": "managed",
2020-08-10T04:30:15.5904941Z       "type": "aws_vpc_endpoint",
2020-08-10T04:30:15.5905265Z       "name": "kinesis_streams",
2020-08-10T04:30:15.5905541Z       "each": "list",
2020-08-10T04:30:15.5905811Z       "provider": "provider.aws",
2020-08-10T04:30:15.5906079Z       "instances": []
2020-08-10T04:30:15.5906333Z     },
2020-08-10T04:30:15.5906582Z     {
2020-08-10T04:30:15.5906841Z       "module": "module.vpc",
2020-08-10T04:30:15.5907123Z       "mode": "managed",
2020-08-10T04:30:15.5907394Z       "type": "aws_vpc_endpoint",
2020-08-10T04:30:15.5907660Z       "name": "kms",
2020-08-10T04:30:15.5907921Z       "each": "list",
2020-08-10T04:30:15.5908191Z       "provider": "provider.aws",
2020-08-10T04:30:15.5908456Z       "instances": []
2020-08-10T04:30:15.5908714Z     },
2020-08-10T04:30:15.5908966Z     {
2020-08-10T04:30:15.5909226Z       "module": "module.vpc",
2020-08-10T04:30:15.5909501Z       "mode": "managed",
2020-08-10T04:30:15.5909771Z       "type": "aws_vpc_endpoint",
2020-08-10T04:30:15.5910035Z       "name": "logs",
2020-08-10T04:30:15.5910294Z       "each": "list",
2020-08-10T04:30:15.5910565Z       "provider": "provider.aws",
2020-08-10T04:30:15.5910826Z       "instances": []
2020-08-10T04:30:15.5911083Z     },
2020-08-10T04:30:15.5911334Z     {
2020-08-10T04:30:15.5911595Z       "module": "module.vpc",
2020-08-10T04:30:15.5911875Z       "mode": "managed",
2020-08-10T04:30:15.5912147Z       "type": "aws_vpc_endpoint",
2020-08-10T04:30:15.5912415Z       "name": "monitoring",
2020-08-10T04:30:15.5912690Z       "each": "list",
2020-08-10T04:30:15.5912964Z       "provider": "provider.aws",
2020-08-10T04:30:15.5913233Z       "instances": []
2020-08-10T04:30:15.5913491Z     },
2020-08-10T04:30:15.5913740Z     {
2020-08-10T04:30:15.5914008Z       "module": "module.vpc",
2020-08-10T04:30:15.5914286Z       "mode": "managed",
2020-08-10T04:30:15.5914557Z       "type": "aws_vpc_endpoint",
2020-08-10T04:30:15.5914834Z       "name": "s3",
2020-08-10T04:30:15.5915102Z       "each": "list",
2020-08-10T04:30:15.5915372Z       "provider": "provider.aws",
2020-08-10T04:30:15.5915636Z       "instances": []
2020-08-10T04:30:15.5915892Z     },
2020-08-10T04:30:15.5916139Z     {
2020-08-10T04:30:15.5916406Z       "module": "module.vpc",
2020-08-10T04:30:15.5916772Z       "mode": "managed",
2020-08-10T04:30:15.5917052Z       "type": "aws_vpc_endpoint",
2020-08-10T04:30:15.5917326Z       "name": "sagemaker_api",
2020-08-10T04:30:15.5917591Z       "each": "list",
2020-08-10T04:30:15.5917860Z       "provider": "provider.aws",
2020-08-10T04:30:15.5918124Z       "instances": []
2020-08-10T04:30:15.5918381Z     },
2020-08-10T04:30:15.5918634Z     {
2020-08-10T04:30:15.5918900Z       "module": "module.vpc",
2020-08-10T04:30:15.5919184Z       "mode": "managed",
2020-08-10T04:30:15.5919457Z       "type": "aws_vpc_endpoint",
2020-08-10T04:30:15.5919733Z       "name": "sagemaker_notebook",
2020-08-10T04:30:15.5920003Z       "each": "list",
2020-08-10T04:30:15.5920271Z       "provider": "provider.aws",
2020-08-10T04:30:15.5920536Z       "instances": []
2020-08-10T04:30:15.5920797Z     },
2020-08-10T04:30:15.5921050Z     {
2020-08-10T04:30:15.5921312Z       "module": "module.vpc",
2020-08-10T04:30:15.5921594Z       "mode": "managed",
2020-08-10T04:30:15.5921876Z       "type": "aws_vpc_endpoint",
2020-08-10T04:30:15.5922171Z       "name": "sagemaker_runtime",
2020-08-10T04:30:15.5922441Z       "each": "list",
2020-08-10T04:30:15.5922709Z       "provider": "provider.aws",
2020-08-10T04:30:15.5922975Z       "instances": []
2020-08-10T04:30:15.5923231Z     },
2020-08-10T04:30:15.5923481Z     {
2020-08-10T04:30:15.5923742Z       "module": "module.vpc",
2020-08-10T04:30:15.5924075Z       "mode": "managed",
2020-08-10T04:30:15.5924353Z       "type": "aws_vpc_endpoint",
2020-08-10T04:30:15.5924623Z       "name": "secretsmanager",
2020-08-10T04:30:15.5924895Z       "each": "list",
2020-08-10T04:30:15.5925164Z       "provider": "provider.aws",
2020-08-10T04:30:15.5925436Z       "instances": []
2020-08-10T04:30:15.5925693Z     },
2020-08-10T04:30:15.5925950Z     {
2020-08-10T04:30:15.5926261Z       "module": "module.vpc",
2020-08-10T04:30:15.5926546Z       "mode": "managed",
2020-08-10T04:30:15.5926823Z       "type": "aws_vpc_endpoint",
2020-08-10T04:30:15.5927098Z       "name": "servicecatalog",
2020-08-10T04:30:15.5927366Z       "each": "list",
2020-08-10T04:30:15.5927642Z       "provider": "provider.aws",
2020-08-10T04:30:15.5927911Z       "instances": []
2020-08-10T04:30:15.5928176Z     },
2020-08-10T04:30:15.5928430Z     {
2020-08-10T04:30:15.5928687Z       "module": "module.vpc",
2020-08-10T04:30:15.5928964Z       "mode": "managed",
2020-08-10T04:30:15.5929240Z       "type": "aws_vpc_endpoint",
2020-08-10T04:30:15.5929516Z       "name": "sns",
2020-08-10T04:30:15.5929779Z       "each": "list",
2020-08-10T04:30:15.5930049Z       "provider": "provider.aws",
2020-08-10T04:30:15.5930312Z       "instances": []
2020-08-10T04:30:15.5930569Z     },
2020-08-10T04:30:15.5930820Z     {
2020-08-10T04:30:15.5931086Z       "module": "module.vpc",
2020-08-10T04:30:15.5931364Z       "mode": "managed",
2020-08-10T04:30:15.5931641Z       "type": "aws_vpc_endpoint",
2020-08-10T04:30:15.5931908Z       "name": "sqs",
2020-08-10T04:30:15.5932166Z       "each": "list",
2020-08-10T04:30:15.5932432Z       "provider": "provider.aws",
2020-08-10T04:30:15.5932696Z       "instances": []
2020-08-10T04:30:15.5932955Z     },
2020-08-10T04:30:15.5933202Z     {
2020-08-10T04:30:15.5933462Z       "module": "module.vpc",
2020-08-10T04:30:15.5933737Z       "mode": "managed",
2020-08-10T04:30:15.5934011Z       "type": "aws_vpc_endpoint",
2020-08-10T04:30:15.5934280Z       "name": "ssm",
2020-08-10T04:30:15.5934551Z       "each": "list",
2020-08-10T04:30:15.5934826Z       "provider": "provider.aws",
2020-08-10T04:30:15.5935089Z       "instances": []
2020-08-10T04:30:15.5935350Z     },
2020-08-10T04:30:15.5935602Z     {
2020-08-10T04:30:15.5935864Z       "module": "module.vpc",
2020-08-10T04:30:15.5936139Z       "mode": "managed",
2020-08-10T04:30:15.5936409Z       "type": "aws_vpc_endpoint",
2020-08-10T04:30:15.5936681Z       "name": "ssmmessages",
2020-08-10T04:30:15.5936955Z       "each": "list",
2020-08-10T04:30:15.5937232Z       "provider": "provider.aws",
2020-08-10T04:30:15.5937510Z       "instances": []
2020-08-10T04:30:15.5937766Z     },
2020-08-10T04:30:15.5938216Z     {
2020-08-10T04:30:15.5939175Z       "module": "module.vpc",
2020-08-10T04:30:15.5939564Z       "mode": "managed",
2020-08-10T04:30:15.5939948Z       "type": "aws_vpc_endpoint",
2020-08-10T04:30:15.5940335Z       "name": "storagegateway",
2020-08-10T04:30:15.5940715Z       "each": "list",
2020-08-10T04:30:15.5941095Z       "provider": "provider.aws",
2020-08-10T04:30:15.5941485Z       "instances": []
2020-08-10T04:30:15.5941849Z     },
2020-08-10T04:30:15.5942205Z     {
2020-08-10T04:30:15.5942576Z       "module": "module.vpc",
2020-08-10T04:30:15.5942963Z       "mode": "managed",
2020-08-10T04:30:15.5943346Z       "type": "aws_vpc_endpoint",
2020-08-10T04:30:15.5943721Z       "name": "sts",
2020-08-10T04:30:15.5944089Z       "each": "list",
2020-08-10T04:30:15.5944471Z       "provider": "provider.aws",
2020-08-10T04:30:15.5944847Z       "instances": []
2020-08-10T04:30:15.5945212Z     },
2020-08-10T04:30:15.5945567Z     {
2020-08-10T04:30:15.5945936Z       "module": "module.vpc",
2020-08-10T04:30:15.5946328Z       "mode": "managed",
2020-08-10T04:30:15.5946708Z       "type": "aws_vpc_endpoint",
2020-08-10T04:30:15.5947088Z       "name": "transfer",
2020-08-10T04:30:15.5947461Z       "each": "list",
2020-08-10T04:30:15.5947838Z       "provider": "provider.aws",
2020-08-10T04:30:15.5948218Z       "instances": []
2020-08-10T04:30:15.5948578Z     },
2020-08-10T04:30:15.5949028Z     {
2020-08-10T04:30:15.5949398Z       "module": "module.vpc",
2020-08-10T04:30:15.5949791Z       "mode": "managed",
2020-08-10T04:30:15.5950183Z       "type": "aws_vpc_endpoint",
2020-08-10T04:30:15.5950570Z       "name": "transferserver",
2020-08-10T04:30:15.5950948Z       "each": "list",
2020-08-10T04:30:15.5951328Z       "provider": "provider.aws",
2020-08-10T04:30:15.5951710Z       "instances": []
2020-08-10T04:30:15.5952124Z     },
2020-08-10T04:30:15.5952481Z     {
2020-08-10T04:30:15.5952858Z       "module": "module.vpc",
2020-08-10T04:30:15.5953251Z       "mode": "managed",
2020-08-10T04:30:15.5953657Z       "type": "aws_vpc_endpoint_route_table_association",
2020-08-10T04:30:15.5954077Z       "name": "intra_dynamodb",
2020-08-10T04:30:15.5954457Z       "each": "list",
2020-08-10T04:30:15.5954839Z       "provider": "provider.aws",
2020-08-10T04:30:15.5955216Z       "instances": []
2020-08-10T04:30:15.5955581Z     },
2020-08-10T04:30:15.5955930Z     {
2020-08-10T04:30:15.5956306Z       "module": "module.vpc",
2020-08-10T04:30:15.5956951Z       "mode": "managed",
2020-08-10T04:30:15.5957335Z       "type": "aws_vpc_endpoint_route_table_association",
2020-08-10T04:30:15.5957723Z       "name": "intra_s3",
2020-08-10T04:30:15.5958070Z       "each": "list",
2020-08-10T04:30:15.5958425Z       "provider": "provider.aws",
2020-08-10T04:30:15.5958779Z       "instances": []
2020-08-10T04:30:15.5959120Z     },
2020-08-10T04:30:15.5959454Z     {
2020-08-10T04:30:15.5959797Z       "module": "module.vpc",
2020-08-10T04:30:15.5960164Z       "mode": "managed",
2020-08-10T04:30:15.5960540Z       "type": "aws_vpc_endpoint_route_table_association",
2020-08-10T04:30:15.5960928Z       "name": "private_dynamodb",
2020-08-10T04:30:15.5961280Z       "each": "list",
2020-08-10T04:30:15.5961632Z       "provider": "provider.aws",
2020-08-10T04:30:15.5961985Z       "instances": []
2020-08-10T04:30:15.5962319Z     },
2020-08-10T04:30:15.5962647Z     {
2020-08-10T04:30:15.5962994Z       "module": "module.vpc",
2020-08-10T04:30:15.5963359Z       "mode": "managed",
2020-08-10T04:30:15.5963734Z       "type": "aws_vpc_endpoint_route_table_association",
2020-08-10T04:30:15.5964126Z       "name": "private_s3",
2020-08-10T04:30:15.5964476Z       "each": "list",
2020-08-10T04:30:15.5964827Z       "provider": "provider.aws",
2020-08-10T04:30:15.5965179Z       "instances": []
2020-08-10T04:30:15.5965513Z     },
2020-08-10T04:30:15.5965846Z     {
2020-08-10T04:30:15.5966197Z       "module": "module.vpc",
2020-08-10T04:30:15.5966558Z       "mode": "managed",
2020-08-10T04:30:15.5966931Z       "type": "aws_vpc_endpoint_route_table_association",
2020-08-10T04:30:15.5967326Z       "name": "public_dynamodb",
2020-08-10T04:30:15.5967785Z       "each": "list",
2020-08-10T04:30:15.5968215Z       "provider": "provider.aws",
2020-08-10T04:30:15.5968481Z       "instances": []
2020-08-10T04:30:15.5968739Z     },
2020-08-10T04:30:15.5968993Z     {
2020-08-10T04:30:15.5969265Z       "module": "module.vpc",
2020-08-10T04:30:15.5969540Z       "mode": "managed",
2020-08-10T04:30:15.5969827Z       "type": "aws_vpc_endpoint_route_table_association",
2020-08-10T04:30:15.5970119Z       "name": "public_s3",
2020-08-10T04:30:15.5970385Z       "each": "list",
2020-08-10T04:30:15.5970657Z       "provider": "provider.aws",
2020-08-10T04:30:15.5970927Z       "instances": []
2020-08-10T04:30:15.5971186Z     },
2020-08-10T04:30:15.5971611Z     {
2020-08-10T04:30:15.5971920Z       "module": "module.vpc",
2020-08-10T04:30:15.5972229Z       "mode": "managed",
2020-08-10T04:30:15.5972560Z       "type": "aws_vpc_ipv4_cidr_block_association",
2020-08-10T04:30:15.5972893Z       "name": "this",
2020-08-10T04:30:15.5973196Z       "each": "list",
2020-08-10T04:30:15.5973501Z       "provider": "provider.aws",
2020-08-10T04:30:15.5973805Z       "instances": []
2020-08-10T04:30:15.5974096Z     },
2020-08-10T04:30:15.5974382Z     {
2020-08-10T04:30:15.5974691Z       "module": "module.vpc",
2020-08-10T04:30:15.5975005Z       "mode": "managed",
2020-08-10T04:30:15.5975389Z       "type": "aws_vpn_gateway",
2020-08-10T04:30:15.5975707Z       "name": "this",
2020-08-10T04:30:15.5976009Z       "each": "list",
2020-08-10T04:30:15.5976320Z       "provider": "provider.aws",
2020-08-10T04:30:15.5976629Z       "instances": []
2020-08-10T04:30:15.5976918Z     },
2020-08-10T04:30:15.5977208Z     {
2020-08-10T04:30:15.5977518Z       "module": "module.vpc",
2020-08-10T04:30:15.5977828Z       "mode": "managed",
2020-08-10T04:30:15.5978211Z       "type": "aws_vpn_gateway_attachment",
2020-08-10T04:30:15.5978521Z       "name": "this",
2020-08-10T04:30:15.5978822Z       "each": "list",
2020-08-10T04:30:15.5979130Z       "provider": "provider.aws",
2020-08-10T04:30:15.5979437Z       "instances": []
2020-08-10T04:30:15.5979739Z     },
2020-08-10T04:30:15.5980031Z     {
2020-08-10T04:30:15.5980343Z       "module": "module.vpc",
2020-08-10T04:30:15.5980654Z       "mode": "managed",
2020-08-10T04:30:15.5980981Z       "type": "aws_vpn_gateway_route_propagation",
2020-08-10T04:30:15.5981309Z       "name": "private",
2020-08-10T04:30:15.5981622Z       "each": "list",
2020-08-10T04:30:15.5981931Z       "provider": "provider.aws",
2020-08-10T04:30:15.5982235Z       "instances": []
2020-08-10T04:30:15.5982530Z     },
2020-08-10T04:30:15.5982916Z     {
2020-08-10T04:30:15.5983195Z       "module": "module.vpc",
2020-08-10T04:30:15.5983464Z       "mode": "managed",
2020-08-10T04:30:15.5983748Z       "type": "aws_vpn_gateway_route_propagation",
2020-08-10T04:30:15.5984032Z       "name": "public",
2020-08-10T04:30:15.5984302Z       "each": "list",
2020-08-10T04:30:15.5984569Z       "provider": "provider.aws",
2020-08-10T04:30:15.5984836Z       "instances": []
2020-08-10T04:30:15.5985098Z     },
2020-08-10T04:30:15.5985349Z     {
2020-08-10T04:30:15.5985620Z       "mode": "managed",
2020-08-10T04:30:15.5985898Z       "type": "random_integer",
2020-08-10T04:30:15.5986167Z       "name": "rand",
2020-08-10T04:30:15.5986437Z       "provider": "provider.random",
2020-08-10T04:30:15.5986713Z       "instances": [
2020-08-10T04:30:15.5986975Z         {
2020-08-10T04:30:15.5987243Z           "schema_version": 0,
2020-08-10T04:30:15.5987512Z           "attributes": {
2020-08-10T04:30:15.5987785Z             "id": "46901",
2020-08-10T04:30:15.5988061Z             "keepers": null,
2020-08-10T04:30:15.5988326Z             "max": 99999,
2020-08-10T04:30:15.5988594Z             "min": 10000,
2020-08-10T04:30:15.5988862Z             "result": 46901,
2020-08-10T04:30:15.5989137Z             "seed": null
2020-08-10T04:30:15.5989400Z           },
2020-08-10T04:30:15.5989673Z           "private": "bnVsbA=="
2020-08-10T04:30:15.5989936Z         }
2020-08-10T04:30:15.5990193Z       ]
2020-08-10T04:30:15.5990462Z     }
2020-08-10T04:30:15.5990711Z   ]
2020-08-10T04:30:15.5990961Z }
2020-08-10T04:30:15.6030331Z ##[group]Run terraform destroy -auto-approve;
2020-08-10T04:30:15.6030770Z [36;1mterraform destroy -auto-approve;[0m
2020-08-10T04:30:15.6074549Z shell: /bin/bash -e {0}
2020-08-10T04:30:15.6074824Z env:
2020-08-10T04:30:15.6075131Z   terraform_deploy: ***
2020-08-10T04:30:15.6075415Z   terraform_destroy: ***
2020-08-10T04:30:15.6075715Z   terraform_tfstate: ${GITHUB_WORKSPACE}/terraform.tfstate.d
2020-08-10T04:30:15.6076021Z   terraform_planfile: terraform
2020-08-10T04:30:15.6076308Z   inspect_deployment: ***
2020-08-10T04:30:15.6076614Z   AWS_SHARED_CREDENTIALS_FILE: ${GITHUB_WORKSPACE}/access/credentials
2020-08-10T04:30:15.6077109Z   AWS_DEFAULT_PROFILE: ***
2020-08-10T04:30:15.6077396Z   AWS_DEFAULT_REGION: ***
2020-08-10T04:30:15.6077690Z   AWS_ACCESS_KEY_ID: ***
2020-08-10T04:30:15.6077991Z   AWS_SECRET_ACCESS_KEY: ***
2020-08-10T04:30:15.6078280Z ##[endgroup]
2020-08-10T04:30:18.2894562Z [0m[1mdata.template_file.public_cidrsubnet[0]: Refreshing state...[0m
2020-08-10T04:30:18.2923733Z [0m[1mdata.template_file.public_cidrsubnet[1]: Refreshing state...[0m
2020-08-10T04:30:18.8098506Z [0m[1mdata.aws_ami.aws-linux: Refreshing state...[0m
2020-08-10T04:30:18.8138734Z [0m[1mdata.aws_availability_zones.available: Refreshing state...[0m
2020-08-10T04:30:20.8905585Z [0m[1m[32m
2020-08-10T04:30:20.8962257Z Destroy complete! Resources: 0 destroyed.[0m
2020-08-10T04:30:20.9053981Z Post job cleanup.
2020-08-10T04:30:20.9955663Z [command]/usr/bin/git version
2020-08-10T04:30:21.0018667Z git version 2.28.0
2020-08-10T04:30:21.0054837Z [command]/usr/bin/git config --local --name-only --get-regexp core\.sshCommand
2020-08-10T04:30:21.0124169Z [command]/usr/bin/git submodule foreach --recursive git config --local --name-only --get-regexp 'core\.sshCommand' && git config --local --unset-all 'core.sshCommand' || :
2020-08-10T04:30:21.0386080Z [command]/usr/bin/git config --local --name-only --get-regexp http\.https\:\/\/github\.com\/\.extraheader
2020-08-10T04:30:21.0427716Z http.https://github.com/.extraheader
2020-08-10T04:30:21.0428651Z [command]/usr/bin/git config --local --unset-all http.https://github.com/.extraheader
2020-08-10T04:30:21.0469179Z [command]/usr/bin/git submodule foreach --recursive git config --local --name-only --get-regexp 'http\.https\:\/\/github\.com\/\.extraheader' && git config --local --unset-all 'http.https://github.com/.extraheader' || :
2020-08-10T04:30:21.0770682Z Cleaning up orphan processes
